<?xml version="1.0" encoding="utf-8"?>
<Project ToolsVersion="12.0" xmlns="http://schemas.microsoft.com/developer/msbuild/2003">
  <ItemGroup>
    <Filter Include="Source Files">
      <UniqueIdentifier>{aeb6e87b-38c4-46ec-ac8f-dca92a1d167d}</UniqueIdentifier>
      <Extensions>cpp;c;cxx;rc;def;r;odl;idl;hpj;bat</Extensions>
    </Filter>
    <Filter Include="Header Files">
      <UniqueIdentifier>{5aee54c5-a2c3-4b45-9f6c-67b59756dbb1}</UniqueIdentifier>
      <Extensions>h;hpp;hxx;hm;inl</Extensions>
    </Filter>
    <Filter Include="Resource Files">
      <UniqueIdentifier>{a819bde2-5334-4b74-9147-4cadd3e4e8df}</UniqueIdentifier>
      <Extensions>ico;cur;bmp;dlg;rc2;rct;bin;rgs;gif;jpg;jpeg;jpe</Extensions>
    </Filter>
  </ItemGroup>
  <ItemGroup>
    <ClCompile Include="StdAfx.cpp">
      <Filter>Source Files</Filter>
    </ClCompile>
    <ClCompile Include=".\ShellEx.cpp">
      <Filter>Source Files</Filter>
    </ClCompile>
    <ClCompile Include=".\GitExtensionsShellEx.cpp">
      <Filter>Source Files</Filter>
    </ClCompile>
  </ItemGroup>
  <ItemGroup>
    <None Include="GitExtensionsShellEx.rgs">
      <Filter>Resource Files</Filter>
    </None>
    <None Include="GitExtensionsShellEx.def">
      <Filter>Source Files</Filter>
    </None>
    <None Include="Resources\git-extensions-logo.ico">
      <Filter>Resource Files</Filter>
    </None>
    <None Include="Resources\IconAbout.ico">
      <Filter>Resource Files</Filter>
    </None>
    <None Include="Resources\IconAdded.ico">
      <Filter>Resource Files</Filter>
    </None>
    <None Include="Resources\IconBranchCheckout.ico">
      <Filter>Resource Files</Filter>
    </None>
    <None Include="Resources\IconBranchCreate.ico">
      <Filter>Resource Files</Filter>
    </None>
    <None Include="Resources\IconBrowseFileExplorer.ico">
      <Filter>Resource Files</Filter>
    </None>
    <None Include="Resources\IconCloneRepoGit.ico">
      <Filter>Resource Files</Filter>
    </None>
    <None Include="Resources\IconCommit.ico">
      <Filter>Resource Files</Filter>
    </None>
    <None Include="Resources\IconDiff.ico">
      <Filter>Resource Files</Filter>
    </None>
    <None Include="Resources\IconFileHistory.ico">
      <Filter>Resource Files</Filter>
    </None>
    <None Include="Resources\IconPull.ico">
      <Filter>Resource Files</Filter>
    </None>
    <None Include="Resources\IconPush.ico">
      <Filter>Resource Files</Filter>
    </None>
    <None Include="Resources\IconResetFileTo.ico">
      <Filter>Resource Files</Filter>
    </None>
    <None Include="Resources\IconRevisionCheckout.ico">
      <Filter>Resource Files</Filter>
    </None>
    <None Include="Resources\IconSettings.ico">
      <Filter>Resource Files</Filter>
    </None>
    <None Include="Resources\IconStash.ico">
      <Filter>Resource Files</Filter>
    </None>
    <None Include="Resources\IconRepoCreate.ico">
      <Filter>Resource Files</Filter>
    </None>
    <None Include="Resources\IconPatchApply.ico">
      <Filter>Resource Files</Filter>
    </None>
  </ItemGroup>
  <ItemGroup>
    <ClInclude Include="Resource.h">
      <Filter>Header Files</Filter>
    </ClInclude>
    <ClInclude Include="StdAfx.h">
      <Filter>Header Files</Filter>
    </ClInclude>
    <ClInclude Include=".\GitExtensionsShellEx.h">
      <Filter>Header Files</Filter>
    </ClInclude>
  </ItemGroup>
  <ItemGroup>
    <Midl Include="GitExtensionsShellEx.idl">
      <Filter>Source Files</Filter>
    </Midl>
  </ItemGroup>
  <ItemGroup>
    <ResourceCompile Include=".\GitExtensionsShellEx.rc">
      <Filter>Resource Files</Filter>
    </ResourceCompile>
  </ItemGroup>
</Project>