
Microsoft Visual Studio Solution File, Format Version 11.00
# Visual Studio 2010
Project("{2150E333-8FDC-42A3-9474-1A3956D46DE8}") = "Plugins", "Plugins", "{3D5CA0E0-EF51-4488-A8B7-86CC330D7AD8}"
EndProject
Project("{2150E333-8FDC-42A3-9474-1A3956D46DE8}") = "Statistics", "Statistics", "{AF6D7B1B-FAF6-4793-AC05-00C63A5BC0F5}"
EndProject
Project("{FAE04EC0-301F-11D3-BF4B-00C04F79EFBC}") = "GitImpact", "Plugins\Statistics\GitImpact\GitImpact.csproj", "{0B131F9D-BB10-4C3E-9656-5AB858158DE5}"
EndProject
Project("{FAE04EC0-301F-11D3-BF4B-00C04F79EFBC}") = "GitStatistics", "Plugins\Statistics\GitStatistics\GitStatistics.csproj", "{92B57383-233E-46AE-8A86-6E98BF349A72}"
EndProject
Project("{FAE04EC0-301F-11D3-BF4B-00C04F79EFBC}") = "Github3", "Plugins\Github3\Github3.csproj", "{B1B0C273-AB3F-48BF-92C7-DE0BE90D5870}"
EndProject
Project("{FAE04EC0-301F-11D3-BF4B-00C04F79EFBC}") = "FindLargeFiles", "Plugins\FindLargeFiles\FindLargeFiles.csproj", "{F261BCD1-F5F7-4664-A229-E52032E6E9FD}"
EndProject
Project("{FAE04EC0-301F-11D3-BF4B-00C04F79EFBC}") = "AutoCheckForUpdates", "Plugins\AutoCheckForUpdates\AutoCheckForUpdates.csproj", "{330F1115-B3DE-47F1-8A7E-D181E59E96E0}"
EndProject
Project("{FAE04EC0-301F-11D3-BF4B-00C04F79EFBC}") = "AutoCompileSubmodules", "Plugins\AutoCompileSubmodules\AutoCompileSubmodules\AutoCompileSubmodules.csproj", "{7E5433F4-DD13-4D8E-95B2-59B4FFE7D636}"
EndProject
Project("{FAE04EC0-301F-11D3-BF4B-00C04F79EFBC}") = "CreateLocalBranches", "Plugins\CreateLocalBranches\CreateLocalBranches.csproj", "{31D96116-16A6-45C2-9A6D-6DD5A1FC5F20}"
EndProject
Project("{FAE04EC0-301F-11D3-BF4B-00C04F79EFBC}") = "DeleteUnusedBranches", "Plugins\DeleteUnusedBranches\DeleteUnusedBranches.csproj", "{921F0443-C3A1-4A09-82E8-C4AFB9654943}"
EndProject
Project("{FAE04EC0-301F-11D3-BF4B-00C04F79EFBC}") = "GitUIPluginInterfaces", "Plugins\GitUIPluginInterfaces\GitUIPluginInterfaces.csproj", "{27559302-F35E-4B62-A6EC-11FF21A5FA6F}"
EndProject
Project("{FAE04EC0-301F-11D3-BF4B-00C04F79EFBC}") = "Gource", "Plugins\Gource\Gource.csproj", "{687A73BB-12A0-4AF7-B420-4A9C47DB75CB}"
EndProject
Project("{FAE04EC0-301F-11D3-BF4B-00C04F79EFBC}") = "GitCommands", "GitCommands\GitCommands.csproj", "{BD6AA2A2-997D-4AFF-ACC7-B64F6E51D181}"
EndProject
Project("{FAE04EC0-301F-11D3-BF4B-00C04F79EFBC}") = "GitUI", "GitUI\GitUI.csproj", "{CF5B22E7-230F-4E50-BE88-C4F7023CED2C}"
EndProject
Project("{FAE04EC0-301F-11D3-BF4B-00C04F79EFBC}") = "Gravatar", "Gravatar\Gravatar.csproj", "{4041B976-50D0-4C6E-ABAF-7E67458A1264}"
EndProject
Project("{FAE04EC0-301F-11D3-BF4B-00C04F79EFBC}") = "ResourceManager", "ResourceManager\ResourceManager.csproj", "{D3440FD7-AFC5-4351-8741-6CDBF15CE944}"
EndProject
Project("{FAE04EC0-301F-11D3-BF4B-00C04F79EFBC}") = "SpellChecker", "NetSpell.SpellChecker\SpellChecker.csproj", "{A426EE0B-E52E-4D74-AF24-06797142D7B2}"
EndProject
Project("{FAE04EC0-301F-11D3-BF4B-00C04F79EFBC}") = "GitCommandsTests.Mono", "GitCommandsTests\GitCommandsTests.Mono.csproj", "{AC8FDEDF-6390-4F87-BBC3-1A974810B589}"
EndProject
Project("{FAE04EC0-301F-11D3-BF4B-00C04F79EFBC}") = "GitExtensions.Mono", "GitExtensions\GitExtensions.Mono.csproj", "{F15A69AF-7EBD-4F69-A026-5071FA3EC61B}"
EndProject
Global
	GlobalSection(SolutionConfigurationPlatforms) = preSolution
		Debug|Any CPU = Debug|Any CPU
		Release|Any CPU = Release|Any CPU
	EndGlobalSection
	GlobalSection(ProjectConfigurationPlatforms) = postSolution
		{0B131F9D-BB10-4C3E-9656-5AB858158DE5}.Debug|Any CPU.ActiveCfg = Debug|Any CPU
		{0B131F9D-BB10-4C3E-9656-5AB858158DE5}.Debug|Any CPU.Build.0 = Debug|Any CPU
		{0B131F9D-BB10-4C3E-9656-5AB858158DE5}.Release|Any CPU.ActiveCfg = Release|Any CPU
		{0B131F9D-BB10-4C3E-9656-5AB858158DE5}.Release|Any CPU.Build.0 = Release|Any CPU
		{27559302-F35E-4B62-A6EC-11FF21A5FA6F}.Debug|Any CPU.ActiveCfg = Debug|Any CPU
		{27559302-F35E-4B62-A6EC-11FF21A5FA6F}.Debug|Any CPU.Build.0 = Debug|Any CPU
		{27559302-F35E-4B62-A6EC-11FF21A5FA6F}.Release|Any CPU.ActiveCfg = Release|Any CPU
		{27559302-F35E-4B62-A6EC-11FF21A5FA6F}.Release|Any CPU.Build.0 = Release|Any CPU
		{31D96116-16A6-45C2-9A6D-6DD5A1FC5F20}.Debug|Any CPU.ActiveCfg = Debug|Any CPU
		{31D96116-16A6-45C2-9A6D-6DD5A1FC5F20}.Debug|Any CPU.Build.0 = Debug|Any CPU
		{31D96116-16A6-45C2-9A6D-6DD5A1FC5F20}.Release|Any CPU.ActiveCfg = Release|Any CPU
		{31D96116-16A6-45C2-9A6D-6DD5A1FC5F20}.Release|Any CPU.Build.0 = Release|Any CPU
		{330F1115-B3DE-47F1-8A7E-D181E59E96E0}.Debug|Any CPU.ActiveCfg = Debug|Any CPU
		{330F1115-B3DE-47F1-8A7E-D181E59E96E0}.Debug|Any CPU.Build.0 = Debug|Any CPU
		{330F1115-B3DE-47F1-8A7E-D181E59E96E0}.Release|Any CPU.ActiveCfg = Release|Any CPU
		{330F1115-B3DE-47F1-8A7E-D181E59E96E0}.Release|Any CPU.Build.0 = Release|Any CPU
		{4041B976-50D0-4C6E-ABAF-7E67458A1264}.Debug|Any CPU.ActiveCfg = Debug|Any CPU
		{4041B976-50D0-4C6E-ABAF-7E67458A1264}.Debug|Any CPU.Build.0 = Debug|Any CPU
		{4041B976-50D0-4C6E-ABAF-7E67458A1264}.Release|Any CPU.ActiveCfg = Release|Any CPU
		{4041B976-50D0-4C6E-ABAF-7E67458A1264}.Release|Any CPU.Build.0 = Release|Any CPU
		{687A73BB-12A0-4AF7-B420-4A9C47DB75CB}.Debug|Any CPU.ActiveCfg = Debug|Any CPU
		{687A73BB-12A0-4AF7-B420-4A9C47DB75CB}.Debug|Any CPU.Build.0 = Debug|Any CPU
		{687A73BB-12A0-4AF7-B420-4A9C47DB75CB}.Release|Any CPU.ActiveCfg = Release|Any CPU
		{687A73BB-12A0-4AF7-B420-4A9C47DB75CB}.Release|Any CPU.Build.0 = Release|Any CPU
		{7E5433F4-DD13-4D8E-95B2-59B4FFE7D636}.Debug|Any CPU.ActiveCfg = Debug|Any CPU
		{7E5433F4-DD13-4D8E-95B2-59B4FFE7D636}.Release|Any CPU.ActiveCfg = Release|Any CPU
		{921F0443-C3A1-4A09-82E8-C4AFB9654943}.Debug|Any CPU.ActiveCfg = Debug|Any CPU
		{921F0443-C3A1-4A09-82E8-C4AFB9654943}.Debug|Any CPU.Build.0 = Debug|Any CPU
		{921F0443-C3A1-4A09-82E8-C4AFB9654943}.Release|Any CPU.ActiveCfg = Release|Any CPU
		{921F0443-C3A1-4A09-82E8-C4AFB9654943}.Release|Any CPU.Build.0 = Release|Any CPU
		{92B57383-233E-46AE-8A86-6E98BF349A72}.Debug|Any CPU.ActiveCfg = Debug|Any CPU
		{92B57383-233E-46AE-8A86-6E98BF349A72}.Debug|Any CPU.Build.0 = Debug|Any CPU
		{92B57383-233E-46AE-8A86-6E98BF349A72}.Release|Any CPU.ActiveCfg = Release|Any CPU
		{92B57383-233E-46AE-8A86-6E98BF349A72}.Release|Any CPU.Build.0 = Release|Any CPU
		{A426EE0B-E52E-4D74-AF24-06797142D7B2}.Debug|Any CPU.ActiveCfg = Debug|Any CPU
		{A426EE0B-E52E-4D74-AF24-06797142D7B2}.Debug|Any CPU.Build.0 = Debug|Any CPU
		{A426EE0B-E52E-4D74-AF24-06797142D7B2}.Release|Any CPU.ActiveCfg = Release|Any CPU
		{A426EE0B-E52E-4D74-AF24-06797142D7B2}.Release|Any CPU.Build.0 = Release|Any CPU
		{AC8FDEDF-6390-4F87-BBC3-1A974810B589}.Debug|Any CPU.ActiveCfg = Debug|Any CPU
		{AC8FDEDF-6390-4F87-BBC3-1A974810B589}.Debug|Any CPU.Build.0 = Debug|Any CPU
		{AC8FDEDF-6390-4F87-BBC3-1A974810B589}.Release|Any CPU.ActiveCfg = Release|Any CPU
		{AC8FDEDF-6390-4F87-BBC3-1A974810B589}.Release|Any CPU.Build.0 = Release|Any CPU
		{B1B0C273-AB3F-48BF-92C7-DE0BE90D5870}.Debug|Any CPU.ActiveCfg = Debug|Any CPU
		{B1B0C273-AB3F-48BF-92C7-DE0BE90D5870}.Debug|Any CPU.Build.0 = Debug|Any CPU
		{B1B0C273-AB3F-48BF-92C7-DE0BE90D5870}.Release|Any CPU.ActiveCfg = Release|Any CPU
		{B1B0C273-AB3F-48BF-92C7-DE0BE90D5870}.Release|Any CPU.Build.0 = Release|Any CPU
		{BD6AA2A2-997D-4AFF-ACC7-B64F6E51D181}.Debug|Any CPU.ActiveCfg = Debug|Any CPU
		{BD6AA2A2-997D-4AFF-ACC7-B64F6E51D181}.Debug|Any CPU.Build.0 = Debug|Any CPU
		{BD6AA2A2-997D-4AFF-ACC7-B64F6E51D181}.Release|Any CPU.ActiveCfg = Release|Any CPU
		{BD6AA2A2-997D-4AFF-ACC7-B64F6E51D181}.Release|Any CPU.Build.0 = Release|Any CPU
		{CF5B22E7-230F-4E50-BE88-C4F7023CED2C}.Debug|Any CPU.ActiveCfg = Debug|Any CPU
		{CF5B22E7-230F-4E50-BE88-C4F7023CED2C}.Debug|Any CPU.Build.0 = Debug|Any CPU
		{CF5B22E7-230F-4E50-BE88-C4F7023CED2C}.Release|Any CPU.ActiveCfg = Release|Any CPU
		{CF5B22E7-230F-4E50-BE88-C4F7023CED2C}.Release|Any CPU.Build.0 = Release|Any CPU
		{D3440FD7-AFC5-4351-8741-6CDBF15CE944}.Debug|Any CPU.ActiveCfg = Debug|Any CPU
		{D3440FD7-AFC5-4351-8741-6CDBF15CE944}.Debug|Any CPU.Build.0 = Debug|Any CPU
		{D3440FD7-AFC5-4351-8741-6CDBF15CE944}.Release|Any CPU.ActiveCfg = Release|Any CPU
		{D3440FD7-AFC5-4351-8741-6CDBF15CE944}.Release|Any CPU.Build.0 = Release|Any CPU
		{F15A69AF-7EBD-4F69-A026-5071FA3EC61B}.Debug|Any CPU.ActiveCfg = Debug|Any CPU
		{F15A69AF-7EBD-4F69-A026-5071FA3EC61B}.Debug|Any CPU.Build.0 = Debug|Any CPU
		{F15A69AF-7EBD-4F69-A026-5071FA3EC61B}.Release|Any CPU.ActiveCfg = Release|Any CPU
		{F15A69AF-7EBD-4F69-A026-5071FA3EC61B}.Release|Any CPU.Build.0 = Release|Any CPU
		{F261BCD1-F5F7-4664-A229-E52032E6E9FD}.Debug|Any CPU.ActiveCfg = Debug|Any CPU
		{F261BCD1-F5F7-4664-A229-E52032E6E9FD}.Debug|Any CPU.Build.0 = Debug|Any CPU
		{F261BCD1-F5F7-4664-A229-E52032E6E9FD}.Release|Any CPU.ActiveCfg = Release|Any CPU
		{F261BCD1-F5F7-4664-A229-E52032E6E9FD}.Release|Any CPU.Build.0 = Release|Any CPU
	EndGlobalSection
	GlobalSection(NestedProjects) = preSolution
		{AF6D7B1B-FAF6-4793-AC05-00C63A5BC0F5} = {3D5CA0E0-EF51-4488-A8B7-86CC330D7AD8}
		{B1B0C273-AB3F-48BF-92C7-DE0BE90D5870} = {3D5CA0E0-EF51-4488-A8B7-86CC330D7AD8}
		{F261BCD1-F5F7-4664-A229-E52032E6E9FD} = {3D5CA0E0-EF51-4488-A8B7-86CC330D7AD8}
		{330F1115-B3DE-47F1-8A7E-D181E59E96E0} = {3D5CA0E0-EF51-4488-A8B7-86CC330D7AD8}
		{7E5433F4-DD13-4D8E-95B2-59B4FFE7D636} = {3D5CA0E0-EF51-4488-A8B7-86CC330D7AD8}
		{31D96116-16A6-45C2-9A6D-6DD5A1FC5F20} = {3D5CA0E0-EF51-4488-A8B7-86CC330D7AD8}
		{921F0443-C3A1-4A09-82E8-C4AFB9654943} = {3D5CA0E0-EF51-4488-A8B7-86CC330D7AD8}
		{27559302-F35E-4B62-A6EC-11FF21A5FA6F} = {3D5CA0E0-EF51-4488-A8B7-86CC330D7AD8}
		{687A73BB-12A0-4AF7-B420-4A9C47DB75CB} = {3D5CA0E0-EF51-4488-A8B7-86CC330D7AD8}
		{0B131F9D-BB10-4C3E-9656-5AB858158DE5} = {AF6D7B1B-FAF6-4793-AC05-00C63A5BC0F5}
		{92B57383-233E-46AE-8A86-6E98BF349A72} = {AF6D7B1B-FAF6-4793-AC05-00C63A5BC0F5}
	EndGlobalSection
	GlobalSection(MonoDevelopProperties) = preSolution
		StartupItem = GitExtensions\GitExtensions.Mono.csproj
	EndGlobalSection
	GlobalSection(SolutionProperties) = preSolution
		HideSolutionNode = FALSE
	EndGlobalSection
EndGlobal
