
Microsoft Visual Studio Solution File, Format Version 12.00
# Visual Studio 2012
Project("{2150E333-8FDC-42A3-9474-1A3956D46DE8}") = "Plugins", "Plugins", "{3D5CA0E0-EF51-4488-A8B7-86CC330D7AD8}"
EndProject
Project("{2150E333-8FDC-42A3-9474-1A3956D46DE8}") = "Statistics", "Statistics", "{AF6D7B1B-FAF6-4793-AC05-00C63A5BC0F5}"
EndProject
Project("{FAE04EC0-301F-11D3-BF4B-00C04F79EFBC}") = "GitExtensions", "GitExtensions\GitExtensions.csproj", "{F15A69AF-7EBD-4F69-A026-5071FA3EC61B}"
EndProject
Project("{8BC9CEB8-8B4A-11D0-8D11-00A0C91BC942}") = "SimpleExt", "SimpleExt\SimpleExt.VS2012.vcxproj", "{BBE7B8AD-D175-4679-A614-38BFF28B0269}"
EndProject
Project("{FAE04EC0-301F-11D3-BF4B-00C04F79EFBC}") = "GitPlugin", "GitPlugin\GitPlugin.csproj", "{E996BE2D-B07D-472D-9D74-3EA2D48EF269}"
EndProject
Project("{FAE04EC0-301F-11D3-BF4B-00C04F79EFBC}") = "GitUI", "GitUI\GitUI.csproj", "{CF5B22E7-230F-4E50-BE88-C4F7023CED2C}"
EndProject
Project("{FAE04EC0-301F-11D3-BF4B-00C04F79EFBC}") = "GitCommands", "GitCommands\GitCommands.csproj", "{BD6AA2A2-997D-4AFF-ACC7-B64F6E51D181}"
EndProject
Project("{FAE04EC0-301F-11D3-BF4B-00C04F79EFBC}") = "AutoCompileSubmodules", "Plugins\AutoCompileSubmodules\AutoCompileSubmodules\AutoCompileSubmodules.csproj", "{7E5433F4-DD13-4D8E-95B2-59B4FFE7D636}"
EndProject
Project("{FAE04EC0-301F-11D3-BF4B-00C04F79EFBC}") = "GitUIPluginInterfaces", "Plugins\GitUIPluginInterfaces\GitUIPluginInterfaces.csproj", "{27559302-F35E-4B62-A6EC-11FF21A5FA6F}"
EndProject
Project("{FAE04EC0-301F-11D3-BF4B-00C04F79EFBC}") = "AutoCheckForUpdates", "Plugins\AutoCheckForUpdates\AutoCheckForUpdates.csproj", "{330F1115-B3DE-47F1-8A7E-D181E59E96E0}"
EndProject
Project("{FAE04EC0-301F-11D3-BF4B-00C04F79EFBC}") = "GitStatistics", "Plugins\Statistics\GitStatistics\GitStatistics.csproj", "{92B57383-233E-46AE-8A86-6E98BF349A72}"
EndProject
Project("{930C7802-8A8C-48F9-8165-68863BCCD9DD}") = "Setup", "Setup\Setup.wixproj", "{9380C29C-3C7F-47A8-A4C9-A5EE9D7B386A}"
	ProjectSection(ProjectDependencies) = postProject
		{F15A69AF-7EBD-4F69-A026-5071FA3EC61B} = {F15A69AF-7EBD-4F69-A026-5071FA3EC61B}
	EndProjectSection
EndProject
Project("{FAE04EC0-301F-11D3-BF4B-00C04F79EFBC}") = "ResourceManager", "ResourceManager\ResourceManager.csproj", "{D3440FD7-AFC5-4351-8741-6CDBF15CE944}"
EndProject
Project("{FAE04EC0-301F-11D3-BF4B-00C04F79EFBC}") = "Gource", "Plugins\Gource\Gource.csproj", "{687A73BB-12A0-4AF7-B420-4A9C47DB75CB}"
EndProject
Project("{FAE04EC0-301F-11D3-BF4B-00C04F79EFBC}") = "GitCommandsTests", "GitCommandsTests\GitCommandsTests.csproj", "{4A720727-E26E-4091-AA12-1B2CDA481095}"
EndProject
Project("{FAE04EC0-301F-11D3-BF4B-00C04F79EFBC}") = "Gravatar", "Gravatar\Gravatar.csproj", "{4041B976-50D0-4C6E-ABAF-7E67458A1264}"
EndProject
Project("{FAE04EC0-301F-11D3-BF4B-00C04F79EFBC}") = "DeleteUnusedBranches", "Plugins\DeleteUnusedBranches\DeleteUnusedBranches.csproj", "{921F0443-C3A1-4A09-82E8-C4AFB9654943}"
EndProject
Project("{FAE04EC0-301F-11D3-BF4B-00C04F79EFBC}") = "SpellChecker", "NetSpell.SpellChecker\SpellChecker.csproj", "{A426EE0B-E52E-4D74-AF24-06797142D7B2}"
EndProject
Project("{FAE04EC0-301F-11D3-BF4B-00C04F79EFBC}") = "GitImpact", "Plugins\Statistics\GitImpact\GitImpact.csproj", "{0B131F9D-BB10-4C3E-9656-5AB858158DE5}"
EndProject
Project("{FAE04EC0-301F-11D3-BF4B-00C04F79EFBC}") = "CreateLocalBranches", "Plugins\CreateLocalBranches\CreateLocalBranches.csproj", "{31D96116-16A6-45C2-9A6D-6DD5A1FC5F20}"
EndProject
Project("{FAE04EC0-301F-11D3-BF4B-00C04F79EFBC}") = "FindLargeFiles", "Plugins\FindLargeFiles\FindLargeFiles.csproj", "{F261BCD1-F5F7-4664-A229-E52032E6E9FD}"
EndProject
Project("{FAE04EC0-301F-11D3-BF4B-00C04F79EFBC}") = "Github3", "Plugins\Github3\Github3.csproj", "{B1B0C273-AB3F-48BF-92C7-DE0BE90D5870}"
EndProject
Global
	GlobalSection(SolutionConfigurationPlatforms) = preSolution
		Debug|Any CPU = Debug|Any CPU
		Debug|Mixed Platforms = Debug|Mixed Platforms
		Debug|x64 = Debug|x64
		Debug|x86 = Debug|x86
		Release|Any CPU = Release|Any CPU
		Release|Mixed Platforms = Release|Mixed Platforms
		Release|x64 = Release|x64
		Release|x86 = Release|x86
	EndGlobalSection
	GlobalSection(ProjectConfigurationPlatforms) = postSolution
		{0B131F9D-BB10-4C3E-9656-5AB858158DE5}.Debug|Any CPU.ActiveCfg = Debug|Any CPU
		{0B131F9D-BB10-4C3E-9656-5AB858158DE5}.Debug|Any CPU.Build.0 = Debug|Any CPU
		{0B131F9D-BB10-4C3E-9656-5AB858158DE5}.Debug|Mixed Platforms.ActiveCfg = Debug|Any CPU
		{0B131F9D-BB10-4C3E-9656-5AB858158DE5}.Debug|Mixed Platforms.Build.0 = Debug|Any CPU
		{0B131F9D-BB10-4C3E-9656-5AB858158DE5}.Debug|x64.ActiveCfg = Debug|Any CPU
		{0B131F9D-BB10-4C3E-9656-5AB858158DE5}.Debug|x86.ActiveCfg = Debug|Any CPU
		{0B131F9D-BB10-4C3E-9656-5AB858158DE5}.Release|Any CPU.ActiveCfg = Release|Any CPU
		{0B131F9D-BB10-4C3E-9656-5AB858158DE5}.Release|Any CPU.Build.0 = Release|Any CPU
		{0B131F9D-BB10-4C3E-9656-5AB858158DE5}.Release|Mixed Platforms.ActiveCfg = Release|Any CPU
		{0B131F9D-BB10-4C3E-9656-5AB858158DE5}.Release|Mixed Platforms.Build.0 = Release|Any CPU
		{0B131F9D-BB10-4C3E-9656-5AB858158DE5}.Release|x64.ActiveCfg = Release|Any CPU
		{0B131F9D-BB10-4C3E-9656-5AB858158DE5}.Release|x86.ActiveCfg = Release|Any CPU
		{27559302-F35E-4B62-A6EC-11FF21A5FA6F}.Debug|Any CPU.ActiveCfg = Debug|Any CPU
		{27559302-F35E-4B62-A6EC-11FF21A5FA6F}.Debug|Any CPU.Build.0 = Debug|Any CPU
		{27559302-F35E-4B62-A6EC-11FF21A5FA6F}.Debug|Mixed Platforms.ActiveCfg = Debug|Any CPU
		{27559302-F35E-4B62-A6EC-11FF21A5FA6F}.Debug|Mixed Platforms.Build.0 = Debug|Any CPU
		{27559302-F35E-4B62-A6EC-11FF21A5FA6F}.Debug|x64.ActiveCfg = Debug|Any CPU
		{27559302-F35E-4B62-A6EC-11FF21A5FA6F}.Debug|x86.ActiveCfg = Debug|Any CPU
		{27559302-F35E-4B62-A6EC-11FF21A5FA6F}.Release|Any CPU.ActiveCfg = Release|Any CPU
		{27559302-F35E-4B62-A6EC-11FF21A5FA6F}.Release|Any CPU.Build.0 = Release|Any CPU
		{27559302-F35E-4B62-A6EC-11FF21A5FA6F}.Release|Mixed Platforms.ActiveCfg = Release|Any CPU
		{27559302-F35E-4B62-A6EC-11FF21A5FA6F}.Release|Mixed Platforms.Build.0 = Release|Any CPU
		{27559302-F35E-4B62-A6EC-11FF21A5FA6F}.Release|x64.ActiveCfg = Release|Any CPU
		{27559302-F35E-4B62-A6EC-11FF21A5FA6F}.Release|x86.ActiveCfg = Release|Any CPU
		{31D96116-16A6-45C2-9A6D-6DD5A1FC5F20}.Debug|Any CPU.ActiveCfg = Debug|Any CPU
		{31D96116-16A6-45C2-9A6D-6DD5A1FC5F20}.Debug|Any CPU.Build.0 = Debug|Any CPU
		{31D96116-16A6-45C2-9A6D-6DD5A1FC5F20}.Debug|Mixed Platforms.ActiveCfg = Debug|Any CPU
		{31D96116-16A6-45C2-9A6D-6DD5A1FC5F20}.Debug|Mixed Platforms.Build.0 = Debug|Any CPU
		{31D96116-16A6-45C2-9A6D-6DD5A1FC5F20}.Debug|x64.ActiveCfg = Debug|Any CPU
		{31D96116-16A6-45C2-9A6D-6DD5A1FC5F20}.Debug|x86.ActiveCfg = Debug|Any CPU
		{31D96116-16A6-45C2-9A6D-6DD5A1FC5F20}.Release|Any CPU.ActiveCfg = Release|Any CPU
		{31D96116-16A6-45C2-9A6D-6DD5A1FC5F20}.Release|Any CPU.Build.0 = Release|Any CPU
		{31D96116-16A6-45C2-9A6D-6DD5A1FC5F20}.Release|Mixed Platforms.ActiveCfg = Release|Any CPU
		{31D96116-16A6-45C2-9A6D-6DD5A1FC5F20}.Release|Mixed Platforms.Build.0 = Release|Any CPU
		{31D96116-16A6-45C2-9A6D-6DD5A1FC5F20}.Release|x64.ActiveCfg = Release|Any CPU
		{31D96116-16A6-45C2-9A6D-6DD5A1FC5F20}.Release|x86.ActiveCfg = Release|Any CPU
		{330F1115-B3DE-47F1-8A7E-D181E59E96E0}.Debug|Any CPU.ActiveCfg = Debug|Any CPU
		{330F1115-B3DE-47F1-8A7E-D181E59E96E0}.Debug|Any CPU.Build.0 = Debug|Any CPU
		{330F1115-B3DE-47F1-8A7E-D181E59E96E0}.Debug|Mixed Platforms.ActiveCfg = Debug|Any CPU
		{330F1115-B3DE-47F1-8A7E-D181E59E96E0}.Debug|Mixed Platforms.Build.0 = Debug|Any CPU
		{330F1115-B3DE-47F1-8A7E-D181E59E96E0}.Debug|x64.ActiveCfg = Debug|Any CPU
		{330F1115-B3DE-47F1-8A7E-D181E59E96E0}.Debug|x86.ActiveCfg = Debug|Any CPU
		{330F1115-B3DE-47F1-8A7E-D181E59E96E0}.Release|Any CPU.ActiveCfg = Release|Any CPU
		{330F1115-B3DE-47F1-8A7E-D181E59E96E0}.Release|Any CPU.Build.0 = Release|Any CPU
		{330F1115-B3DE-47F1-8A7E-D181E59E96E0}.Release|Mixed Platforms.ActiveCfg = Release|Any CPU
		{330F1115-B3DE-47F1-8A7E-D181E59E96E0}.Release|Mixed Platforms.Build.0 = Release|Any CPU
		{330F1115-B3DE-47F1-8A7E-D181E59E96E0}.Release|x64.ActiveCfg = Release|Any CPU
		{330F1115-B3DE-47F1-8A7E-D181E59E96E0}.Release|x86.ActiveCfg = Release|Any CPU
		{4041B976-50D0-4C6E-ABAF-7E67458A1264}.Debug|Any CPU.ActiveCfg = Debug|Any CPU
		{4041B976-50D0-4C6E-ABAF-7E67458A1264}.Debug|Any CPU.Build.0 = Debug|Any CPU
		{4041B976-50D0-4C6E-ABAF-7E67458A1264}.Debug|Mixed Platforms.ActiveCfg = Debug|Any CPU
		{4041B976-50D0-4C6E-ABAF-7E67458A1264}.Debug|Mixed Platforms.Build.0 = Debug|Any CPU
		{4041B976-50D0-4C6E-ABAF-7E67458A1264}.Debug|x64.ActiveCfg = Debug|Any CPU
		{4041B976-50D0-4C6E-ABAF-7E67458A1264}.Debug|x86.ActiveCfg = Debug|Any CPU
		{4041B976-50D0-4C6E-ABAF-7E67458A1264}.Release|Any CPU.ActiveCfg = Release|Any CPU
		{4041B976-50D0-4C6E-ABAF-7E67458A1264}.Release|Any CPU.Build.0 = Release|Any CPU
		{4041B976-50D0-4C6E-ABAF-7E67458A1264}.Release|Mixed Platforms.ActiveCfg = Release|Any CPU
		{4041B976-50D0-4C6E-ABAF-7E67458A1264}.Release|Mixed Platforms.Build.0 = Release|Any CPU
		{4041B976-50D0-4C6E-ABAF-7E67458A1264}.Release|x64.ActiveCfg = Release|Any CPU
		{4041B976-50D0-4C6E-ABAF-7E67458A1264}.Release|x86.ActiveCfg = Release|Any CPU
		{4A720727-E26E-4091-AA12-1B2CDA481095}.Debug|Any CPU.ActiveCfg = Debug|Any CPU
		{4A720727-E26E-4091-AA12-1B2CDA481095}.Debug|Any CPU.Build.0 = Debug|Any CPU
		{4A720727-E26E-4091-AA12-1B2CDA481095}.Debug|Mixed Platforms.ActiveCfg = Debug|Any CPU
		{4A720727-E26E-4091-AA12-1B2CDA481095}.Debug|Mixed Platforms.Build.0 = Debug|Any CPU
		{4A720727-E26E-4091-AA12-1B2CDA481095}.Debug|x64.ActiveCfg = Debug|Any CPU
		{4A720727-E26E-4091-AA12-1B2CDA481095}.Debug|x86.ActiveCfg = Debug|Any CPU
		{4A720727-E26E-4091-AA12-1B2CDA481095}.Release|Any CPU.ActiveCfg = Release|Any CPU
		{4A720727-E26E-4091-AA12-1B2CDA481095}.Release|Any CPU.Build.0 = Release|Any CPU
		{4A720727-E26E-4091-AA12-1B2CDA481095}.Release|Mixed Platforms.ActiveCfg = Release|Any CPU
		{4A720727-E26E-4091-AA12-1B2CDA481095}.Release|Mixed Platforms.Build.0 = Release|Any CPU
		{4A720727-E26E-4091-AA12-1B2CDA481095}.Release|x64.ActiveCfg = Release|Any CPU
		{4A720727-E26E-4091-AA12-1B2CDA481095}.Release|x86.ActiveCfg = Release|Any CPU
		{687A73BB-12A0-4AF7-B420-4A9C47DB75CB}.Debug|Any CPU.ActiveCfg = Debug|Any CPU
		{687A73BB-12A0-4AF7-B420-4A9C47DB75CB}.Debug|Any CPU.Build.0 = Debug|Any CPU
		{687A73BB-12A0-4AF7-B420-4A9C47DB75CB}.Debug|Mixed Platforms.ActiveCfg = Debug|Any CPU
		{687A73BB-12A0-4AF7-B420-4A9C47DB75CB}.Debug|Mixed Platforms.Build.0 = Debug|Any CPU
		{687A73BB-12A0-4AF7-B420-4A9C47DB75CB}.Debug|x64.ActiveCfg = Debug|Any CPU
		{687A73BB-12A0-4AF7-B420-4A9C47DB75CB}.Debug|x86.ActiveCfg = Debug|Any CPU
		{687A73BB-12A0-4AF7-B420-4A9C47DB75CB}.Release|Any CPU.ActiveCfg = Release|Any CPU
		{687A73BB-12A0-4AF7-B420-4A9C47DB75CB}.Release|Any CPU.Build.0 = Release|Any CPU
		{687A73BB-12A0-4AF7-B420-4A9C47DB75CB}.Release|Mixed Platforms.ActiveCfg = Release|Any CPU
		{687A73BB-12A0-4AF7-B420-4A9C47DB75CB}.Release|Mixed Platforms.Build.0 = Release|Any CPU
		{687A73BB-12A0-4AF7-B420-4A9C47DB75CB}.Release|x64.ActiveCfg = Release|Any CPU
		{687A73BB-12A0-4AF7-B420-4A9C47DB75CB}.Release|x86.ActiveCfg = Release|Any CPU
		{7E5433F4-DD13-4D8E-95B2-59B4FFE7D636}.Debug|Any CPU.ActiveCfg = Debug|Any CPU
		{7E5433F4-DD13-4D8E-95B2-59B4FFE7D636}.Debug|Any CPU.Build.0 = Debug|Any CPU
		{7E5433F4-DD13-4D8E-95B2-59B4FFE7D636}.Debug|Mixed Platforms.ActiveCfg = Debug|Any CPU
		{7E5433F4-DD13-4D8E-95B2-59B4FFE7D636}.Debug|Mixed Platforms.Build.0 = Debug|Any CPU
		{7E5433F4-DD13-4D8E-95B2-59B4FFE7D636}.Debug|x64.ActiveCfg = Debug|Any CPU
		{7E5433F4-DD13-4D8E-95B2-59B4FFE7D636}.Debug|x86.ActiveCfg = Debug|Any CPU
		{7E5433F4-DD13-4D8E-95B2-59B4FFE7D636}.Release|Any CPU.ActiveCfg = Release|Any CPU
		{7E5433F4-DD13-4D8E-95B2-59B4FFE7D636}.Release|Any CPU.Build.0 = Release|Any CPU
		{7E5433F4-DD13-4D8E-95B2-59B4FFE7D636}.Release|Mixed Platforms.ActiveCfg = Release|Any CPU
		{7E5433F4-DD13-4D8E-95B2-59B4FFE7D636}.Release|Mixed Platforms.Build.0 = Release|Any CPU
		{7E5433F4-DD13-4D8E-95B2-59B4FFE7D636}.Release|x64.ActiveCfg = Release|Any CPU
		{7E5433F4-DD13-4D8E-95B2-59B4FFE7D636}.Release|x86.ActiveCfg = Release|Any CPU
		{921F0443-C3A1-4A09-82E8-C4AFB9654943}.Debug|Any CPU.ActiveCfg = Debug|Any CPU
		{921F0443-C3A1-4A09-82E8-C4AFB9654943}.Debug|Any CPU.Build.0 = Debug|Any CPU
		{921F0443-C3A1-4A09-82E8-C4AFB9654943}.Debug|Mixed Platforms.ActiveCfg = Debug|Any CPU
		{921F0443-C3A1-4A09-82E8-C4AFB9654943}.Debug|Mixed Platforms.Build.0 = Debug|Any CPU
		{921F0443-C3A1-4A09-82E8-C4AFB9654943}.Debug|x64.ActiveCfg = Debug|Any CPU
		{921F0443-C3A1-4A09-82E8-C4AFB9654943}.Debug|x86.ActiveCfg = Debug|Any CPU
		{921F0443-C3A1-4A09-82E8-C4AFB9654943}.Release|Any CPU.ActiveCfg = Release|Any CPU
		{921F0443-C3A1-4A09-82E8-C4AFB9654943}.Release|Any CPU.Build.0 = Release|Any CPU
		{921F0443-C3A1-4A09-82E8-C4AFB9654943}.Release|Mixed Platforms.ActiveCfg = Release|Any CPU
		{921F0443-C3A1-4A09-82E8-C4AFB9654943}.Release|Mixed Platforms.Build.0 = Release|Any CPU
		{921F0443-C3A1-4A09-82E8-C4AFB9654943}.Release|x64.ActiveCfg = Release|Any CPU
		{921F0443-C3A1-4A09-82E8-C4AFB9654943}.Release|x86.ActiveCfg = Release|Any CPU
		{92B57383-233E-46AE-8A86-6E98BF349A72}.Debug|Any CPU.ActiveCfg = Debug|Any CPU
		{92B57383-233E-46AE-8A86-6E98BF349A72}.Debug|Any CPU.Build.0 = Debug|Any CPU
		{92B57383-233E-46AE-8A86-6E98BF349A72}.Debug|Mixed Platforms.ActiveCfg = Debug|Any CPU
		{92B57383-233E-46AE-8A86-6E98BF349A72}.Debug|Mixed Platforms.Build.0 = Debug|Any CPU
		{92B57383-233E-46AE-8A86-6E98BF349A72}.Debug|x64.ActiveCfg = Debug|Any CPU
		{92B57383-233E-46AE-8A86-6E98BF349A72}.Debug|x86.ActiveCfg = Debug|Any CPU
		{92B57383-233E-46AE-8A86-6E98BF349A72}.Release|Any CPU.ActiveCfg = Release|Any CPU
		{92B57383-233E-46AE-8A86-6E98BF349A72}.Release|Any CPU.Build.0 = Release|Any CPU
		{92B57383-233E-46AE-8A86-6E98BF349A72}.Release|Mixed Platforms.ActiveCfg = Release|Any CPU
		{92B57383-233E-46AE-8A86-6E98BF349A72}.Release|Mixed Platforms.Build.0 = Release|Any CPU
		{92B57383-233E-46AE-8A86-6E98BF349A72}.Release|x64.ActiveCfg = Release|Any CPU
		{92B57383-233E-46AE-8A86-6E98BF349A72}.Release|x86.ActiveCfg = Release|Any CPU
		{9380C29C-3C7F-47A8-A4C9-A5EE9D7B386A}.Debug|Any CPU.ActiveCfg = Debug|x86
		{9380C29C-3C7F-47A8-A4C9-A5EE9D7B386A}.Debug|Mixed Platforms.ActiveCfg = Debug|x86
		{9380C29C-3C7F-47A8-A4C9-A5EE9D7B386A}.Debug|x64.ActiveCfg = Debug|x86
		{9380C29C-3C7F-47A8-A4C9-A5EE9D7B386A}.Debug|x86.ActiveCfg = Debug|x86
		{9380C29C-3C7F-47A8-A4C9-A5EE9D7B386A}.Release|Any CPU.ActiveCfg = Release|x86
		{9380C29C-3C7F-47A8-A4C9-A5EE9D7B386A}.Release|Mixed Platforms.ActiveCfg = Release|x86
		{9380C29C-3C7F-47A8-A4C9-A5EE9D7B386A}.Release|x64.ActiveCfg = Release|x86
		{9380C29C-3C7F-47A8-A4C9-A5EE9D7B386A}.Release|x86.ActiveCfg = Release|x86
		{A426EE0B-E52E-4D74-AF24-06797142D7B2}.Debug|Any CPU.ActiveCfg = Debug|Any CPU
		{A426EE0B-E52E-4D74-AF24-06797142D7B2}.Debug|Any CPU.Build.0 = Debug|Any CPU
		{A426EE0B-E52E-4D74-AF24-06797142D7B2}.Debug|Mixed Platforms.ActiveCfg = Debug|Any CPU
		{A426EE0B-E52E-4D74-AF24-06797142D7B2}.Debug|Mixed Platforms.Build.0 = Debug|Any CPU
		{A426EE0B-E52E-4D74-AF24-06797142D7B2}.Debug|x64.ActiveCfg = Debug|Any CPU
		{A426EE0B-E52E-4D74-AF24-06797142D7B2}.Debug|x86.ActiveCfg = Debug|Any CPU
		{A426EE0B-E52E-4D74-AF24-06797142D7B2}.Release|Any CPU.ActiveCfg = Release|Any CPU
		{A426EE0B-E52E-4D74-AF24-06797142D7B2}.Release|Any CPU.Build.0 = Release|Any CPU
		{A426EE0B-E52E-4D74-AF24-06797142D7B2}.Release|Mixed Platforms.ActiveCfg = Release|Any CPU
		{A426EE0B-E52E-4D74-AF24-06797142D7B2}.Release|Mixed Platforms.Build.0 = Release|Any CPU
		{A426EE0B-E52E-4D74-AF24-06797142D7B2}.Release|x64.ActiveCfg = Release|Any CPU
		{A426EE0B-E52E-4D74-AF24-06797142D7B2}.Release|x86.ActiveCfg = Release|Any CPU
		{B1B0C273-AB3F-48BF-92C7-DE0BE90D5870}.Debug|Any CPU.ActiveCfg = Debug|Any CPU
		{B1B0C273-AB3F-48BF-92C7-DE0BE90D5870}.Debug|Any CPU.Build.0 = Debug|Any CPU
		{B1B0C273-AB3F-48BF-92C7-DE0BE90D5870}.Debug|Mixed Platforms.ActiveCfg = Debug|Any CPU
		{B1B0C273-AB3F-48BF-92C7-DE0BE90D5870}.Debug|Mixed Platforms.Build.0 = Debug|Any CPU
		{B1B0C273-AB3F-48BF-92C7-DE0BE90D5870}.Debug|x64.ActiveCfg = Debug|Any CPU
		{B1B0C273-AB3F-48BF-92C7-DE0BE90D5870}.Debug|x86.ActiveCfg = Debug|Any CPU
		{B1B0C273-AB3F-48BF-92C7-DE0BE90D5870}.Release|Any CPU.ActiveCfg = Release|Any CPU
		{B1B0C273-AB3F-48BF-92C7-DE0BE90D5870}.Release|Any CPU.Build.0 = Release|Any CPU
		{B1B0C273-AB3F-48BF-92C7-DE0BE90D5870}.Release|Mixed Platforms.ActiveCfg = Release|Any CPU
		{B1B0C273-AB3F-48BF-92C7-DE0BE90D5870}.Release|Mixed Platforms.Build.0 = Release|Any CPU
		{B1B0C273-AB3F-48BF-92C7-DE0BE90D5870}.Release|x64.ActiveCfg = Release|Any CPU
		{B1B0C273-AB3F-48BF-92C7-DE0BE90D5870}.Release|x86.ActiveCfg = Release|Any CPU
		{BBE7B8AD-D175-4679-A614-38BFF28B0269}.Debug|Any CPU.ActiveCfg = Debug|Win32
		{BBE7B8AD-D175-4679-A614-38BFF28B0269}.Debug|Mixed Platforms.ActiveCfg = Debug|x64
		{BBE7B8AD-D175-4679-A614-38BFF28B0269}.Debug|Mixed Platforms.Build.0 = Debug|x64
		{BBE7B8AD-D175-4679-A614-38BFF28B0269}.Debug|x64.ActiveCfg = Debug|x64
		{BBE7B8AD-D175-4679-A614-38BFF28B0269}.Debug|x64.Build.0 = Debug|x64
		{BBE7B8AD-D175-4679-A614-38BFF28B0269}.Debug|x86.ActiveCfg = Debug|Win32
		{BBE7B8AD-D175-4679-A614-38BFF28B0269}.Debug|x86.Build.0 = Debug|Win32
		{BBE7B8AD-D175-4679-A614-38BFF28B0269}.Release|Any CPU.ActiveCfg = Release|Win32
		{BBE7B8AD-D175-4679-A614-38BFF28B0269}.Release|Mixed Platforms.ActiveCfg = Release|x64
		{BBE7B8AD-D175-4679-A614-38BFF28B0269}.Release|Mixed Platforms.Build.0 = Release|x64
		{BBE7B8AD-D175-4679-A614-38BFF28B0269}.Release|x64.ActiveCfg = Release|x64
		{BBE7B8AD-D175-4679-A614-38BFF28B0269}.Release|x64.Build.0 = Release|x64
		{BBE7B8AD-D175-4679-A614-38BFF28B0269}.Release|x86.ActiveCfg = Release|Win32
		{BBE7B8AD-D175-4679-A614-38BFF28B0269}.Release|x86.Build.0 = Release|Win32
		{BD6AA2A2-997D-4AFF-ACC7-B64F6E51D181}.Debug|Any CPU.ActiveCfg = Debug|Any CPU
		{BD6AA2A2-997D-4AFF-ACC7-B64F6E51D181}.Debug|Any CPU.Build.0 = Debug|Any CPU
		{BD6AA2A2-997D-4AFF-ACC7-B64F6E51D181}.Debug|Mixed Platforms.ActiveCfg = Debug|Any CPU
		{BD6AA2A2-997D-4AFF-ACC7-B64F6E51D181}.Debug|Mixed Platforms.Build.0 = Debug|Any CPU
		{BD6AA2A2-997D-4AFF-ACC7-B64F6E51D181}.Debug|x64.ActiveCfg = Debug|Any CPU
		{BD6AA2A2-997D-4AFF-ACC7-B64F6E51D181}.Debug|x86.ActiveCfg = Debug|Any CPU
		{BD6AA2A2-997D-4AFF-ACC7-B64F6E51D181}.Release|Any CPU.ActiveCfg = Release|Any CPU
		{BD6AA2A2-997D-4AFF-ACC7-B64F6E51D181}.Release|Any CPU.Build.0 = Release|Any CPU
		{BD6AA2A2-997D-4AFF-ACC7-B64F6E51D181}.Release|Mixed Platforms.ActiveCfg = Release|Any CPU
		{BD6AA2A2-997D-4AFF-ACC7-B64F6E51D181}.Release|Mixed Platforms.Build.0 = Release|Any CPU
		{BD6AA2A2-997D-4AFF-ACC7-B64F6E51D181}.Release|x64.ActiveCfg = Release|Any CPU
		{BD6AA2A2-997D-4AFF-ACC7-B64F6E51D181}.Release|x86.ActiveCfg = Release|Any CPU
		{CF5B22E7-230F-4E50-BE88-C4F7023CED2C}.Debug|Any CPU.ActiveCfg = Debug|Any CPU
		{CF5B22E7-230F-4E50-BE88-C4F7023CED2C}.Debug|Any CPU.Build.0 = Debug|Any CPU
		{CF5B22E7-230F-4E50-BE88-C4F7023CED2C}.Debug|Mixed Platforms.ActiveCfg = Debug|Any CPU
		{CF5B22E7-230F-4E50-BE88-C4F7023CED2C}.Debug|Mixed Platforms.Build.0 = Debug|Any CPU
		{CF5B22E7-230F-4E50-BE88-C4F7023CED2C}.Debug|x64.ActiveCfg = Debug|Any CPU
		{CF5B22E7-230F-4E50-BE88-C4F7023CED2C}.Debug|x86.ActiveCfg = Debug|Any CPU
		{CF5B22E7-230F-4E50-BE88-C4F7023CED2C}.Release|Any CPU.ActiveCfg = Release|Any CPU
		{CF5B22E7-230F-4E50-BE88-C4F7023CED2C}.Release|Any CPU.Build.0 = Release|Any CPU
		{CF5B22E7-230F-4E50-BE88-C4F7023CED2C}.Release|Mixed Platforms.ActiveCfg = Release|Any CPU
		{CF5B22E7-230F-4E50-BE88-C4F7023CED2C}.Release|Mixed Platforms.Build.0 = Release|Any CPU
		{CF5B22E7-230F-4E50-BE88-C4F7023CED2C}.Release|x64.ActiveCfg = Release|Any CPU
		{CF5B22E7-230F-4E50-BE88-C4F7023CED2C}.Release|x86.ActiveCfg = Release|Any CPU
		{D3440FD7-AFC5-4351-8741-6CDBF15CE944}.Debug|Any CPU.ActiveCfg = Debug|Any CPU
		{D3440FD7-AFC5-4351-8741-6CDBF15CE944}.Debug|Any CPU.Build.0 = Debug|Any CPU
		{D3440FD7-AFC5-4351-8741-6CDBF15CE944}.Debug|Mixed Platforms.ActiveCfg = Debug|Any CPU
		{D3440FD7-AFC5-4351-8741-6CDBF15CE944}.Debug|Mixed Platforms.Build.0 = Debug|Any CPU
		{D3440FD7-AFC5-4351-8741-6CDBF15CE944}.Debug|x64.ActiveCfg = Debug|Any CPU
		{D3440FD7-AFC5-4351-8741-6CDBF15CE944}.Debug|x86.ActiveCfg = Debug|Any CPU
		{D3440FD7-AFC5-4351-8741-6CDBF15CE944}.Release|Any CPU.ActiveCfg = Release|Any CPU
		{D3440FD7-AFC5-4351-8741-6CDBF15CE944}.Release|Any CPU.Build.0 = Release|Any CPU
		{D3440FD7-AFC5-4351-8741-6CDBF15CE944}.Release|Mixed Platforms.ActiveCfg = Release|Any CPU
		{D3440FD7-AFC5-4351-8741-6CDBF15CE944}.Release|Mixed Platforms.Build.0 = Release|Any CPU
		{D3440FD7-AFC5-4351-8741-6CDBF15CE944}.Release|x64.ActiveCfg = Release|Any CPU
		{D3440FD7-AFC5-4351-8741-6CDBF15CE944}.Release|x86.ActiveCfg = Release|Any CPU
		{E996BE2D-B07D-472D-9D74-3EA2D48EF269}.Debug|Any CPU.ActiveCfg = Debug|Any CPU
		{E996BE2D-B07D-472D-9D74-3EA2D48EF269}.Debug|Any CPU.Build.0 = Debug|Any CPU
		{E996BE2D-B07D-472D-9D74-3EA2D48EF269}.Debug|Mixed Platforms.ActiveCfg = Debug|Any CPU
		{E996BE2D-B07D-472D-9D74-3EA2D48EF269}.Debug|Mixed Platforms.Build.0 = Debug|Any CPU
		{E996BE2D-B07D-472D-9D74-3EA2D48EF269}.Debug|x64.ActiveCfg = Debug|Any CPU
		{E996BE2D-B07D-472D-9D74-3EA2D48EF269}.Debug|x86.ActiveCfg = Debug|Any CPU
		{E996BE2D-B07D-472D-9D74-3EA2D48EF269}.Release|Any CPU.ActiveCfg = Release|Any CPU
		{E996BE2D-B07D-472D-9D74-3EA2D48EF269}.Release|Any CPU.Build.0 = Release|Any CPU
		{E996BE2D-B07D-472D-9D74-3EA2D48EF269}.Release|Mixed Platforms.ActiveCfg = Release|Any CPU
		{E996BE2D-B07D-472D-9D74-3EA2D48EF269}.Release|Mixed Platforms.Build.0 = Release|Any CPU
		{E996BE2D-B07D-472D-9D74-3EA2D48EF269}.Release|x64.ActiveCfg = Release|Any CPU
		{E996BE2D-B07D-472D-9D74-3EA2D48EF269}.Release|x86.ActiveCfg = Release|Any CPU
		{F15A69AF-7EBD-4F69-A026-5071FA3EC61B}.Debug|Any CPU.ActiveCfg = Debug|Any CPU
		{F15A69AF-7EBD-4F69-A026-5071FA3EC61B}.Debug|Any CPU.Build.0 = Debug|Any CPU
		{F15A69AF-7EBD-4F69-A026-5071FA3EC61B}.Debug|Mixed Platforms.ActiveCfg = Debug|Any CPU
		{F15A69AF-7EBD-4F69-A026-5071FA3EC61B}.Debug|Mixed Platforms.Build.0 = Debug|Any CPU
		{F15A69AF-7EBD-4F69-A026-5071FA3EC61B}.Debug|x64.ActiveCfg = Debug|Any CPU
		{F15A69AF-7EBD-4F69-A026-5071FA3EC61B}.Debug|x86.ActiveCfg = Debug|Any CPU
		{F15A69AF-7EBD-4F69-A026-5071FA3EC61B}.Release|Any CPU.ActiveCfg = Release|Any CPU
		{F15A69AF-7EBD-4F69-A026-5071FA3EC61B}.Release|Any CPU.Build.0 = Release|Any CPU
		{F15A69AF-7EBD-4F69-A026-5071FA3EC61B}.Release|Mixed Platforms.ActiveCfg = Release|Any CPU
		{F15A69AF-7EBD-4F69-A026-5071FA3EC61B}.Release|Mixed Platforms.Build.0 = Release|Any CPU
		{F15A69AF-7EBD-4F69-A026-5071FA3EC61B}.Release|x64.ActiveCfg = Release|Any CPU
		{F15A69AF-7EBD-4F69-A026-5071FA3EC61B}.Release|x86.ActiveCfg = Release|Any CPU
		{F261BCD1-F5F7-4664-A229-E52032E6E9FD}.Debug|Any CPU.ActiveCfg = Debug|Any CPU
		{F261BCD1-F5F7-4664-A229-E52032E6E9FD}.Debug|Any CPU.Build.0 = Debug|Any CPU
		{F261BCD1-F5F7-4664-A229-E52032E6E9FD}.Debug|Mixed Platforms.ActiveCfg = Debug|Any CPU
		{F261BCD1-F5F7-4664-A229-E52032E6E9FD}.Debug|Mixed Platforms.Build.0 = Debug|Any CPU
		{F261BCD1-F5F7-4664-A229-E52032E6E9FD}.Debug|x64.ActiveCfg = Debug|Any CPU
		{F261BCD1-F5F7-4664-A229-E52032E6E9FD}.Debug|x86.ActiveCfg = Debug|Any CPU
		{F261BCD1-F5F7-4664-A229-E52032E6E9FD}.Release|Any CPU.ActiveCfg = Release|Any CPU
		{F261BCD1-F5F7-4664-A229-E52032E6E9FD}.Release|Any CPU.Build.0 = Release|Any CPU
		{F261BCD1-F5F7-4664-A229-E52032E6E9FD}.Release|Mixed Platforms.ActiveCfg = Release|Any CPU
		{F261BCD1-F5F7-4664-A229-E52032E6E9FD}.Release|Mixed Platforms.Build.0 = Release|Any CPU
		{F261BCD1-F5F7-4664-A229-E52032E6E9FD}.Release|x64.ActiveCfg = Release|Any CPU
		{F261BCD1-F5F7-4664-A229-E52032E6E9FD}.Release|x86.ActiveCfg = Release|Any CPU
	EndGlobalSection
	GlobalSection(SolutionProperties) = preSolution
		HideSolutionNode = FALSE
	EndGlobalSection
	GlobalSection(NestedProjects) = preSolution
		{0B131F9D-BB10-4C3E-9656-5AB858158DE5} = {AF6D7B1B-FAF6-4793-AC05-00C63A5BC0F5}
		{27559302-F35E-4B62-A6EC-11FF21A5FA6F} = {3D5CA0E0-EF51-4488-A8B7-86CC330D7AD8}
		{31D96116-16A6-45C2-9A6D-6DD5A1FC5F20} = {3D5CA0E0-EF51-4488-A8B7-86CC330D7AD8}
		{330F1115-B3DE-47F1-8A7E-D181E59E96E0} = {3D5CA0E0-EF51-4488-A8B7-86CC330D7AD8}
		{687A73BB-12A0-4AF7-B420-4A9C47DB75CB} = {3D5CA0E0-EF51-4488-A8B7-86CC330D7AD8}
		{7E5433F4-DD13-4D8E-95B2-59B4FFE7D636} = {3D5CA0E0-EF51-4488-A8B7-86CC330D7AD8}
		{921F0443-C3A1-4A09-82E8-C4AFB9654943} = {3D5CA0E0-EF51-4488-A8B7-86CC330D7AD8}
		{92B57383-233E-46AE-8A86-6E98BF349A72} = {AF6D7B1B-FAF6-4793-AC05-00C63A5BC0F5}
		{AF6D7B1B-FAF6-4793-AC05-00C63A5BC0F5} = {3D5CA0E0-EF51-4488-A8B7-86CC330D7AD8}
		{B1B0C273-AB3F-48BF-92C7-DE0BE90D5870} = {3D5CA0E0-EF51-4488-A8B7-86CC330D7AD8}
		{F261BCD1-F5F7-4664-A229-E52032E6E9FD} = {3D5CA0E0-EF51-4488-A8B7-86CC330D7AD8}
	EndGlobalSection
EndGlobal
