Microsoft Visual Studio Solution File, Format Version 12.00
# Visual Studio 15
VisualStudioVersion = 15.0.27130.2027
MinimumVisualStudioVersion = 15.0.27130.0
Project("{2150E333-8FDC-42A3-9474-1A3956D46DE8}") = "Plugins", "Plugins", "{3D5CA0E0-EF51-4488-A8B7-86CC330D7AD8}"
EndProject
Project("{2150E333-8FDC-42A3-9474-1A3956D46DE8}") = "Statistics", "Statistics", "{AF6D7B1B-FAF6-4793-AC05-00C63A5BC0F5}"
EndProject
Project("{FAE04EC0-301F-11D3-BF4B-00C04F79EFBC}") = "GitExtensions", "GitExtensions\GitExtensions.csproj", "{F15A69AF-7EBD-4F69-A026-5071FA3EC61B}"
	ProjectSection(ProjectDependencies) = postProject
		{1DC7D403-484B-43B4-B017-1356397A32CB} = {1DC7D403-484B-43B4-B017-1356397A32CB}
		{A426EE0B-E52E-4D74-AF24-06797142D7B2} = {A426EE0B-E52E-4D74-AF24-06797142D7B2}
		{D4628A13-CD53-401F-A645-CB16FD15ABBB} = {D4628A13-CD53-401F-A645-CB16FD15ABBB}
		{31D96116-16A6-45C2-9A6D-6DD5A1FC5F20} = {31D96116-16A6-45C2-9A6D-6DD5A1FC5F20}
		{699CE23D-8BBD-4C15-82E9-7A628ACCA4C6} = {699CE23D-8BBD-4C15-82E9-7A628ACCA4C6}
		{921F0443-C3A1-4A09-82E8-C4AFB9654943} = {921F0443-C3A1-4A09-82E8-C4AFB9654943}
		{92615565-CF33-4539-A0E6-610CE0734B8C} = {92615565-CF33-4539-A0E6-610CE0734B8C}
		{50AEAB6C-83C4-45F8-AA01-90E1405C48AF} = {50AEAB6C-83C4-45F8-AA01-90E1405C48AF}
		{B1B0C273-AB3F-48BF-92C7-DE0BE90D5870} = {B1B0C273-AB3F-48BF-92C7-DE0BE90D5870}
		{6D468574-C232-4FA8-B1CB-F559579F800D} = {6D468574-C232-4FA8-B1CB-F559579F800D}
		{101D3C78-27CC-446A-98EC-E2DE88BF0641} = {101D3C78-27CC-446A-98EC-E2DE88BF0641}
		{39228D7F-9239-4A2D-8A6F-4D0F7DEB9178} = {39228D7F-9239-4A2D-8A6F-4D0F7DEB9178}
		{92B57383-233E-46AE-8A86-6E98BF349A72} = {92B57383-233E-46AE-8A86-6E98BF349A72}
		{E6AAC693-815B-4D1A-83D7-F4DE36072793} = {E6AAC693-815B-4D1A-83D7-F4DE36072793}
		{0B131F9D-BB10-4C3E-9656-5AB858158DE5} = {0B131F9D-BB10-4C3E-9656-5AB858158DE5}
		{274F449F-7472-4248-9A57-8CA665A75B5D} = {274F449F-7472-4248-9A57-8CA665A75B5D}
		{452CBBA1-8AF0-4F3B-8BEB-B8B31DC2B749} = {452CBBA1-8AF0-4F3B-8BEB-B8B31DC2B749}
		{687A73BB-12A0-4AF7-B420-4A9C47DB75CB} = {687A73BB-12A0-4AF7-B420-4A9C47DB75CB}
		{F50B1DBF-1C9F-4437-87EC-7ABA805CC446} = {F50B1DBF-1C9F-4437-87EC-7ABA805CC446}
		{121965D1-4399-4538-B8BF-403EB5B847C3} = {121965D1-4399-4538-B8BF-403EB5B847C3}
		{F261BCD1-F5F7-4664-A229-E52032E6E9FD} = {F261BCD1-F5F7-4664-A229-E52032E6E9FD}
		{F261BCD1-F5F7-4664-A230-E52032E6E9FD} = {F261BCD1-F5F7-4664-A230-E52032E6E9FD}
		{626CA9EB-DB83-4BEB-87D5-15E3B397EF57} = {626CA9EB-DB83-4BEB-87D5-15E3B397EF57}
		{8B3778F2-6049-4D4C-B94F-D5FF3A5DC7F8} = {8B3778F2-6049-4D4C-B94F-D5FF3A5DC7F8}
		{7E5433F4-DD13-4D8E-95B2-59B4FFE7D636} = {7E5433F4-DD13-4D8E-95B2-59B4FFE7D636}
		{EC6988F6-0E8E-42D2-8E41-E562C5FB65BC} = {EC6988F6-0E8E-42D2-8E41-E562C5FB65BC}
	EndProjectSection
EndProject
Project("{FAE04EC0-301F-11D3-BF4B-00C04F79EFBC}") = "GitUI", "GitUI\GitUI.csproj", "{CF5B22E7-230F-4E50-BE88-C4F7023CED2C}"
EndProject
Project("{FAE04EC0-301F-11D3-BF4B-00C04F79EFBC}") = "GitCommands", "GitCommands\GitCommands.csproj", "{BD6AA2A2-997D-4AFF-ACC7-B64F6E51D181}"
EndProject
Project("{FAE04EC0-301F-11D3-BF4B-00C04F79EFBC}") = "GitUIPluginInterfaces", "Plugins\GitUIPluginInterfaces\GitUIPluginInterfaces.csproj", "{27559302-F35E-4B62-A6EC-11FF21A5FA6F}"
EndProject
Project("{FAE04EC0-301F-11D3-BF4B-00C04F79EFBC}") = "GitStatistics", "Plugins\Statistics\GitStatistics\GitStatistics.csproj", "{92B57383-233E-46AE-8A86-6E98BF349A72}"
EndProject
Project("{930C7802-8A8C-48F9-8165-68863BCCD9DD}") = "Setup", "Setup\Setup.wixproj", "{9380C29C-3C7F-47A8-A4C9-A5EE9D7B386A}"
	ProjectSection(ProjectDependencies) = postProject
		{F15A69AF-7EBD-4F69-A026-5071FA3EC61B} = {F15A69AF-7EBD-4F69-A026-5071FA3EC61B}
		{F01BB9F8-40F5-4D19-A8C1-9ED8E30107B6} = {F01BB9F8-40F5-4D19-A8C1-9ED8E30107B6}
	EndProjectSection
EndProject
Project("{FAE04EC0-301F-11D3-BF4B-00C04F79EFBC}") = "ResourceManager", "ResourceManager\ResourceManager.csproj", "{D3440FD7-AFC5-4351-8741-6CDBF15CE944}"
EndProject
Project("{FAE04EC0-301F-11D3-BF4B-00C04F79EFBC}") = "Gource", "Plugins\Gource\Gource.csproj", "{687A73BB-12A0-4AF7-B420-4A9C47DB75CB}"
EndProject
Project("{FAE04EC0-301F-11D3-BF4B-00C04F79EFBC}") = "DeleteUnusedBranches", "Plugins\DeleteUnusedBranches\DeleteUnusedBranches.csproj", "{921F0443-C3A1-4A09-82E8-C4AFB9654943}"
EndProject
Project("{FAE04EC0-301F-11D3-BF4B-00C04F79EFBC}") = "SpellChecker", "NetSpell.SpellChecker\SpellChecker.csproj", "{A426EE0B-E52E-4D74-AF24-06797142D7B2}"
EndProject
Project("{FAE04EC0-301F-11D3-BF4B-00C04F79EFBC}") = "GitImpact", "Plugins\Statistics\GitImpact\GitImpact.csproj", "{0B131F9D-BB10-4C3E-9656-5AB858158DE5}"
EndProject
Project("{FAE04EC0-301F-11D3-BF4B-00C04F79EFBC}") = "CreateLocalBranches", "Plugins\CreateLocalBranches\CreateLocalBranches.csproj", "{31D96116-16A6-45C2-9A6D-6DD5A1FC5F20}"
EndProject
Project("{FAE04EC0-301F-11D3-BF4B-00C04F79EFBC}") = "FindLargeFiles", "Plugins\FindLargeFiles\FindLargeFiles.csproj", "{F261BCD1-F5F7-4664-A229-E52032E6E9FD}"
EndProject
Project("{FAE04EC0-301F-11D3-BF4B-00C04F79EFBC}") = "GitHub3", "Plugins\GitHub3\GitHub3.csproj", "{B1B0C273-AB3F-48BF-92C7-DE0BE90D5870}"
EndProject
Project("{FAE04EC0-301F-11D3-BF4B-00C04F79EFBC}") = "Gerrit", "Plugins\Gerrit\Gerrit.csproj", "{EC6988F6-0E8E-42D2-8E41-E562C5FB65BC}"
EndProject
Project("{FAE04EC0-301F-11D3-BF4B-00C04F79EFBC}") = "ProxySwitcher", "Plugins\ProxySwitcher\ProxySwitcher.csproj", "{274F449F-7472-4248-9A57-8CA665A75B5D}"
EndProject
Project("{FAE04EC0-301F-11D3-BF4B-00C04F79EFBC}") = "ReleaseNotesGenerator", "Plugins\ReleaseNotesGenerator\ReleaseNotesGenerator.csproj", "{8B3778F2-6049-4D4C-B94F-D5FF3A5DC7F8}"
EndProject
Project("{FAE04EC0-301F-11D3-BF4B-00C04F79EFBC}") = "TranslationApp", "TranslationApp\TranslationApp.csproj", "{7C106FAC-CB81-4D37-BE98-E7F6A5BDD143}"
	ProjectSection(ProjectDependencies) = postProject
		{F15A69AF-7EBD-4F69-A026-5071FA3EC61B} = {F15A69AF-7EBD-4F69-A026-5071FA3EC61B}
		{F01BB9F8-40F5-4D19-A8C1-9ED8E30107B6} = {F01BB9F8-40F5-4D19-A8C1-9ED8E30107B6}
	EndProjectSection
EndProject
Project("{2150E333-8FDC-42A3-9474-1A3956D46DE8}") = ".nuget", ".nuget", "{BB46D906-E5AC-4CAB-B53E-BCC26AA74146}"
	ProjectSection(SolutionItems) = preProject
		.nuget\NuGet.Config = .nuget\NuGet.Config
	EndProjectSection
EndProject
Project("{FAE04EC0-301F-11D3-BF4B-00C04F79EFBC}") = "BackgroundFetch", "Plugins\BackgroundFetch\BackgroundFetch.csproj", "{F261BCD1-F5F7-4664-A230-E52032E6E9FD}"
EndProject
Project("{FAE04EC0-301F-11D3-BF4B-00C04F79EFBC}") = "AutoCompileSubmodules", "Plugins\AutoCompileSubmodules\AutoCompileSubmodules.csproj", "{7E5433F4-DD13-4D8E-95B2-59B4FFE7D636}"
EndProject
Project("{FAE04EC0-301F-11D3-BF4B-00C04F79EFBC}") = "GitFlow", "Plugins\GitFlow\GitFlow.csproj", "{D4628A13-CD53-401F-A645-CB16FD15ABBB}"
EndProject
Project("{FAE04EC0-301F-11D3-BF4B-00C04F79EFBC}") = "TeamCityIntegration", "Plugins\BuildServerIntegration\TeamCityIntegration\TeamCityIntegration.csproj", "{121965D1-4399-4538-B8BF-403EB5B847C3}"
EndProject
Project("{2150E333-8FDC-42A3-9474-1A3956D46DE8}") = "BuildServerIntegration", "BuildServerIntegration", "{F1B97F5D-CA42-4280-94A1-CE412BEA20DF}"
EndProject
Project("{2150E333-8FDC-42A3-9474-1A3956D46DE8}") = "Externals", "Externals", "{0E859634-B3DF-46AC-A73C-D49734F19D6A}"
EndProject
Project("{FAE04EC0-301F-11D3-BF4B-00C04F79EFBC}") = "Git.hub", "Externals\Git.hub\Git.hub\Git.hub.csproj", "{F50B1DBF-1C9F-4437-87EC-7ABA805CC446}"
EndProject
Project("{FAE04EC0-301F-11D3-BF4B-00C04F79EFBC}") = "NBug", "Externals\NBug\NBug\NBug.csproj", "{62CED1D5-F603-40DE-8BF5-3E49D3A392F4}"
EndProject
Project("{FAE04EC0-301F-11D3-BF4B-00C04F79EFBC}") = "Bitbucket", "Plugins\Bitbucket\Bitbucket.csproj", "{50AEAB6C-83C4-45F8-AA01-90E1405C48AF}"
EndProject
Project("{FAE04EC0-301F-11D3-BF4B-00C04F79EFBC}") = "JenkinsIntegration", "Plugins\BuildServerIntegration\JenkinsIntegration\JenkinsIntegration.csproj", "{E6AAC693-815B-4D1A-83D7-F4DE36072793}"
EndProject
Project("{FAE04EC0-301F-11D3-BF4B-00C04F79EFBC}") = "TfsIntegration", "Plugins\BuildServerIntegration\TfsIntegration\TfsIntegration.csproj", "{452CBBA1-8AF0-4F3B-8BEB-B8B31DC2B749}"
EndProject
Project("{FAE04EC0-301F-11D3-BF4B-00C04F79EFBC}") = "TfsInterop.Vs2012", "Plugins\BuildServerIntegration\TfsInterop.Vs2012\TfsInterop.Vs2012.csproj", "{699CE23D-8BBD-4C15-82E9-7A628ACCA4C6}"
EndProject
Project("{FAE04EC0-301F-11D3-BF4B-00C04F79EFBC}") = "TfsInterop.Vs2013", "Plugins\BuildServerIntegration\TfsInterop.Vs2013\TfsInterop.Vs2013.csproj", "{101D3C78-27CC-446A-98EC-E2DE88BF0641}"
EndProject
Project("{FAE04EC0-301F-11D3-BF4B-00C04F79EFBC}") = "GitExtUtils", "GitExtUtils\GitExtUtils.csproj", "{0F1F1168-A4B2-4FA2-B17B-735140D17F39}"
EndProject
Project("{FAE04EC0-301F-11D3-BF4B-00C04F79EFBC}") = "TfsInterop.Vs2015", "Plugins\BuildServerIntegration\TfsInterop.Vs2015\TfsInterop.Vs2015.csproj", "{6D468574-C232-4FA8-B1CB-F559579F800D}"
EndProject
Project("{2150E333-8FDC-42A3-9474-1A3956D46DE8}") = "VS", "VS", "{D3E0C080-5AC9-45DD-91A5-4933956C3560}"
EndProject
Project("{FAE04EC0-301F-11D3-BF4B-00C04F79EFBC}") = "GitExtensionsVSIX", "GitExtensionsVSIX\GitExtensionsVSIX.csproj", "{F01BB9F8-40F5-4D19-A8C1-9ED8E30107B6}"
	ProjectSection(ProjectDependencies) = postProject
		{F15A69AF-7EBD-4F69-A026-5071FA3EC61B} = {F15A69AF-7EBD-4F69-A026-5071FA3EC61B}
	EndProjectSection
EndProject
Project("{FAE04EC0-301F-11D3-BF4B-00C04F79EFBC}") = "ConEmuWinForms", "Externals\conemu-inside\ConEmuWinForms\ConEmuWinForms.csproj", "{1DC7D403-484B-43B4-B017-1356397A32CB}"
EndProject
Project("{FAE04EC0-301F-11D3-BF4B-00C04F79EFBC}") = "AppVeyorIntegration", "Plugins\BuildServerIntegration\AppVeyorIntegration\AppVeyorIntegration.csproj", "{39228D7F-9239-4A2D-8A6F-4D0F7DEB9178}"
EndProject
Project("{2150E333-8FDC-42A3-9474-1A3956D46DE8}") = "UnitTests", "UnitTests", "{020F800B-9170-4BB3-83C9-FCF83596D83C}"
EndProject
Project("{FAE04EC0-301F-11D3-BF4B-00C04F79EFBC}") = "GitCommandsTests", "UnitTests\GitCommandsTests\GitCommandsTests.csproj", "{E0BC2504-6BBB-4197-95EA-A2F7542BC15F}"
EndProject
Project("{FAE04EC0-301F-11D3-BF4B-00C04F79EFBC}") = "GitUITests", "UnitTests\GitUITests\GitUITests.csproj", "{1CD494C1-0BBA-44C3-BDAD-EE241975B223}"
EndProject
Project("{2150E333-8FDC-42A3-9474-1A3956D46DE8}") = "Plugins", "Plugins", "{C2276A26-13DF-485A-8B2C-414CF507798F}"
EndProject
Project("{FAE04EC0-301F-11D3-BF4B-00C04F79EFBC}") = "ReleaseNotesGeneratorTests", "UnitTests\Plugins\ReleaseNotesGeneratorTests\ReleaseNotesGeneratorTests.csproj", "{304AA3FB-3F0D-45DA-9C91-3C6575EF0F8B}"
EndProject
Project("{FAE04EC0-301F-11D3-BF4B-00C04F79EFBC}") = "ResourceManagerTests", "UnitTests\ResourceManagerTests\ResourceManagerTests.csproj", "{D9C9D8EF-E0BC-4CCD-829D-3523E750D0FE}"
EndProject
Project("{FAE04EC0-301F-11D3-BF4B-00C04F79EFBC}") = "JiraCommitHintPlugin", "Plugins\JiraCommitHintPlugin\JiraCommitHintPlugin.csproj", "{626CA9EB-DB83-4BEB-87D5-15E3B397EF57}"
EndProject
Project("{FAE04EC0-301F-11D3-BF4B-00C04F79EFBC}") = "CommonTestUtils", "UnitTests\CommonTestUtils\CommonTestUtils.csproj", "{7B1F2FA0-E17D-499B-AF86-D49DBEF8C548}"
EndProject
Project("{FAE04EC0-301F-11D3-BF4B-00C04F79EFBC}") = "AzureDevOpsIntegration", "Plugins\BuildServerIntegration\AzureDevOpsIntegration\AzureDevOpsIntegration.csproj", "{92615565-CF33-4539-A0E6-610CE0734B8C}"
EndProject
Project("{2150E333-8FDC-42A3-9474-1A3956D46DE8}") = "Solution Items", "Solution Items", "{C5855184-8571-4AD0-A373-B98215BA56CA}"
	ProjectSection(SolutionItems) = preProject
		.editorconfig = .editorconfig
		.gitattributes = .gitattributes
		.gitignore = .gitignore
		.gitmodules = .gitmodules
		.mailmap = .mailmap
		.travis.yml = .travis.yml
		appveyor.yml = appveyor.yml
		codecov.yml = codecov.yml
		CommonAssemblyInfo.cs = CommonAssemblyInfo.cs
		CONTRIBUTING.md = CONTRIBUTING.md
		CustomDictionary.xml = CustomDictionary.xml
		Directory.Build.props = Directory.Build.props
		Directory.Build.targets = Directory.Build.targets
		GitExtensions.ruleset = GitExtensions.ruleset
		GitExtensionsTest.ruleset = GitExtensionsTest.ruleset
		.github\ISSUE_TEMPLATE.md = .github\ISSUE_TEMPLATE.md
		LICENSE.md = LICENSE.md
		.github\PULL_REQUEST_TEMPLATE.md = .github\PULL_REQUEST_TEMPLATE.md
		README.md = README.md
	EndProjectSection
EndProject
Project("{2150E333-8FDC-42A3-9474-1A3956D46DE8}") = "Build", "Build", "{472B72D9-9336-4C8B-A199-300F0CA7669E}"
	ProjectSection(SolutionItems) = preProject
		Build\stylecop.json = Build\stylecop.json
		Build\vs-threading.MainThreadAssertingMethods.txt = Build\vs-threading.MainThreadAssertingMethods.txt
		Build\vs-threading.MainThreadSwitchingMethods.txt = Build\vs-threading.MainThreadSwitchingMethods.txt
		Build\vs-threading.TypesRequiringMainThread.txt = Build\vs-threading.TypesRequiringMainThread.txt
	EndProjectSection
EndProject
Project("{2150E333-8FDC-42A3-9474-1A3956D46DE8}") = "GitHub", "GitHub", "{17FD2A6B-4005-41DC-BFAC-59F936DF33AA}"
	ProjectSection(SolutionItems) = preProject
		.github\ISSUE_TEMPLATE.md = .github\ISSUE_TEMPLATE.md
		.github\PULL_REQUEST_TEMPLATE.md = .github\PULL_REQUEST_TEMPLATE.md
	EndProjectSection
EndProject
Project("{FAE04EC0-301F-11D3-BF4B-00C04F79EFBC}") = "GitExtUtilsTests", "UnitTests\GitExtUtils\GitExtUtilsTests.csproj", "{2B9B62FA-3E0C-45C5-9287-68B69413C5DF}"
EndProject
Project("{FAE04EC0-301F-11D3-BF4B-00C04F79EFBC}") = "ICSharpCode.TextEditor", "Externals\ICSharpCode.TextEditor\Project\ICSharpCode.TextEditor.csproj", "{2D18BE89-D210-49EB-A9DD-2246FBB3DF6D}"
EndProject
Project("{FAE04EC0-301F-11D3-BF4B-00C04F79EFBC}") = "GitUIPluginInterfacesTests", "UnitTests\Plugins\GitUIPluginInterfacesTests\GitUIPluginInterfacesTests.csproj", "{4DBDE0EB-9E03-48E0-8B1A-338850111373}"
EndProject
Project("{2150E333-8FDC-42A3-9474-1A3956D46DE8}") = "BuildServerIntegration", "BuildServerIntegration", "{BC90FFE0-7770-4979-884E-9F9F294C58C0}"
EndProject
Project("{FAE04EC0-301F-11D3-BF4B-00C04F79EFBC}") = "AzureDevOpsIntegrationTests", "UnitTests\Plugins\BuildServerIntegration\AzureDevOpsIntegrationTests\AzureDevOpsIntegrationTests.csproj", "{6E2BE70D-0B5C-45D6-9D42-4497A46C370D}"
EndProject
Global
	GlobalSection(SolutionConfigurationPlatforms) = preSolution
		Debug|Any CPU = Debug|Any CPU
		Release|Any CPU = Release|Any CPU
	EndGlobalSection
	GlobalSection(ProjectConfigurationPlatforms) = postSolution
		{F15A69AF-7EBD-4F69-A026-5071FA3EC61B}.Debug|Any CPU.ActiveCfg = Debug|Any CPU
		{F15A69AF-7EBD-4F69-A026-5071FA3EC61B}.Debug|Any CPU.Build.0 = Debug|Any CPU
		{F15A69AF-7EBD-4F69-A026-5071FA3EC61B}.Release|Any CPU.ActiveCfg = Release|Any CPU
		{F15A69AF-7EBD-4F69-A026-5071FA3EC61B}.Release|Any CPU.Build.0 = Release|Any CPU
		{CF5B22E7-230F-4E50-BE88-C4F7023CED2C}.Debug|Any CPU.ActiveCfg = Debug|Any CPU
		{CF5B22E7-230F-4E50-BE88-C4F7023CED2C}.Debug|Any CPU.Build.0 = Debug|Any CPU
		{CF5B22E7-230F-4E50-BE88-C4F7023CED2C}.Release|Any CPU.ActiveCfg = Release|Any CPU
		{CF5B22E7-230F-4E50-BE88-C4F7023CED2C}.Release|Any CPU.Build.0 = Release|Any CPU
		{BD6AA2A2-997D-4AFF-ACC7-B64F6E51D181}.Debug|Any CPU.ActiveCfg = Debug|Any CPU
		{BD6AA2A2-997D-4AFF-ACC7-B64F6E51D181}.Debug|Any CPU.Build.0 = Debug|Any CPU
		{BD6AA2A2-997D-4AFF-ACC7-B64F6E51D181}.Release|Any CPU.ActiveCfg = Release|Any CPU
		{BD6AA2A2-997D-4AFF-ACC7-B64F6E51D181}.Release|Any CPU.Build.0 = Release|Any CPU
		{27559302-F35E-4B62-A6EC-11FF21A5FA6F}.Debug|Any CPU.ActiveCfg = Debug|Any CPU
		{27559302-F35E-4B62-A6EC-11FF21A5FA6F}.Debug|Any CPU.Build.0 = Debug|Any CPU
		{27559302-F35E-4B62-A6EC-11FF21A5FA6F}.Release|Any CPU.ActiveCfg = Release|Any CPU
		{27559302-F35E-4B62-A6EC-11FF21A5FA6F}.Release|Any CPU.Build.0 = Release|Any CPU
		{92B57383-233E-46AE-8A86-6E98BF349A72}.Debug|Any CPU.ActiveCfg = Debug|Any CPU
		{92B57383-233E-46AE-8A86-6E98BF349A72}.Debug|Any CPU.Build.0 = Debug|Any CPU
		{92B57383-233E-46AE-8A86-6E98BF349A72}.Release|Any CPU.ActiveCfg = Release|Any CPU
		{92B57383-233E-46AE-8A86-6E98BF349A72}.Release|Any CPU.Build.0 = Release|Any CPU
		{9380C29C-3C7F-47A8-A4C9-A5EE9D7B386A}.Debug|Any CPU.ActiveCfg = Debug|x86
		{9380C29C-3C7F-47A8-A4C9-A5EE9D7B386A}.Release|Any CPU.ActiveCfg = Release|x86
		{D3440FD7-AFC5-4351-8741-6CDBF15CE944}.Debug|Any CPU.ActiveCfg = Debug|Any CPU
		{D3440FD7-AFC5-4351-8741-6CDBF15CE944}.Debug|Any CPU.Build.0 = Debug|Any CPU
		{D3440FD7-AFC5-4351-8741-6CDBF15CE944}.Release|Any CPU.ActiveCfg = Release|Any CPU
		{D3440FD7-AFC5-4351-8741-6CDBF15CE944}.Release|Any CPU.Build.0 = Release|Any CPU
		{687A73BB-12A0-4AF7-B420-4A9C47DB75CB}.Debug|Any CPU.ActiveCfg = Debug|Any CPU
		{687A73BB-12A0-4AF7-B420-4A9C47DB75CB}.Debug|Any CPU.Build.0 = Debug|Any CPU
		{687A73BB-12A0-4AF7-B420-4A9C47DB75CB}.Release|Any CPU.ActiveCfg = Release|Any CPU
		{687A73BB-12A0-4AF7-B420-4A9C47DB75CB}.Release|Any CPU.Build.0 = Release|Any CPU
		{921F0443-C3A1-4A09-82E8-C4AFB9654943}.Debug|Any CPU.ActiveCfg = Debug|Any CPU
		{921F0443-C3A1-4A09-82E8-C4AFB9654943}.Debug|Any CPU.Build.0 = Debug|Any CPU
		{921F0443-C3A1-4A09-82E8-C4AFB9654943}.Release|Any CPU.ActiveCfg = Release|Any CPU
		{921F0443-C3A1-4A09-82E8-C4AFB9654943}.Release|Any CPU.Build.0 = Release|Any CPU
		{A426EE0B-E52E-4D74-AF24-06797142D7B2}.Debug|Any CPU.ActiveCfg = Debug|Any CPU
		{A426EE0B-E52E-4D74-AF24-06797142D7B2}.Debug|Any CPU.Build.0 = Debug|Any CPU
		{A426EE0B-E52E-4D74-AF24-06797142D7B2}.Release|Any CPU.ActiveCfg = Release|Any CPU
		{A426EE0B-E52E-4D74-AF24-06797142D7B2}.Release|Any CPU.Build.0 = Release|Any CPU
		{0B131F9D-BB10-4C3E-9656-5AB858158DE5}.Debug|Any CPU.ActiveCfg = Debug|Any CPU
		{0B131F9D-BB10-4C3E-9656-5AB858158DE5}.Debug|Any CPU.Build.0 = Debug|Any CPU
		{0B131F9D-BB10-4C3E-9656-5AB858158DE5}.Release|Any CPU.ActiveCfg = Release|Any CPU
		{0B131F9D-BB10-4C3E-9656-5AB858158DE5}.Release|Any CPU.Build.0 = Release|Any CPU
		{31D96116-16A6-45C2-9A6D-6DD5A1FC5F20}.Debug|Any CPU.ActiveCfg = Debug|Any CPU
		{31D96116-16A6-45C2-9A6D-6DD5A1FC5F20}.Debug|Any CPU.Build.0 = Debug|Any CPU
		{31D96116-16A6-45C2-9A6D-6DD5A1FC5F20}.Release|Any CPU.ActiveCfg = Release|Any CPU
		{31D96116-16A6-45C2-9A6D-6DD5A1FC5F20}.Release|Any CPU.Build.0 = Release|Any CPU
		{F261BCD1-F5F7-4664-A229-E52032E6E9FD}.Debug|Any CPU.ActiveCfg = Debug|Any CPU
		{F261BCD1-F5F7-4664-A229-E52032E6E9FD}.Debug|Any CPU.Build.0 = Debug|Any CPU
		{F261BCD1-F5F7-4664-A229-E52032E6E9FD}.Release|Any CPU.ActiveCfg = Release|Any CPU
		{F261BCD1-F5F7-4664-A229-E52032E6E9FD}.Release|Any CPU.Build.0 = Release|Any CPU
		{B1B0C273-AB3F-48BF-92C7-DE0BE90D5870}.Debug|Any CPU.ActiveCfg = Debug|Any CPU
		{B1B0C273-AB3F-48BF-92C7-DE0BE90D5870}.Debug|Any CPU.Build.0 = Debug|Any CPU
		{B1B0C273-AB3F-48BF-92C7-DE0BE90D5870}.Release|Any CPU.ActiveCfg = Release|Any CPU
		{B1B0C273-AB3F-48BF-92C7-DE0BE90D5870}.Release|Any CPU.Build.0 = Release|Any CPU
		{EC6988F6-0E8E-42D2-8E41-E562C5FB65BC}.Debug|Any CPU.ActiveCfg = Debug|Any CPU
		{EC6988F6-0E8E-42D2-8E41-E562C5FB65BC}.Debug|Any CPU.Build.0 = Debug|Any CPU
		{EC6988F6-0E8E-42D2-8E41-E562C5FB65BC}.Release|Any CPU.ActiveCfg = Release|Any CPU
		{EC6988F6-0E8E-42D2-8E41-E562C5FB65BC}.Release|Any CPU.Build.0 = Release|Any CPU
		{274F449F-7472-4248-9A57-8CA665A75B5D}.Debug|Any CPU.ActiveCfg = Debug|Any CPU
		{274F449F-7472-4248-9A57-8CA665A75B5D}.Debug|Any CPU.Build.0 = Debug|Any CPU
		{274F449F-7472-4248-9A57-8CA665A75B5D}.Release|Any CPU.ActiveCfg = Release|Any CPU
		{274F449F-7472-4248-9A57-8CA665A75B5D}.Release|Any CPU.Build.0 = Release|Any CPU
		{8B3778F2-6049-4D4C-B94F-D5FF3A5DC7F8}.Debug|Any CPU.ActiveCfg = Debug|Any CPU
		{8B3778F2-6049-4D4C-B94F-D5FF3A5DC7F8}.Debug|Any CPU.Build.0 = Debug|Any CPU
		{8B3778F2-6049-4D4C-B94F-D5FF3A5DC7F8}.Release|Any CPU.ActiveCfg = Release|Any CPU
		{8B3778F2-6049-4D4C-B94F-D5FF3A5DC7F8}.Release|Any CPU.Build.0 = Release|Any CPU
		{7C106FAC-CB81-4D37-BE98-E7F6A5BDD143}.Debug|Any CPU.ActiveCfg = Debug|Any CPU
		{7C106FAC-CB81-4D37-BE98-E7F6A5BDD143}.Debug|Any CPU.Build.0 = Debug|Any CPU
		{7C106FAC-CB81-4D37-BE98-E7F6A5BDD143}.Release|Any CPU.ActiveCfg = Release|Any CPU
		{7C106FAC-CB81-4D37-BE98-E7F6A5BDD143}.Release|Any CPU.Build.0 = Release|Any CPU
		{F261BCD1-F5F7-4664-A230-E52032E6E9FD}.Debug|Any CPU.ActiveCfg = Debug|Any CPU
		{F261BCD1-F5F7-4664-A230-E52032E6E9FD}.Debug|Any CPU.Build.0 = Debug|Any CPU
		{F261BCD1-F5F7-4664-A230-E52032E6E9FD}.Release|Any CPU.ActiveCfg = Release|Any CPU
		{F261BCD1-F5F7-4664-A230-E52032E6E9FD}.Release|Any CPU.Build.0 = Release|Any CPU
		{7E5433F4-DD13-4D8E-95B2-59B4FFE7D636}.Debug|Any CPU.ActiveCfg = Debug|Any CPU
		{7E5433F4-DD13-4D8E-95B2-59B4FFE7D636}.Debug|Any CPU.Build.0 = Debug|Any CPU
		{7E5433F4-DD13-4D8E-95B2-59B4FFE7D636}.Release|Any CPU.ActiveCfg = Release|Any CPU
		{7E5433F4-DD13-4D8E-95B2-59B4FFE7D636}.Release|Any CPU.Build.0 = Release|Any CPU
		{D4628A13-CD53-401F-A645-CB16FD15ABBB}.Debug|Any CPU.ActiveCfg = Debug|Any CPU
		{D4628A13-CD53-401F-A645-CB16FD15ABBB}.Debug|Any CPU.Build.0 = Debug|Any CPU
		{D4628A13-CD53-401F-A645-CB16FD15ABBB}.Release|Any CPU.ActiveCfg = Release|Any CPU
		{D4628A13-CD53-401F-A645-CB16FD15ABBB}.Release|Any CPU.Build.0 = Release|Any CPU
		{121965D1-4399-4538-B8BF-403EB5B847C3}.Debug|Any CPU.ActiveCfg = Debug|Any CPU
		{121965D1-4399-4538-B8BF-403EB5B847C3}.Debug|Any CPU.Build.0 = Debug|Any CPU
		{121965D1-4399-4538-B8BF-403EB5B847C3}.Release|Any CPU.ActiveCfg = Release|Any CPU
		{121965D1-4399-4538-B8BF-403EB5B847C3}.Release|Any CPU.Build.0 = Release|Any CPU
		{F50B1DBF-1C9F-4437-87EC-7ABA805CC446}.Debug|Any CPU.ActiveCfg = Debug|Any CPU
		{F50B1DBF-1C9F-4437-87EC-7ABA805CC446}.Debug|Any CPU.Build.0 = Debug|Any CPU
		{F50B1DBF-1C9F-4437-87EC-7ABA805CC446}.Release|Any CPU.ActiveCfg = Release|Any CPU
		{F50B1DBF-1C9F-4437-87EC-7ABA805CC446}.Release|Any CPU.Build.0 = Release|Any CPU
		{62CED1D5-F603-40DE-8BF5-3E49D3A392F4}.Debug|Any CPU.ActiveCfg = Debug|Any CPU
		{62CED1D5-F603-40DE-8BF5-3E49D3A392F4}.Debug|Any CPU.Build.0 = Debug|Any CPU
		{62CED1D5-F603-40DE-8BF5-3E49D3A392F4}.Release|Any CPU.ActiveCfg = Release|Any CPU
		{62CED1D5-F603-40DE-8BF5-3E49D3A392F4}.Release|Any CPU.Build.0 = Release|Any CPU
		{50AEAB6C-83C4-45F8-AA01-90E1405C48AF}.Debug|Any CPU.ActiveCfg = Debug|Any CPU
		{50AEAB6C-83C4-45F8-AA01-90E1405C48AF}.Debug|Any CPU.Build.0 = Debug|Any CPU
		{50AEAB6C-83C4-45F8-AA01-90E1405C48AF}.Release|Any CPU.ActiveCfg = Release|Any CPU
		{50AEAB6C-83C4-45F8-AA01-90E1405C48AF}.Release|Any CPU.Build.0 = Release|Any CPU
		{E6AAC693-815B-4D1A-83D7-F4DE36072793}.Debug|Any CPU.ActiveCfg = Debug|Any CPU
		{E6AAC693-815B-4D1A-83D7-F4DE36072793}.Debug|Any CPU.Build.0 = Debug|Any CPU
		{E6AAC693-815B-4D1A-83D7-F4DE36072793}.Release|Any CPU.ActiveCfg = Release|Any CPU
		{E6AAC693-815B-4D1A-83D7-F4DE36072793}.Release|Any CPU.Build.0 = Release|Any CPU
		{452CBBA1-8AF0-4F3B-8BEB-B8B31DC2B749}.Debug|Any CPU.ActiveCfg = Debug|Any CPU
		{452CBBA1-8AF0-4F3B-8BEB-B8B31DC2B749}.Debug|Any CPU.Build.0 = Debug|Any CPU
		{452CBBA1-8AF0-4F3B-8BEB-B8B31DC2B749}.Release|Any CPU.ActiveCfg = Release|Any CPU
		{452CBBA1-8AF0-4F3B-8BEB-B8B31DC2B749}.Release|Any CPU.Build.0 = Release|Any CPU
		{699CE23D-8BBD-4C15-82E9-7A628ACCA4C6}.Debug|Any CPU.ActiveCfg = Debug|Any CPU
		{699CE23D-8BBD-4C15-82E9-7A628ACCA4C6}.Debug|Any CPU.Build.0 = Debug|Any CPU
		{699CE23D-8BBD-4C15-82E9-7A628ACCA4C6}.Release|Any CPU.ActiveCfg = Release|Any CPU
		{699CE23D-8BBD-4C15-82E9-7A628ACCA4C6}.Release|Any CPU.Build.0 = Release|Any CPU
		{101D3C78-27CC-446A-98EC-E2DE88BF0641}.Debug|Any CPU.ActiveCfg = Debug|Any CPU
		{101D3C78-27CC-446A-98EC-E2DE88BF0641}.Debug|Any CPU.Build.0 = Debug|Any CPU
		{101D3C78-27CC-446A-98EC-E2DE88BF0641}.Release|Any CPU.ActiveCfg = Release|Any CPU
		{101D3C78-27CC-446A-98EC-E2DE88BF0641}.Release|Any CPU.Build.0 = Release|Any CPU
		{0F1F1168-A4B2-4FA2-B17B-735140D17F39}.Debug|Any CPU.ActiveCfg = Debug|Any CPU
		{0F1F1168-A4B2-4FA2-B17B-735140D17F39}.Debug|Any CPU.Build.0 = Debug|Any CPU
		{0F1F1168-A4B2-4FA2-B17B-735140D17F39}.Release|Any CPU.ActiveCfg = Release|Any CPU
		{0F1F1168-A4B2-4FA2-B17B-735140D17F39}.Release|Any CPU.Build.0 = Release|Any CPU
		{6D468574-C232-4FA8-B1CB-F559579F800D}.Debug|Any CPU.ActiveCfg = Debug|Any CPU
		{6D468574-C232-4FA8-B1CB-F559579F800D}.Debug|Any CPU.Build.0 = Debug|Any CPU
		{6D468574-C232-4FA8-B1CB-F559579F800D}.Release|Any CPU.ActiveCfg = Release|Any CPU
		{6D468574-C232-4FA8-B1CB-F559579F800D}.Release|Any CPU.Build.0 = Release|Any CPU
		{F01BB9F8-40F5-4D19-A8C1-9ED8E30107B6}.Debug|Any CPU.ActiveCfg = Debug|Any CPU
		{F01BB9F8-40F5-4D19-A8C1-9ED8E30107B6}.Debug|Any CPU.Build.0 = Debug|Any CPU
		{F01BB9F8-40F5-4D19-A8C1-9ED8E30107B6}.Release|Any CPU.ActiveCfg = Release|Any CPU
		{F01BB9F8-40F5-4D19-A8C1-9ED8E30107B6}.Release|Any CPU.Build.0 = Release|Any CPU
		{1DC7D403-484B-43B4-B017-1356397A32CB}.Debug|Any CPU.ActiveCfg = Default|Any CPU
		{1DC7D403-484B-43B4-B017-1356397A32CB}.Debug|Any CPU.Build.0 = Default|Any CPU
		{1DC7D403-484B-43B4-B017-1356397A32CB}.Release|Any CPU.ActiveCfg = Default|Any CPU
		{1DC7D403-484B-43B4-B017-1356397A32CB}.Release|Any CPU.Build.0 = Default|Any CPU
		{39228D7F-9239-4A2D-8A6F-4D0F7DEB9178}.Debug|Any CPU.ActiveCfg = Debug|Any CPU
		{39228D7F-9239-4A2D-8A6F-4D0F7DEB9178}.Debug|Any CPU.Build.0 = Debug|Any CPU
		{39228D7F-9239-4A2D-8A6F-4D0F7DEB9178}.Release|Any CPU.ActiveCfg = Release|Any CPU
		{39228D7F-9239-4A2D-8A6F-4D0F7DEB9178}.Release|Any CPU.Build.0 = Release|Any CPU
		{E0BC2504-6BBB-4197-95EA-A2F7542BC15F}.Debug|Any CPU.ActiveCfg = Debug|Any CPU
		{E0BC2504-6BBB-4197-95EA-A2F7542BC15F}.Debug|Any CPU.Build.0 = Debug|Any CPU
		{E0BC2504-6BBB-4197-95EA-A2F7542BC15F}.Release|Any CPU.ActiveCfg = Release|Any CPU
		{E0BC2504-6BBB-4197-95EA-A2F7542BC15F}.Release|Any CPU.Build.0 = Release|Any CPU
		{1CD494C1-0BBA-44C3-BDAD-EE241975B223}.Debug|Any CPU.ActiveCfg = Debug|Any CPU
		{1CD494C1-0BBA-44C3-BDAD-EE241975B223}.Debug|Any CPU.Build.0 = Debug|Any CPU
		{1CD494C1-0BBA-44C3-BDAD-EE241975B223}.Release|Any CPU.ActiveCfg = Release|Any CPU
		{1CD494C1-0BBA-44C3-BDAD-EE241975B223}.Release|Any CPU.Build.0 = Release|Any CPU
		{304AA3FB-3F0D-45DA-9C91-3C6575EF0F8B}.Debug|Any CPU.ActiveCfg = Debug|Any CPU
		{304AA3FB-3F0D-45DA-9C91-3C6575EF0F8B}.Debug|Any CPU.Build.0 = Debug|Any CPU
		{304AA3FB-3F0D-45DA-9C91-3C6575EF0F8B}.Release|Any CPU.ActiveCfg = Release|Any CPU
		{304AA3FB-3F0D-45DA-9C91-3C6575EF0F8B}.Release|Any CPU.Build.0 = Release|Any CPU
		{D9C9D8EF-E0BC-4CCD-829D-3523E750D0FE}.Debug|Any CPU.ActiveCfg = Debug|Any CPU
		{D9C9D8EF-E0BC-4CCD-829D-3523E750D0FE}.Debug|Any CPU.Build.0 = Debug|Any CPU
		{D9C9D8EF-E0BC-4CCD-829D-3523E750D0FE}.Release|Any CPU.ActiveCfg = Release|Any CPU
		{D9C9D8EF-E0BC-4CCD-829D-3523E750D0FE}.Release|Any CPU.Build.0 = Release|Any CPU
		{626CA9EB-DB83-4BEB-87D5-15E3B397EF57}.Debug|Any CPU.ActiveCfg = Debug|Any CPU
		{626CA9EB-DB83-4BEB-87D5-15E3B397EF57}.Debug|Any CPU.Build.0 = Debug|Any CPU
		{626CA9EB-DB83-4BEB-87D5-15E3B397EF57}.Release|Any CPU.ActiveCfg = Release|Any CPU
		{626CA9EB-DB83-4BEB-87D5-15E3B397EF57}.Release|Any CPU.Build.0 = Release|Any CPU
		{7B1F2FA0-E17D-499B-AF86-D49DBEF8C548}.Debug|Any CPU.ActiveCfg = Debug|Any CPU
		{7B1F2FA0-E17D-499B-AF86-D49DBEF8C548}.Debug|Any CPU.Build.0 = Debug|Any CPU
		{7B1F2FA0-E17D-499B-AF86-D49DBEF8C548}.Release|Any CPU.ActiveCfg = Release|Any CPU
		{7B1F2FA0-E17D-499B-AF86-D49DBEF8C548}.Release|Any CPU.Build.0 = Release|Any CPU
		{92615565-CF33-4539-A0E6-610CE0734B8C}.Debug|Any CPU.ActiveCfg = Debug|Any CPU
		{92615565-CF33-4539-A0E6-610CE0734B8C}.Debug|Any CPU.Build.0 = Debug|Any CPU
		{92615565-CF33-4539-A0E6-610CE0734B8C}.Release|Any CPU.ActiveCfg = Release|Any CPU
		{92615565-CF33-4539-A0E6-610CE0734B8C}.Release|Any CPU.Build.0 = Release|Any CPU
		{2B9B62FA-3E0C-45C5-9287-68B69413C5DF}.Debug|Any CPU.ActiveCfg = Debug|Any CPU
		{2B9B62FA-3E0C-45C5-9287-68B69413C5DF}.Debug|Any CPU.Build.0 = Debug|Any CPU
		{2B9B62FA-3E0C-45C5-9287-68B69413C5DF}.Release|Any CPU.ActiveCfg = Release|Any CPU
		{2B9B62FA-3E0C-45C5-9287-68B69413C5DF}.Release|Any CPU.Build.0 = Release|Any CPU
		{2D18BE89-D210-49EB-A9DD-2246FBB3DF6D}.Debug|Any CPU.ActiveCfg = Release|Any CPU
		{2D18BE89-D210-49EB-A9DD-2246FBB3DF6D}.Debug|Any CPU.Build.0 = Release|Any CPU
		{2D18BE89-D210-49EB-A9DD-2246FBB3DF6D}.Release|Any CPU.ActiveCfg = Release|Any CPU
		{2D18BE89-D210-49EB-A9DD-2246FBB3DF6D}.Release|Any CPU.Build.0 = Release|Any CPU
		{4DBDE0EB-9E03-48E0-8B1A-338850111373}.Debug|Any CPU.ActiveCfg = Debug|Any CPU
		{4DBDE0EB-9E03-48E0-8B1A-338850111373}.Debug|Any CPU.Build.0 = Debug|Any CPU
		{4DBDE0EB-9E03-48E0-8B1A-338850111373}.Release|Any CPU.ActiveCfg = Release|Any CPU
		{4DBDE0EB-9E03-48E0-8B1A-338850111373}.Release|Any CPU.Build.0 = Release|Any CPU
		{6E2BE70D-0B5C-45D6-9D42-4497A46C370D}.Debug|Any CPU.ActiveCfg = Debug|Any CPU
		{6E2BE70D-0B5C-45D6-9D42-4497A46C370D}.Debug|Any CPU.Build.0 = Debug|Any CPU
		{6E2BE70D-0B5C-45D6-9D42-4497A46C370D}.Release|Any CPU.ActiveCfg = Release|Any CPU
		{6E2BE70D-0B5C-45D6-9D42-4497A46C370D}.Release|Any CPU.Build.0 = Release|Any CPU
	EndGlobalSection
	GlobalSection(SolutionProperties) = preSolution
		HideSolutionNode = FALSE
	EndGlobalSection
	GlobalSection(NestedProjects) = preSolution
		{AF6D7B1B-FAF6-4793-AC05-00C63A5BC0F5} = {3D5CA0E0-EF51-4488-A8B7-86CC330D7AD8}
		{27559302-F35E-4B62-A6EC-11FF21A5FA6F} = {3D5CA0E0-EF51-4488-A8B7-86CC330D7AD8}
		{92B57383-233E-46AE-8A86-6E98BF349A72} = {AF6D7B1B-FAF6-4793-AC05-00C63A5BC0F5}
		{687A73BB-12A0-4AF7-B420-4A9C47DB75CB} = {3D5CA0E0-EF51-4488-A8B7-86CC330D7AD8}
		{921F0443-C3A1-4A09-82E8-C4AFB9654943} = {3D5CA0E0-EF51-4488-A8B7-86CC330D7AD8}
		{0B131F9D-BB10-4C3E-9656-5AB858158DE5} = {AF6D7B1B-FAF6-4793-AC05-00C63A5BC0F5}
		{31D96116-16A6-45C2-9A6D-6DD5A1FC5F20} = {3D5CA0E0-EF51-4488-A8B7-86CC330D7AD8}
		{F261BCD1-F5F7-4664-A229-E52032E6E9FD} = {3D5CA0E0-EF51-4488-A8B7-86CC330D7AD8}
		{B1B0C273-AB3F-48BF-92C7-DE0BE90D5870} = {3D5CA0E0-EF51-4488-A8B7-86CC330D7AD8}
		{EC6988F6-0E8E-42D2-8E41-E562C5FB65BC} = {3D5CA0E0-EF51-4488-A8B7-86CC330D7AD8}
		{274F449F-7472-4248-9A57-8CA665A75B5D} = {3D5CA0E0-EF51-4488-A8B7-86CC330D7AD8}
		{8B3778F2-6049-4D4C-B94F-D5FF3A5DC7F8} = {3D5CA0E0-EF51-4488-A8B7-86CC330D7AD8}
		{F261BCD1-F5F7-4664-A230-E52032E6E9FD} = {3D5CA0E0-EF51-4488-A8B7-86CC330D7AD8}
		{7E5433F4-DD13-4D8E-95B2-59B4FFE7D636} = {3D5CA0E0-EF51-4488-A8B7-86CC330D7AD8}
		{D4628A13-CD53-401F-A645-CB16FD15ABBB} = {3D5CA0E0-EF51-4488-A8B7-86CC330D7AD8}
		{121965D1-4399-4538-B8BF-403EB5B847C3} = {F1B97F5D-CA42-4280-94A1-CE412BEA20DF}
		{F1B97F5D-CA42-4280-94A1-CE412BEA20DF} = {3D5CA0E0-EF51-4488-A8B7-86CC330D7AD8}
		{F50B1DBF-1C9F-4437-87EC-7ABA805CC446} = {0E859634-B3DF-46AC-A73C-D49734F19D6A}
		{62CED1D5-F603-40DE-8BF5-3E49D3A392F4} = {0E859634-B3DF-46AC-A73C-D49734F19D6A}
		{50AEAB6C-83C4-45F8-AA01-90E1405C48AF} = {3D5CA0E0-EF51-4488-A8B7-86CC330D7AD8}
		{E6AAC693-815B-4D1A-83D7-F4DE36072793} = {F1B97F5D-CA42-4280-94A1-CE412BEA20DF}
		{452CBBA1-8AF0-4F3B-8BEB-B8B31DC2B749} = {F1B97F5D-CA42-4280-94A1-CE412BEA20DF}
		{699CE23D-8BBD-4C15-82E9-7A628ACCA4C6} = {F1B97F5D-CA42-4280-94A1-CE412BEA20DF}
		{101D3C78-27CC-446A-98EC-E2DE88BF0641} = {F1B97F5D-CA42-4280-94A1-CE412BEA20DF}
		{6D468574-C232-4FA8-B1CB-F559579F800D} = {F1B97F5D-CA42-4280-94A1-CE412BEA20DF}
		{F01BB9F8-40F5-4D19-A8C1-9ED8E30107B6} = {D3E0C080-5AC9-45DD-91A5-4933956C3560}
		{1DC7D403-484B-43B4-B017-1356397A32CB} = {0E859634-B3DF-46AC-A73C-D49734F19D6A}
		{39228D7F-9239-4A2D-8A6F-4D0F7DEB9178} = {F1B97F5D-CA42-4280-94A1-CE412BEA20DF}
		{E0BC2504-6BBB-4197-95EA-A2F7542BC15F} = {020F800B-9170-4BB3-83C9-FCF83596D83C}
		{1CD494C1-0BBA-44C3-BDAD-EE241975B223} = {020F800B-9170-4BB3-83C9-FCF83596D83C}
		{C2276A26-13DF-485A-8B2C-414CF507798F} = {020F800B-9170-4BB3-83C9-FCF83596D83C}
		{304AA3FB-3F0D-45DA-9C91-3C6575EF0F8B} = {C2276A26-13DF-485A-8B2C-414CF507798F}
		{D9C9D8EF-E0BC-4CCD-829D-3523E750D0FE} = {020F800B-9170-4BB3-83C9-FCF83596D83C}
		{626CA9EB-DB83-4BEB-87D5-15E3B397EF57} = {3D5CA0E0-EF51-4488-A8B7-86CC330D7AD8}
		{7B1F2FA0-E17D-499B-AF86-D49DBEF8C548} = {020F800B-9170-4BB3-83C9-FCF83596D83C}
		{92615565-CF33-4539-A0E6-610CE0734B8C} = {F1B97F5D-CA42-4280-94A1-CE412BEA20DF}
		{472B72D9-9336-4C8B-A199-300F0CA7669E} = {C5855184-8571-4AD0-A373-B98215BA56CA}
		{17FD2A6B-4005-41DC-BFAC-59F936DF33AA} = {C5855184-8571-4AD0-A373-B98215BA56CA}
		{2B9B62FA-3E0C-45C5-9287-68B69413C5DF} = {020F800B-9170-4BB3-83C9-FCF83596D83C}
		{2D18BE89-D210-49EB-A9DD-2246FBB3DF6D} = {0E859634-B3DF-46AC-A73C-D49734F19D6A}
		{4DBDE0EB-9E03-48E0-8B1A-338850111373} = {C2276A26-13DF-485A-8B2C-414CF507798F}
		{BC90FFE0-7770-4979-884E-9F9F294C58C0} = {C2276A26-13DF-485A-8B2C-414CF507798F}
		{6E2BE70D-0B5C-45D6-9D42-4497A46C370D} = {BC90FFE0-7770-4979-884E-9F9F294C58C0}
	EndGlobalSection
	GlobalSection(ExtensibilityGlobals) = postSolution
		SolutionGuid = {ECECB7EA-BCCF-44AD-B63E-C2FA45589FB0}
	EndGlobalSection
EndGlobal
