
Microsoft Visual Studio Solution File, Format Version 10.00
# Visual Studio 2008
Project("{FAE04EC0-301F-11D3-BF4B-00C04F79EFBC}") = "GitExtensions", "GitExtensions\GitExtensions.csproj", "{F15A69AF-7EBD-4F69-A026-5071FA3EC61B}"
EndProject
Project("{8BC9CEB8-8B4A-11D0-8D11-00A0C91BC942}") = "SimpleExt", "..\SimpleExt\SimpleExt.vcproj", "{BBE7B8AD-D175-4679-A614-38BFF28B0269}"
EndProject
Project("{FAE04EC0-301F-11D3-BF4B-00C04F79EFBC}") = "GitPlugin", "..\GitPlugin\GitPlugin.csproj", "{E996BE2D-B07D-472D-9D74-3EA2D48EF269}"
EndProject
Project("{FAE04EC0-301F-11D3-BF4B-00C04F79EFBC}") = "GitUI", "..\GitUI\GitUI.csproj", "{CF5B22E7-230F-4E50-BE88-C4F7023CED2C}"
EndProject
Project("{FAE04EC0-301F-11D3-BF4B-00C04F79EFBC}") = "GitCommands", "GitCommands\GitCommands.csproj", "{BD6AA2A2-997D-4AFF-ACC7-B64F6E51D181}"
EndProject
Project("{2150E333-8FDC-42A3-9474-1A3956D46DE8}") = "Plugins", "Plugins", "{3D5CA0E0-EF51-4488-A8B7-86CC330D7AD8}"
EndProject
Project("{FAE04EC0-301F-11D3-BF4B-00C04F79EFBC}") = "AutoCompileSubmodules", "..\Plugins\AutoCompileSubmodules\AutoCompileSubmodules\AutoCompileSubmodules.csproj", "{7E5433F4-DD13-4D8E-95B2-59B4FFE7D636}"
EndProject
Project("{FAE04EC0-301F-11D3-BF4B-00C04F79EFBC}") = "GitUIPluginInterfaces", "..\Plugins\GitUIPluginInterfaces\GitUIPluginInterfaces.csproj", "{27559302-F35E-4B62-A6EC-11FF21A5FA6F}"
EndProject
Project("{FAE04EC0-301F-11D3-BF4B-00C04F79EFBC}") = "AutoCheckForUpdates", "..\Plugins\AutoCheckForUpdates\AutoCheckForUpdates.csproj", "{330F1115-B3DE-47F1-8A7E-D181E59E96E0}"
EndProject
Project("{2150E333-8FDC-42A3-9474-1A3956D46DE8}") = "Statistics", "Statistics", "{AF6D7B1B-FAF6-4793-AC05-00C63A5BC0F5}"
EndProject
Project("{FAE04EC0-301F-11D3-BF4B-00C04F79EFBC}") = "GitStatistics", "..\Plugins\Statistics\GitStatistics\GitStatistics.csproj", "{92B57383-233E-46AE-8A86-6E98BF349A72}"
EndProject
Project("{930C7802-8A8C-48F9-8165-68863BCCD9DD}") = "Setup", "..\Setup\Setup.wixproj", "{9380C29C-3C7F-47A8-A4C9-A5EE9D7B386A}"
EndProject
Global
	GlobalSection(SolutionConfigurationPlatforms) = preSolution
		Debug|Any CPU = Debug|Any CPU
		Debug|Mixed Platforms = Debug|Mixed Platforms
		Debug|Win32 = Debug|Win32
		Debug|x64 = Debug|x64
		Debug|x86 = Debug|x86
		Release MinDependency|Any CPU = Release MinDependency|Any CPU
		Release MinDependency|Mixed Platforms = Release MinDependency|Mixed Platforms
		Release MinDependency|Win32 = Release MinDependency|Win32
		Release MinDependency|x64 = Release MinDependency|x64
		Release MinDependency|x86 = Release MinDependency|x86
		Release MinSize|Any CPU = Release MinSize|Any CPU
		Release MinSize|Mixed Platforms = Release MinSize|Mixed Platforms
		Release MinSize|Win32 = Release MinSize|Win32
		Release MinSize|x64 = Release MinSize|x64
		Release MinSize|x86 = Release MinSize|x86
		Release|Any CPU = Release|Any CPU
		Release|Mixed Platforms = Release|Mixed Platforms
		Release|Win32 = Release|Win32
		Release|x64 = Release|x64
		Release|x86 = Release|x86
		Unicode Debug|Any CPU = Unicode Debug|Any CPU
		Unicode Debug|Mixed Platforms = Unicode Debug|Mixed Platforms
		Unicode Debug|Win32 = Unicode Debug|Win32
		Unicode Debug|x64 = Unicode Debug|x64
		Unicode Debug|x86 = Unicode Debug|x86
		Unicode Release MinDependency|Any CPU = Unicode Release MinDependency|Any CPU
		Unicode Release MinDependency|Mixed Platforms = Unicode Release MinDependency|Mixed Platforms
		Unicode Release MinDependency|Win32 = Unicode Release MinDependency|Win32
		Unicode Release MinDependency|x64 = Unicode Release MinDependency|x64
		Unicode Release MinDependency|x86 = Unicode Release MinDependency|x86
		Unicode Release MinSize|Any CPU = Unicode Release MinSize|Any CPU
		Unicode Release MinSize|Mixed Platforms = Unicode Release MinSize|Mixed Platforms
		Unicode Release MinSize|Win32 = Unicode Release MinSize|Win32
		Unicode Release MinSize|x64 = Unicode Release MinSize|x64
		Unicode Release MinSize|x86 = Unicode Release MinSize|x86
	EndGlobalSection
	GlobalSection(ProjectConfigurationPlatforms) = postSolution
		{F15A69AF-7EBD-4F69-A026-5071FA3EC61B}.Debug|Any CPU.ActiveCfg = Debug|Any CPU
		{F15A69AF-7EBD-4F69-A026-5071FA3EC61B}.Debug|Any CPU.Build.0 = Debug|Any CPU
		{F15A69AF-7EBD-4F69-A026-5071FA3EC61B}.Debug|Mixed Platforms.ActiveCfg = Debug|Any CPU
		{F15A69AF-7EBD-4F69-A026-5071FA3EC61B}.Debug|Mixed Platforms.Build.0 = Debug|Any CPU
		{F15A69AF-7EBD-4F69-A026-5071FA3EC61B}.Debug|Win32.ActiveCfg = Debug|Any CPU
		{F15A69AF-7EBD-4F69-A026-5071FA3EC61B}.Debug|Win32.Build.0 = Debug|Win32
		{F15A69AF-7EBD-4F69-A026-5071FA3EC61B}.Debug|x64.ActiveCfg = Debug|Any CPU
		{F15A69AF-7EBD-4F69-A026-5071FA3EC61B}.Debug|x64.Build.0 = Debug|Any CPU
		{F15A69AF-7EBD-4F69-A026-5071FA3EC61B}.Debug|x86.ActiveCfg = Debug|Win32
		{F15A69AF-7EBD-4F69-A026-5071FA3EC61B}.Release MinDependency|Any CPU.ActiveCfg = Release|Any CPU
		{F15A69AF-7EBD-4F69-A026-5071FA3EC61B}.Release MinDependency|Any CPU.Build.0 = Release|Any CPU
		{F15A69AF-7EBD-4F69-A026-5071FA3EC61B}.Release MinDependency|Mixed Platforms.ActiveCfg = Release|Any CPU
		{F15A69AF-7EBD-4F69-A026-5071FA3EC61B}.Release MinDependency|Mixed Platforms.Build.0 = Release|Any CPU
		{F15A69AF-7EBD-4F69-A026-5071FA3EC61B}.Release MinDependency|Win32.ActiveCfg = Release|Any CPU
		{F15A69AF-7EBD-4F69-A026-5071FA3EC61B}.Release MinDependency|Win32.Build.0 = Release MinDependency|Win32
		{F15A69AF-7EBD-4F69-A026-5071FA3EC61B}.Release MinDependency|x64.ActiveCfg = Release|Any CPU
		{F15A69AF-7EBD-4F69-A026-5071FA3EC61B}.Release MinDependency|x64.Build.0 = Release MinDependency|x64
		{F15A69AF-7EBD-4F69-A026-5071FA3EC61B}.Release MinDependency|x86.ActiveCfg = Release MinDependency|x64
		{F15A69AF-7EBD-4F69-A026-5071FA3EC61B}.Release MinSize|Any CPU.ActiveCfg = Release|Any CPU
		{F15A69AF-7EBD-4F69-A026-5071FA3EC61B}.Release MinSize|Any CPU.Build.0 = Release|Any CPU
		{F15A69AF-7EBD-4F69-A026-5071FA3EC61B}.Release MinSize|Mixed Platforms.ActiveCfg = Release|Any CPU
		{F15A69AF-7EBD-4F69-A026-5071FA3EC61B}.Release MinSize|Mixed Platforms.Build.0 = Release|Any CPU
		{F15A69AF-7EBD-4F69-A026-5071FA3EC61B}.Release MinSize|Win32.ActiveCfg = Release|Any CPU
		{F15A69AF-7EBD-4F69-A026-5071FA3EC61B}.Release MinSize|Win32.Build.0 = Release MinSize|Win32
		{F15A69AF-7EBD-4F69-A026-5071FA3EC61B}.Release MinSize|x64.ActiveCfg = Release|Any CPU
		{F15A69AF-7EBD-4F69-A026-5071FA3EC61B}.Release MinSize|x64.Build.0 = Release MinSize|x64
		{F15A69AF-7EBD-4F69-A026-5071FA3EC61B}.Release MinSize|x86.ActiveCfg = Release MinSize|x64
		{F15A69AF-7EBD-4F69-A026-5071FA3EC61B}.Release|Any CPU.ActiveCfg = Release|Any CPU
		{F15A69AF-7EBD-4F69-A026-5071FA3EC61B}.Release|Any CPU.Build.0 = Release|Any CPU
		{F15A69AF-7EBD-4F69-A026-5071FA3EC61B}.Release|Mixed Platforms.ActiveCfg = Release|Any CPU
		{F15A69AF-7EBD-4F69-A026-5071FA3EC61B}.Release|Mixed Platforms.Build.0 = Release|Any CPU
		{F15A69AF-7EBD-4F69-A026-5071FA3EC61B}.Release|Win32.ActiveCfg = Release|Any CPU
		{F15A69AF-7EBD-4F69-A026-5071FA3EC61B}.Release|Win32.Build.0 = Release|Win32
		{F15A69AF-7EBD-4F69-A026-5071FA3EC61B}.Release|x64.ActiveCfg = Release|Any CPU
		{F15A69AF-7EBD-4F69-A026-5071FA3EC61B}.Release|x64.Build.0 = Release|Any CPU
		{F15A69AF-7EBD-4F69-A026-5071FA3EC61B}.Release|x86.ActiveCfg = Release|Win32
		{F15A69AF-7EBD-4F69-A026-5071FA3EC61B}.Unicode Debug|Any CPU.ActiveCfg = Debug|Any CPU
		{F15A69AF-7EBD-4F69-A026-5071FA3EC61B}.Unicode Debug|Any CPU.Build.0 = Debug|Any CPU
		{F15A69AF-7EBD-4F69-A026-5071FA3EC61B}.Unicode Debug|Mixed Platforms.ActiveCfg = Debug|Any CPU
		{F15A69AF-7EBD-4F69-A026-5071FA3EC61B}.Unicode Debug|Mixed Platforms.Build.0 = Debug|Any CPU
		{F15A69AF-7EBD-4F69-A026-5071FA3EC61B}.Unicode Debug|Win32.ActiveCfg = Debug|Any CPU
		{F15A69AF-7EBD-4F69-A026-5071FA3EC61B}.Unicode Debug|Win32.Build.0 = Unicode Debug|Win32
		{F15A69AF-7EBD-4F69-A026-5071FA3EC61B}.Unicode Debug|x64.ActiveCfg = Debug|Any CPU
		{F15A69AF-7EBD-4F69-A026-5071FA3EC61B}.Unicode Debug|x64.Build.0 = Unicode Debug|x64
		{F15A69AF-7EBD-4F69-A026-5071FA3EC61B}.Unicode Debug|x86.ActiveCfg = Unicode Debug|x64
		{F15A69AF-7EBD-4F69-A026-5071FA3EC61B}.Unicode Release MinDependency|Any CPU.ActiveCfg = Release|Any CPU
		{F15A69AF-7EBD-4F69-A026-5071FA3EC61B}.Unicode Release MinDependency|Any CPU.Build.0 = Release|Any CPU
		{F15A69AF-7EBD-4F69-A026-5071FA3EC61B}.Unicode Release MinDependency|Mixed Platforms.ActiveCfg = Release|Any CPU
		{F15A69AF-7EBD-4F69-A026-5071FA3EC61B}.Unicode Release MinDependency|Mixed Platforms.Build.0 = Release|Any CPU
		{F15A69AF-7EBD-4F69-A026-5071FA3EC61B}.Unicode Release MinDependency|Win32.ActiveCfg = Release|Any CPU
		{F15A69AF-7EBD-4F69-A026-5071FA3EC61B}.Unicode Release MinDependency|Win32.Build.0 = Unicode Release MinDependency|Win32
		{F15A69AF-7EBD-4F69-A026-5071FA3EC61B}.Unicode Release MinDependency|x64.ActiveCfg = Release|Any CPU
		{F15A69AF-7EBD-4F69-A026-5071FA3EC61B}.Unicode Release MinDependency|x64.Build.0 = Unicode Release MinDependency|x64
		{F15A69AF-7EBD-4F69-A026-5071FA3EC61B}.Unicode Release MinDependency|x86.ActiveCfg = Unicode Release MinDependency|x64
		{F15A69AF-7EBD-4F69-A026-5071FA3EC61B}.Unicode Release MinSize|Any CPU.ActiveCfg = Release|Any CPU
		{F15A69AF-7EBD-4F69-A026-5071FA3EC61B}.Unicode Release MinSize|Any CPU.Build.0 = Release|Any CPU
		{F15A69AF-7EBD-4F69-A026-5071FA3EC61B}.Unicode Release MinSize|Mixed Platforms.ActiveCfg = Release|Any CPU
		{F15A69AF-7EBD-4F69-A026-5071FA3EC61B}.Unicode Release MinSize|Mixed Platforms.Build.0 = Release|Any CPU
		{F15A69AF-7EBD-4F69-A026-5071FA3EC61B}.Unicode Release MinSize|Win32.ActiveCfg = Release|Any CPU
		{F15A69AF-7EBD-4F69-A026-5071FA3EC61B}.Unicode Release MinSize|Win32.Build.0 = Unicode Release MinSize|Win32
		{F15A69AF-7EBD-4F69-A026-5071FA3EC61B}.Unicode Release MinSize|x64.ActiveCfg = Release|Any CPU
		{F15A69AF-7EBD-4F69-A026-5071FA3EC61B}.Unicode Release MinSize|x64.Build.0 = Unicode Release MinSize|x64
		{F15A69AF-7EBD-4F69-A026-5071FA3EC61B}.Unicode Release MinSize|x86.ActiveCfg = Unicode Release MinSize|x64
		{BBE7B8AD-D175-4679-A614-38BFF28B0269}.Debug|Any CPU.ActiveCfg = Debug|Win32
		{BBE7B8AD-D175-4679-A614-38BFF28B0269}.Debug|Mixed Platforms.ActiveCfg = Debug|Win32
		{BBE7B8AD-D175-4679-A614-38BFF28B0269}.Debug|Mixed Platforms.Build.0 = Debug|Win32
		{BBE7B8AD-D175-4679-A614-38BFF28B0269}.Debug|Win32.ActiveCfg = Debug|Win32
		{BBE7B8AD-D175-4679-A614-38BFF28B0269}.Debug|Win32.Build.0 = Debug|Win32
		{BBE7B8AD-D175-4679-A614-38BFF28B0269}.Debug|x64.ActiveCfg = Debug|x64
		{BBE7B8AD-D175-4679-A614-38BFF28B0269}.Debug|x64.Build.0 = Debug|x64
		{BBE7B8AD-D175-4679-A614-38BFF28B0269}.Debug|x86.ActiveCfg = Debug|x64
		{BBE7B8AD-D175-4679-A614-38BFF28B0269}.Release MinDependency|Any CPU.ActiveCfg = Release MinDependency|Win32
		{BBE7B8AD-D175-4679-A614-38BFF28B0269}.Release MinDependency|Any CPU.Build.0 = Release MinDependency|Any CPU
		{BBE7B8AD-D175-4679-A614-38BFF28B0269}.Release MinDependency|Mixed Platforms.ActiveCfg = Release MinDependency|Win32
		{BBE7B8AD-D175-4679-A614-38BFF28B0269}.Release MinDependency|Mixed Platforms.Build.0 = Release MinDependency|Win32
		{BBE7B8AD-D175-4679-A614-38BFF28B0269}.Release MinDependency|Win32.ActiveCfg = Release MinDependency|Win32
		{BBE7B8AD-D175-4679-A614-38BFF28B0269}.Release MinDependency|Win32.Build.0 = Release MinDependency|Win32
		{BBE7B8AD-D175-4679-A614-38BFF28B0269}.Release MinDependency|x64.ActiveCfg = Release MinDependency|x64
		{BBE7B8AD-D175-4679-A614-38BFF28B0269}.Release MinDependency|x64.Build.0 = Release MinDependency|x64
		{BBE7B8AD-D175-4679-A614-38BFF28B0269}.Release MinDependency|x86.ActiveCfg = Release MinDependency|x64
		{BBE7B8AD-D175-4679-A614-38BFF28B0269}.Release MinSize|Any CPU.ActiveCfg = Release MinSize|Win32
		{BBE7B8AD-D175-4679-A614-38BFF28B0269}.Release MinSize|Any CPU.Build.0 = Release MinSize|Any CPU
		{BBE7B8AD-D175-4679-A614-38BFF28B0269}.Release MinSize|Mixed Platforms.ActiveCfg = Release MinSize|Win32
		{BBE7B8AD-D175-4679-A614-38BFF28B0269}.Release MinSize|Mixed Platforms.Build.0 = Release MinSize|Win32
		{BBE7B8AD-D175-4679-A614-38BFF28B0269}.Release MinSize|Win32.ActiveCfg = Release MinSize|Win32
		{BBE7B8AD-D175-4679-A614-38BFF28B0269}.Release MinSize|Win32.Build.0 = Release MinSize|Win32
		{BBE7B8AD-D175-4679-A614-38BFF28B0269}.Release MinSize|x64.ActiveCfg = Release MinSize|x64
		{BBE7B8AD-D175-4679-A614-38BFF28B0269}.Release MinSize|x64.Build.0 = Release MinSize|x64
		{BBE7B8AD-D175-4679-A614-38BFF28B0269}.Release MinSize|x86.ActiveCfg = Release MinSize|x64
		{BBE7B8AD-D175-4679-A614-38BFF28B0269}.Release|Any CPU.ActiveCfg = Release MinDependency|Win32
		{BBE7B8AD-D175-4679-A614-38BFF28B0269}.Release|Any CPU.Build.0 = Release|Any CPU
		{BBE7B8AD-D175-4679-A614-38BFF28B0269}.Release|Mixed Platforms.ActiveCfg = Release MinDependency|Win32
		{BBE7B8AD-D175-4679-A614-38BFF28B0269}.Release|Mixed Platforms.Build.0 = Release MinDependency|Win32
		{BBE7B8AD-D175-4679-A614-38BFF28B0269}.Release|Win32.ActiveCfg = Release MinDependency|Win32
		{BBE7B8AD-D175-4679-A614-38BFF28B0269}.Release|Win32.Build.0 = Release MinDependency|Win32
		{BBE7B8AD-D175-4679-A614-38BFF28B0269}.Release|x64.ActiveCfg = Release MinDependency|x64
		{BBE7B8AD-D175-4679-A614-38BFF28B0269}.Release|x64.Build.0 = Release MinDependency|x64
		{BBE7B8AD-D175-4679-A614-38BFF28B0269}.Release|x86.ActiveCfg = Release|Any CPU
		{BBE7B8AD-D175-4679-A614-38BFF28B0269}.Unicode Debug|Any CPU.ActiveCfg = Unicode Debug|Win32
		{BBE7B8AD-D175-4679-A614-38BFF28B0269}.Unicode Debug|Any CPU.Build.0 = Unicode Debug|Any CPU
		{BBE7B8AD-D175-4679-A614-38BFF28B0269}.Unicode Debug|Mixed Platforms.ActiveCfg = Unicode Debug|Win32
		{BBE7B8AD-D175-4679-A614-38BFF28B0269}.Unicode Debug|Mixed Platforms.Build.0 = Unicode Debug|Win32
		{BBE7B8AD-D175-4679-A614-38BFF28B0269}.Unicode Debug|Win32.ActiveCfg = Unicode Debug|Win32
		{BBE7B8AD-D175-4679-A614-38BFF28B0269}.Unicode Debug|Win32.Build.0 = Unicode Debug|Win32
		{BBE7B8AD-D175-4679-A614-38BFF28B0269}.Unicode Debug|x64.ActiveCfg = Unicode Debug|x64
		{BBE7B8AD-D175-4679-A614-38BFF28B0269}.Unicode Debug|x64.Build.0 = Unicode Debug|x64
		{BBE7B8AD-D175-4679-A614-38BFF28B0269}.Unicode Debug|x86.ActiveCfg = Unicode Debug|x64
		{BBE7B8AD-D175-4679-A614-38BFF28B0269}.Unicode Release MinDependency|Any CPU.ActiveCfg = Unicode Release MinDependency|Win32
		{BBE7B8AD-D175-4679-A614-38BFF28B0269}.Unicode Release MinDependency|Any CPU.Build.0 = Unicode Release MinDependency|Any CPU
		{BBE7B8AD-D175-4679-A614-38BFF28B0269}.Unicode Release MinDependency|Mixed Platforms.ActiveCfg = Unicode Release MinDependency|Win32
		{BBE7B8AD-D175-4679-A614-38BFF28B0269}.Unicode Release MinDependency|Mixed Platforms.Build.0 = Unicode Release MinDependency|Win32
		{BBE7B8AD-D175-4679-A614-38BFF28B0269}.Unicode Release MinDependency|Win32.ActiveCfg = Unicode Release MinDependency|Win32
		{BBE7B8AD-D175-4679-A614-38BFF28B0269}.Unicode Release MinDependency|Win32.Build.0 = Unicode Release MinDependency|Win32
		{BBE7B8AD-D175-4679-A614-38BFF28B0269}.Unicode Release MinDependency|x64.ActiveCfg = Unicode Release MinDependency|x64
		{BBE7B8AD-D175-4679-A614-38BFF28B0269}.Unicode Release MinDependency|x64.Build.0 = Unicode Release MinDependency|x64
		{BBE7B8AD-D175-4679-A614-38BFF28B0269}.Unicode Release MinDependency|x86.ActiveCfg = Unicode Release MinDependency|x64
		{BBE7B8AD-D175-4679-A614-38BFF28B0269}.Unicode Release MinSize|Any CPU.ActiveCfg = Unicode Release MinSize|Win32
		{BBE7B8AD-D175-4679-A614-38BFF28B0269}.Unicode Release MinSize|Any CPU.Build.0 = Unicode Release MinSize|Any CPU
		{BBE7B8AD-D175-4679-A614-38BFF28B0269}.Unicode Release MinSize|Mixed Platforms.ActiveCfg = Unicode Release MinSize|Win32
		{BBE7B8AD-D175-4679-A614-38BFF28B0269}.Unicode Release MinSize|Mixed Platforms.Build.0 = Unicode Release MinSize|Win32
		{BBE7B8AD-D175-4679-A614-38BFF28B0269}.Unicode Release MinSize|Win32.ActiveCfg = Unicode Release MinSize|Win32
		{BBE7B8AD-D175-4679-A614-38BFF28B0269}.Unicode Release MinSize|Win32.Build.0 = Unicode Release MinSize|Win32
		{BBE7B8AD-D175-4679-A614-38BFF28B0269}.Unicode Release MinSize|x64.ActiveCfg = Unicode Release MinSize|x64
		{BBE7B8AD-D175-4679-A614-38BFF28B0269}.Unicode Release MinSize|x64.Build.0 = Unicode Release MinSize|x64
		{BBE7B8AD-D175-4679-A614-38BFF28B0269}.Unicode Release MinSize|x86.ActiveCfg = Unicode Release MinSize|x64
		{E996BE2D-B07D-472D-9D74-3EA2D48EF269}.Debug|Any CPU.ActiveCfg = Debug|Any CPU
		{E996BE2D-B07D-472D-9D74-3EA2D48EF269}.Debug|Any CPU.Build.0 = Debug|Any CPU
		{E996BE2D-B07D-472D-9D74-3EA2D48EF269}.Debug|Mixed Platforms.ActiveCfg = Debug|Any CPU
		{E996BE2D-B07D-472D-9D74-3EA2D48EF269}.Debug|Mixed Platforms.Build.0 = Debug|Any CPU
		{E996BE2D-B07D-472D-9D74-3EA2D48EF269}.Debug|Win32.ActiveCfg = Debug|Any CPU
		{E996BE2D-B07D-472D-9D74-3EA2D48EF269}.Debug|Win32.Build.0 = Debug|Win32
		{E996BE2D-B07D-472D-9D74-3EA2D48EF269}.Debug|x64.ActiveCfg = Debug|Any CPU
		{E996BE2D-B07D-472D-9D74-3EA2D48EF269}.Debug|x64.Build.0 = Debug|x64
		{E996BE2D-B07D-472D-9D74-3EA2D48EF269}.Debug|x86.ActiveCfg = Debug|x64
		{E996BE2D-B07D-472D-9D74-3EA2D48EF269}.Release MinDependency|Any CPU.ActiveCfg = Release|Any CPU
		{E996BE2D-B07D-472D-9D74-3EA2D48EF269}.Release MinDependency|Any CPU.Build.0 = Release|Any CPU
		{E996BE2D-B07D-472D-9D74-3EA2D48EF269}.Release MinDependency|Mixed Platforms.ActiveCfg = Release|Any CPU
		{E996BE2D-B07D-472D-9D74-3EA2D48EF269}.Release MinDependency|Mixed Platforms.Build.0 = Release|Any CPU
		{E996BE2D-B07D-472D-9D74-3EA2D48EF269}.Release MinDependency|Win32.ActiveCfg = Release|Any CPU
		{E996BE2D-B07D-472D-9D74-3EA2D48EF269}.Release MinDependency|Win32.Build.0 = Release MinDependency|Win32
		{E996BE2D-B07D-472D-9D74-3EA2D48EF269}.Release MinDependency|x64.ActiveCfg = Release|Any CPU
		{E996BE2D-B07D-472D-9D74-3EA2D48EF269}.Release MinDependency|x64.Build.0 = Release MinDependency|x64
		{E996BE2D-B07D-472D-9D74-3EA2D48EF269}.Release MinDependency|x86.ActiveCfg = Release MinDependency|x64
		{E996BE2D-B07D-472D-9D74-3EA2D48EF269}.Release MinSize|Any CPU.ActiveCfg = Release|Any CPU
		{E996BE2D-B07D-472D-9D74-3EA2D48EF269}.Release MinSize|Any CPU.Build.0 = Release|Any CPU
		{E996BE2D-B07D-472D-9D74-3EA2D48EF269}.Release MinSize|Mixed Platforms.ActiveCfg = Release|Any CPU
		{E996BE2D-B07D-472D-9D74-3EA2D48EF269}.Release MinSize|Mixed Platforms.Build.0 = Release|Any CPU
		{E996BE2D-B07D-472D-9D74-3EA2D48EF269}.Release MinSize|Win32.ActiveCfg = Release|Any CPU
		{E996BE2D-B07D-472D-9D74-3EA2D48EF269}.Release MinSize|Win32.Build.0 = Release MinSize|Win32
		{E996BE2D-B07D-472D-9D74-3EA2D48EF269}.Release MinSize|x64.ActiveCfg = Release|Any CPU
		{E996BE2D-B07D-472D-9D74-3EA2D48EF269}.Release MinSize|x64.Build.0 = Release MinSize|x64
		{E996BE2D-B07D-472D-9D74-3EA2D48EF269}.Release MinSize|x86.ActiveCfg = Release MinSize|x64
		{E996BE2D-B07D-472D-9D74-3EA2D48EF269}.Release|Any CPU.ActiveCfg = Release|Any CPU
		{E996BE2D-B07D-472D-9D74-3EA2D48EF269}.Release|Any CPU.Build.0 = Release|Any CPU
		{E996BE2D-B07D-472D-9D74-3EA2D48EF269}.Release|Mixed Platforms.ActiveCfg = Release|Any CPU
		{E996BE2D-B07D-472D-9D74-3EA2D48EF269}.Release|Mixed Platforms.Build.0 = Release|Any CPU
		{E996BE2D-B07D-472D-9D74-3EA2D48EF269}.Release|Win32.ActiveCfg = Release|Any CPU
		{E996BE2D-B07D-472D-9D74-3EA2D48EF269}.Release|Win32.Build.0 = Release|Win32
		{E996BE2D-B07D-472D-9D74-3EA2D48EF269}.Release|x64.ActiveCfg = Release|Any CPU
		{E996BE2D-B07D-472D-9D74-3EA2D48EF269}.Release|x64.Build.0 = Release|x64
		{E996BE2D-B07D-472D-9D74-3EA2D48EF269}.Release|x86.ActiveCfg = Release|x64
		{E996BE2D-B07D-472D-9D74-3EA2D48EF269}.Unicode Debug|Any CPU.ActiveCfg = Debug|Any CPU
		{E996BE2D-B07D-472D-9D74-3EA2D48EF269}.Unicode Debug|Any CPU.Build.0 = Debug|Any CPU
		{E996BE2D-B07D-472D-9D74-3EA2D48EF269}.Unicode Debug|Mixed Platforms.ActiveCfg = Debug|Any CPU
		{E996BE2D-B07D-472D-9D74-3EA2D48EF269}.Unicode Debug|Mixed Platforms.Build.0 = Debug|Any CPU
		{E996BE2D-B07D-472D-9D74-3EA2D48EF269}.Unicode Debug|Win32.ActiveCfg = Debug|Any CPU
		{E996BE2D-B07D-472D-9D74-3EA2D48EF269}.Unicode Debug|Win32.Build.0 = Unicode Debug|Win32
		{E996BE2D-B07D-472D-9D74-3EA2D48EF269}.Unicode Debug|x64.ActiveCfg = Debug|Any CPU
		{E996BE2D-B07D-472D-9D74-3EA2D48EF269}.Unicode Debug|x64.Build.0 = Unicode Debug|x64
		{E996BE2D-B07D-472D-9D74-3EA2D48EF269}.Unicode Debug|x86.ActiveCfg = Unicode Debug|x64
		{E996BE2D-B07D-472D-9D74-3EA2D48EF269}.Unicode Release MinDependency|Any CPU.ActiveCfg = Release|Any CPU
		{E996BE2D-B07D-472D-9D74-3EA2D48EF269}.Unicode Release MinDependency|Any CPU.Build.0 = Release|Any CPU
		{E996BE2D-B07D-472D-9D74-3EA2D48EF269}.Unicode Release MinDependency|Mixed Platforms.ActiveCfg = Release|Any CPU
		{E996BE2D-B07D-472D-9D74-3EA2D48EF269}.Unicode Release MinDependency|Mixed Platforms.Build.0 = Release|Any CPU
		{E996BE2D-B07D-472D-9D74-3EA2D48EF269}.Unicode Release MinDependency|Win32.ActiveCfg = Release|Any CPU
		{E996BE2D-B07D-472D-9D74-3EA2D48EF269}.Unicode Release MinDependency|Win32.Build.0 = Unicode Release MinDependency|Win32
		{E996BE2D-B07D-472D-9D74-3EA2D48EF269}.Unicode Release MinDependency|x64.ActiveCfg = Release|Any CPU
		{E996BE2D-B07D-472D-9D74-3EA2D48EF269}.Unicode Release MinDependency|x64.Build.0 = Unicode Release MinDependency|x64
		{E996BE2D-B07D-472D-9D74-3EA2D48EF269}.Unicode Release MinDependency|x86.ActiveCfg = Unicode Release MinDependency|x64
		{E996BE2D-B07D-472D-9D74-3EA2D48EF269}.Unicode Release MinSize|Any CPU.ActiveCfg = Release|Any CPU
		{E996BE2D-B07D-472D-9D74-3EA2D48EF269}.Unicode Release MinSize|Any CPU.Build.0 = Release|Any CPU
		{E996BE2D-B07D-472D-9D74-3EA2D48EF269}.Unicode Release MinSize|Mixed Platforms.ActiveCfg = Release|Any CPU
		{E996BE2D-B07D-472D-9D74-3EA2D48EF269}.Unicode Release MinSize|Mixed Platforms.Build.0 = Release|Any CPU
		{E996BE2D-B07D-472D-9D74-3EA2D48EF269}.Unicode Release MinSize|Win32.ActiveCfg = Release|Any CPU
		{E996BE2D-B07D-472D-9D74-3EA2D48EF269}.Unicode Release MinSize|Win32.Build.0 = Unicode Release MinSize|Win32
		{E996BE2D-B07D-472D-9D74-3EA2D48EF269}.Unicode Release MinSize|x64.ActiveCfg = Release|Any CPU
		{E996BE2D-B07D-472D-9D74-3EA2D48EF269}.Unicode Release MinSize|x64.Build.0 = Unicode Release MinSize|x64
		{E996BE2D-B07D-472D-9D74-3EA2D48EF269}.Unicode Release MinSize|x86.ActiveCfg = Unicode Release MinSize|x64
		{CF5B22E7-230F-4E50-BE88-C4F7023CED2C}.Debug|Any CPU.ActiveCfg = Debug|Any CPU
		{CF5B22E7-230F-4E50-BE88-C4F7023CED2C}.Debug|Any CPU.Build.0 = Debug|Any CPU
		{CF5B22E7-230F-4E50-BE88-C4F7023CED2C}.Debug|Mixed Platforms.ActiveCfg = Debug|Any CPU
		{CF5B22E7-230F-4E50-BE88-C4F7023CED2C}.Debug|Mixed Platforms.Build.0 = Debug|Any CPU
		{CF5B22E7-230F-4E50-BE88-C4F7023CED2C}.Debug|Win32.ActiveCfg = Debug|Any CPU
		{CF5B22E7-230F-4E50-BE88-C4F7023CED2C}.Debug|Win32.Build.0 = Debug|Win32
		{CF5B22E7-230F-4E50-BE88-C4F7023CED2C}.Debug|x64.ActiveCfg = Debug|Any CPU
		{CF5B22E7-230F-4E50-BE88-C4F7023CED2C}.Debug|x64.Build.0 = Debug|x64
		{CF5B22E7-230F-4E50-BE88-C4F7023CED2C}.Debug|x86.ActiveCfg = Debug|x64
		{CF5B22E7-230F-4E50-BE88-C4F7023CED2C}.Release MinDependency|Any CPU.ActiveCfg = Release|Any CPU
		{CF5B22E7-230F-4E50-BE88-C4F7023CED2C}.Release MinDependency|Any CPU.Build.0 = Release|Any CPU
		{CF5B22E7-230F-4E50-BE88-C4F7023CED2C}.Release MinDependency|Mixed Platforms.ActiveCfg = Release|Any CPU
		{CF5B22E7-230F-4E50-BE88-C4F7023CED2C}.Release MinDependency|Mixed Platforms.Build.0 = Release|Any CPU
		{CF5B22E7-230F-4E50-BE88-C4F7023CED2C}.Release MinDependency|Win32.ActiveCfg = Release|Any CPU
		{CF5B22E7-230F-4E50-BE88-C4F7023CED2C}.Release MinDependency|Win32.Build.0 = Release MinDependency|Win32
		{CF5B22E7-230F-4E50-BE88-C4F7023CED2C}.Release MinDependency|x64.ActiveCfg = Release|Any CPU
		{CF5B22E7-230F-4E50-BE88-C4F7023CED2C}.Release MinDependency|x64.Build.0 = Release MinDependency|x64
		{CF5B22E7-230F-4E50-BE88-C4F7023CED2C}.Release MinDependency|x86.ActiveCfg = Release MinDependency|x64
		{CF5B22E7-230F-4E50-BE88-C4F7023CED2C}.Release MinSize|Any CPU.ActiveCfg = Release|Any CPU
		{CF5B22E7-230F-4E50-BE88-C4F7023CED2C}.Release MinSize|Any CPU.Build.0 = Release|Any CPU
		{CF5B22E7-230F-4E50-BE88-C4F7023CED2C}.Release MinSize|Mixed Platforms.ActiveCfg = Release|Any CPU
		{CF5B22E7-230F-4E50-BE88-C4F7023CED2C}.Release MinSize|Mixed Platforms.Build.0 = Release|Any CPU
		{CF5B22E7-230F-4E50-BE88-C4F7023CED2C}.Release MinSize|Win32.ActiveCfg = Release|Any CPU
		{CF5B22E7-230F-4E50-BE88-C4F7023CED2C}.Release MinSize|Win32.Build.0 = Release MinSize|Win32
		{CF5B22E7-230F-4E50-BE88-C4F7023CED2C}.Release MinSize|x64.ActiveCfg = Release|Any CPU
		{CF5B22E7-230F-4E50-BE88-C4F7023CED2C}.Release MinSize|x64.Build.0 = Release MinSize|x64
		{CF5B22E7-230F-4E50-BE88-C4F7023CED2C}.Release MinSize|x86.ActiveCfg = Release MinSize|x64
		{CF5B22E7-230F-4E50-BE88-C4F7023CED2C}.Release|Any CPU.ActiveCfg = Release|Any CPU
		{CF5B22E7-230F-4E50-BE88-C4F7023CED2C}.Release|Any CPU.Build.0 = Release|Any CPU
		{CF5B22E7-230F-4E50-BE88-C4F7023CED2C}.Release|Mixed Platforms.ActiveCfg = Release|Any CPU
		{CF5B22E7-230F-4E50-BE88-C4F7023CED2C}.Release|Mixed Platforms.Build.0 = Release|Any CPU
		{CF5B22E7-230F-4E50-BE88-C4F7023CED2C}.Release|Win32.ActiveCfg = Release|Any CPU
		{CF5B22E7-230F-4E50-BE88-C4F7023CED2C}.Release|Win32.Build.0 = Release|Win32
		{CF5B22E7-230F-4E50-BE88-C4F7023CED2C}.Release|x64.ActiveCfg = Release|Any CPU
		{CF5B22E7-230F-4E50-BE88-C4F7023CED2C}.Release|x64.Build.0 = Release|x64
		{CF5B22E7-230F-4E50-BE88-C4F7023CED2C}.Release|x86.ActiveCfg = Release|x64
		{CF5B22E7-230F-4E50-BE88-C4F7023CED2C}.Unicode Debug|Any CPU.ActiveCfg = Debug|Any CPU
		{CF5B22E7-230F-4E50-BE88-C4F7023CED2C}.Unicode Debug|Any CPU.Build.0 = Debug|Any CPU
		{CF5B22E7-230F-4E50-BE88-C4F7023CED2C}.Unicode Debug|Mixed Platforms.ActiveCfg = Debug|Any CPU
		{CF5B22E7-230F-4E50-BE88-C4F7023CED2C}.Unicode Debug|Mixed Platforms.Build.0 = Debug|Any CPU
		{CF5B22E7-230F-4E50-BE88-C4F7023CED2C}.Unicode Debug|Win32.ActiveCfg = Debug|Any CPU
		{CF5B22E7-230F-4E50-BE88-C4F7023CED2C}.Unicode Debug|Win32.Build.0 = Unicode Debug|Win32
		{CF5B22E7-230F-4E50-BE88-C4F7023CED2C}.Unicode Debug|x64.ActiveCfg = Debug|Any CPU
		{CF5B22E7-230F-4E50-BE88-C4F7023CED2C}.Unicode Debug|x64.Build.0 = Unicode Debug|x64
		{CF5B22E7-230F-4E50-BE88-C4F7023CED2C}.Unicode Debug|x86.ActiveCfg = Unicode Debug|x64
		{CF5B22E7-230F-4E50-BE88-C4F7023CED2C}.Unicode Release MinDependency|Any CPU.ActiveCfg = Release|Any CPU
		{CF5B22E7-230F-4E50-BE88-C4F7023CED2C}.Unicode Release MinDependency|Any CPU.Build.0 = Release|Any CPU
		{CF5B22E7-230F-4E50-BE88-C4F7023CED2C}.Unicode Release MinDependency|Mixed Platforms.ActiveCfg = Release|Any CPU
		{CF5B22E7-230F-4E50-BE88-C4F7023CED2C}.Unicode Release MinDependency|Mixed Platforms.Build.0 = Release|Any CPU
		{CF5B22E7-230F-4E50-BE88-C4F7023CED2C}.Unicode Release MinDependency|Win32.ActiveCfg = Release|Any CPU
		{CF5B22E7-230F-4E50-BE88-C4F7023CED2C}.Unicode Release MinDependency|Win32.Build.0 = Unicode Release MinDependency|Win32
		{CF5B22E7-230F-4E50-BE88-C4F7023CED2C}.Unicode Release MinDependency|x64.ActiveCfg = Release|Any CPU
		{CF5B22E7-230F-4E50-BE88-C4F7023CED2C}.Unicode Release MinDependency|x64.Build.0 = Unicode Release MinDependency|x64
		{CF5B22E7-230F-4E50-BE88-C4F7023CED2C}.Unicode Release MinDependency|x86.ActiveCfg = Unicode Release MinDependency|x64
		{CF5B22E7-230F-4E50-BE88-C4F7023CED2C}.Unicode Release MinSize|Any CPU.ActiveCfg = Release|Any CPU
		{CF5B22E7-230F-4E50-BE88-C4F7023CED2C}.Unicode Release MinSize|Any CPU.Build.0 = Release|Any CPU
		{CF5B22E7-230F-4E50-BE88-C4F7023CED2C}.Unicode Release MinSize|Mixed Platforms.ActiveCfg = Release|Any CPU
		{CF5B22E7-230F-4E50-BE88-C4F7023CED2C}.Unicode Release MinSize|Mixed Platforms.Build.0 = Release|Any CPU
		{CF5B22E7-230F-4E50-BE88-C4F7023CED2C}.Unicode Release MinSize|Win32.ActiveCfg = Release|Any CPU
		{CF5B22E7-230F-4E50-BE88-C4F7023CED2C}.Unicode Release MinSize|Win32.Build.0 = Unicode Release MinSize|Win32
		{CF5B22E7-230F-4E50-BE88-C4F7023CED2C}.Unicode Release MinSize|x64.ActiveCfg = Release|Any CPU
		{CF5B22E7-230F-4E50-BE88-C4F7023CED2C}.Unicode Release MinSize|x64.Build.0 = Unicode Release MinSize|x64
		{CF5B22E7-230F-4E50-BE88-C4F7023CED2C}.Unicode Release MinSize|x86.ActiveCfg = Unicode Release MinSize|x64
		{BD6AA2A2-997D-4AFF-ACC7-B64F6E51D181}.Debug|Any CPU.ActiveCfg = Debug|Any CPU
		{BD6AA2A2-997D-4AFF-ACC7-B64F6E51D181}.Debug|Any CPU.Build.0 = Debug|Any CPU
		{BD6AA2A2-997D-4AFF-ACC7-B64F6E51D181}.Debug|Mixed Platforms.ActiveCfg = Debug|Any CPU
		{BD6AA2A2-997D-4AFF-ACC7-B64F6E51D181}.Debug|Mixed Platforms.Build.0 = Debug|Any CPU
		{BD6AA2A2-997D-4AFF-ACC7-B64F6E51D181}.Debug|Win32.ActiveCfg = Debug|Any CPU
		{BD6AA2A2-997D-4AFF-ACC7-B64F6E51D181}.Debug|Win32.Build.0 = Debug|Win32
		{BD6AA2A2-997D-4AFF-ACC7-B64F6E51D181}.Debug|x64.ActiveCfg = Debug|Any CPU
		{BD6AA2A2-997D-4AFF-ACC7-B64F6E51D181}.Debug|x64.Build.0 = Debug|x64
		{BD6AA2A2-997D-4AFF-ACC7-B64F6E51D181}.Debug|x86.ActiveCfg = Debug|x64
		{BD6AA2A2-997D-4AFF-ACC7-B64F6E51D181}.Release MinDependency|Any CPU.ActiveCfg = Release|Any CPU
		{BD6AA2A2-997D-4AFF-ACC7-B64F6E51D181}.Release MinDependency|Any CPU.Build.0 = Release|Any CPU
		{BD6AA2A2-997D-4AFF-ACC7-B64F6E51D181}.Release MinDependency|Mixed Platforms.ActiveCfg = Release|Any CPU
		{BD6AA2A2-997D-4AFF-ACC7-B64F6E51D181}.Release MinDependency|Mixed Platforms.Build.0 = Release|Any CPU
		{BD6AA2A2-997D-4AFF-ACC7-B64F6E51D181}.Release MinDependency|Win32.ActiveCfg = Release|Any CPU
		{BD6AA2A2-997D-4AFF-ACC7-B64F6E51D181}.Release MinDependency|Win32.Build.0 = Release MinDependency|Win32
		{BD6AA2A2-997D-4AFF-ACC7-B64F6E51D181}.Release MinDependency|x64.ActiveCfg = Release|Any CPU
		{BD6AA2A2-997D-4AFF-ACC7-B64F6E51D181}.Release MinDependency|x64.Build.0 = Release MinDependency|x64
		{BD6AA2A2-997D-4AFF-ACC7-B64F6E51D181}.Release MinDependency|x86.ActiveCfg = Release MinDependency|x64
		{BD6AA2A2-997D-4AFF-ACC7-B64F6E51D181}.Release MinSize|Any CPU.ActiveCfg = Release|Any CPU
		{BD6AA2A2-997D-4AFF-ACC7-B64F6E51D181}.Release MinSize|Any CPU.Build.0 = Release|Any CPU
		{BD6AA2A2-997D-4AFF-ACC7-B64F6E51D181}.Release MinSize|Mixed Platforms.ActiveCfg = Release|Any CPU
		{BD6AA2A2-997D-4AFF-ACC7-B64F6E51D181}.Release MinSize|Mixed Platforms.Build.0 = Release|Any CPU
		{BD6AA2A2-997D-4AFF-ACC7-B64F6E51D181}.Release MinSize|Win32.ActiveCfg = Release|Any CPU
		{BD6AA2A2-997D-4AFF-ACC7-B64F6E51D181}.Release MinSize|Win32.Build.0 = Release MinSize|Win32
		{BD6AA2A2-997D-4AFF-ACC7-B64F6E51D181}.Release MinSize|x64.ActiveCfg = Release|Any CPU
		{BD6AA2A2-997D-4AFF-ACC7-B64F6E51D181}.Release MinSize|x64.Build.0 = Release MinSize|x64
		{BD6AA2A2-997D-4AFF-ACC7-B64F6E51D181}.Release MinSize|x86.ActiveCfg = Release MinSize|x64
		{BD6AA2A2-997D-4AFF-ACC7-B64F6E51D181}.Release|Any CPU.ActiveCfg = Release|Any CPU
		{BD6AA2A2-997D-4AFF-ACC7-B64F6E51D181}.Release|Any CPU.Build.0 = Release|Any CPU
		{BD6AA2A2-997D-4AFF-ACC7-B64F6E51D181}.Release|Mixed Platforms.ActiveCfg = Release|Any CPU
		{BD6AA2A2-997D-4AFF-ACC7-B64F6E51D181}.Release|Mixed Platforms.Build.0 = Release|Any CPU
		{BD6AA2A2-997D-4AFF-ACC7-B64F6E51D181}.Release|Win32.ActiveCfg = Release|Any CPU
		{BD6AA2A2-997D-4AFF-ACC7-B64F6E51D181}.Release|Win32.Build.0 = Release|Win32
		{BD6AA2A2-997D-4AFF-ACC7-B64F6E51D181}.Release|x64.ActiveCfg = Release|Any CPU
		{BD6AA2A2-997D-4AFF-ACC7-B64F6E51D181}.Release|x64.Build.0 = Release|x64
		{BD6AA2A2-997D-4AFF-ACC7-B64F6E51D181}.Release|x86.ActiveCfg = Release|x64
		{BD6AA2A2-997D-4AFF-ACC7-B64F6E51D181}.Unicode Debug|Any CPU.ActiveCfg = Debug|Any CPU
		{BD6AA2A2-997D-4AFF-ACC7-B64F6E51D181}.Unicode Debug|Any CPU.Build.0 = Debug|Any CPU
		{BD6AA2A2-997D-4AFF-ACC7-B64F6E51D181}.Unicode Debug|Mixed Platforms.ActiveCfg = Debug|Any CPU
		{BD6AA2A2-997D-4AFF-ACC7-B64F6E51D181}.Unicode Debug|Mixed Platforms.Build.0 = Debug|Any CPU
		{BD6AA2A2-997D-4AFF-ACC7-B64F6E51D181}.Unicode Debug|Win32.ActiveCfg = Debug|Any CPU
		{BD6AA2A2-997D-4AFF-ACC7-B64F6E51D181}.Unicode Debug|Win32.Build.0 = Unicode Debug|Win32
		{BD6AA2A2-997D-4AFF-ACC7-B64F6E51D181}.Unicode Debug|x64.ActiveCfg = Debug|Any CPU
		{BD6AA2A2-997D-4AFF-ACC7-B64F6E51D181}.Unicode Debug|x64.Build.0 = Unicode Debug|x64
		{BD6AA2A2-997D-4AFF-ACC7-B64F6E51D181}.Unicode Debug|x86.ActiveCfg = Unicode Debug|x64
		{BD6AA2A2-997D-4AFF-ACC7-B64F6E51D181}.Unicode Release MinDependency|Any CPU.ActiveCfg = Release|Any CPU
		{BD6AA2A2-997D-4AFF-ACC7-B64F6E51D181}.Unicode Release MinDependency|Any CPU.Build.0 = Release|Any CPU
		{BD6AA2A2-997D-4AFF-ACC7-B64F6E51D181}.Unicode Release MinDependency|Mixed Platforms.ActiveCfg = Release|Any CPU
		{BD6AA2A2-997D-4AFF-ACC7-B64F6E51D181}.Unicode Release MinDependency|Mixed Platforms.Build.0 = Release|Any CPU
		{BD6AA2A2-997D-4AFF-ACC7-B64F6E51D181}.Unicode Release MinDependency|Win32.ActiveCfg = Release|Any CPU
		{BD6AA2A2-997D-4AFF-ACC7-B64F6E51D181}.Unicode Release MinDependency|Win32.Build.0 = Unicode Release MinDependency|Win32
		{BD6AA2A2-997D-4AFF-ACC7-B64F6E51D181}.Unicode Release MinDependency|x64.ActiveCfg = Release|Any CPU
		{BD6AA2A2-997D-4AFF-ACC7-B64F6E51D181}.Unicode Release MinDependency|x64.Build.0 = Unicode Release MinDependency|x64
		{BD6AA2A2-997D-4AFF-ACC7-B64F6E51D181}.Unicode Release MinDependency|x86.ActiveCfg = Unicode Release MinDependency|x64
		{BD6AA2A2-997D-4AFF-ACC7-B64F6E51D181}.Unicode Release MinSize|Any CPU.ActiveCfg = Release|Any CPU
		{BD6AA2A2-997D-4AFF-ACC7-B64F6E51D181}.Unicode Release MinSize|Any CPU.Build.0 = Release|Any CPU
		{BD6AA2A2-997D-4AFF-ACC7-B64F6E51D181}.Unicode Release MinSize|Mixed Platforms.ActiveCfg = Release|Any CPU
		{BD6AA2A2-997D-4AFF-ACC7-B64F6E51D181}.Unicode Release MinSize|Mixed Platforms.Build.0 = Release|Any CPU
		{BD6AA2A2-997D-4AFF-ACC7-B64F6E51D181}.Unicode Release MinSize|Win32.ActiveCfg = Release|Any CPU
		{BD6AA2A2-997D-4AFF-ACC7-B64F6E51D181}.Unicode Release MinSize|Win32.Build.0 = Unicode Release MinSize|Win32
		{BD6AA2A2-997D-4AFF-ACC7-B64F6E51D181}.Unicode Release MinSize|x64.ActiveCfg = Release|Any CPU
		{BD6AA2A2-997D-4AFF-ACC7-B64F6E51D181}.Unicode Release MinSize|x64.Build.0 = Unicode Release MinSize|x64
		{BD6AA2A2-997D-4AFF-ACC7-B64F6E51D181}.Unicode Release MinSize|x86.ActiveCfg = Unicode Release MinSize|x64
		{7E5433F4-DD13-4D8E-95B2-59B4FFE7D636}.Debug|Any CPU.ActiveCfg = Debug|Any CPU
		{7E5433F4-DD13-4D8E-95B2-59B4FFE7D636}.Debug|Any CPU.Build.0 = Debug|Any CPU
		{7E5433F4-DD13-4D8E-95B2-59B4FFE7D636}.Debug|Mixed Platforms.ActiveCfg = Debug|Any CPU
		{7E5433F4-DD13-4D8E-95B2-59B4FFE7D636}.Debug|Mixed Platforms.Build.0 = Debug|Any CPU
		{7E5433F4-DD13-4D8E-95B2-59B4FFE7D636}.Debug|Win32.ActiveCfg = Debug|Any CPU
		{7E5433F4-DD13-4D8E-95B2-59B4FFE7D636}.Debug|x64.ActiveCfg = Debug|Any CPU
		{7E5433F4-DD13-4D8E-95B2-59B4FFE7D636}.Debug|x86.ActiveCfg = Debug|Any CPU
		{7E5433F4-DD13-4D8E-95B2-59B4FFE7D636}.Release MinDependency|Any CPU.ActiveCfg = Release|Any CPU
		{7E5433F4-DD13-4D8E-95B2-59B4FFE7D636}.Release MinDependency|Any CPU.Build.0 = Release|Any CPU
		{7E5433F4-DD13-4D8E-95B2-59B4FFE7D636}.Release MinDependency|Mixed Platforms.ActiveCfg = Release|Any CPU
		{7E5433F4-DD13-4D8E-95B2-59B4FFE7D636}.Release MinDependency|Mixed Platforms.Build.0 = Release|Any CPU
		{7E5433F4-DD13-4D8E-95B2-59B4FFE7D636}.Release MinDependency|Win32.ActiveCfg = Release|Any CPU
		{7E5433F4-DD13-4D8E-95B2-59B4FFE7D636}.Release MinDependency|x64.ActiveCfg = Release|Any CPU
		{7E5433F4-DD13-4D8E-95B2-59B4FFE7D636}.Release MinDependency|x86.ActiveCfg = Release|Any CPU
		{7E5433F4-DD13-4D8E-95B2-59B4FFE7D636}.Release MinSize|Any CPU.ActiveCfg = Release|Any CPU
		{7E5433F4-DD13-4D8E-95B2-59B4FFE7D636}.Release MinSize|Any CPU.Build.0 = Release|Any CPU
		{7E5433F4-DD13-4D8E-95B2-59B4FFE7D636}.Release MinSize|Mixed Platforms.ActiveCfg = Release|Any CPU
		{7E5433F4-DD13-4D8E-95B2-59B4FFE7D636}.Release MinSize|Mixed Platforms.Build.0 = Release|Any CPU
		{7E5433F4-DD13-4D8E-95B2-59B4FFE7D636}.Release MinSize|Win32.ActiveCfg = Release|Any CPU
		{7E5433F4-DD13-4D8E-95B2-59B4FFE7D636}.Release MinSize|x64.ActiveCfg = Release|Any CPU
		{7E5433F4-DD13-4D8E-95B2-59B4FFE7D636}.Release MinSize|x86.ActiveCfg = Release|Any CPU
		{7E5433F4-DD13-4D8E-95B2-59B4FFE7D636}.Release|Any CPU.ActiveCfg = Release|Any CPU
		{7E5433F4-DD13-4D8E-95B2-59B4FFE7D636}.Release|Any CPU.Build.0 = Release|Any CPU
		{7E5433F4-DD13-4D8E-95B2-59B4FFE7D636}.Release|Mixed Platforms.ActiveCfg = Release|Any CPU
		{7E5433F4-DD13-4D8E-95B2-59B4FFE7D636}.Release|Mixed Platforms.Build.0 = Release|Any CPU
		{7E5433F4-DD13-4D8E-95B2-59B4FFE7D636}.Release|Win32.ActiveCfg = Release|Any CPU
		{7E5433F4-DD13-4D8E-95B2-59B4FFE7D636}.Release|x64.ActiveCfg = Release|Any CPU
		{7E5433F4-DD13-4D8E-95B2-59B4FFE7D636}.Release|x86.ActiveCfg = Release|Any CPU
		{7E5433F4-DD13-4D8E-95B2-59B4FFE7D636}.Unicode Debug|Any CPU.ActiveCfg = Debug|Any CPU
		{7E5433F4-DD13-4D8E-95B2-59B4FFE7D636}.Unicode Debug|Any CPU.Build.0 = Debug|Any CPU
		{7E5433F4-DD13-4D8E-95B2-59B4FFE7D636}.Unicode Debug|Mixed Platforms.ActiveCfg = Debug|Any CPU
		{7E5433F4-DD13-4D8E-95B2-59B4FFE7D636}.Unicode Debug|Mixed Platforms.Build.0 = Debug|Any CPU
		{7E5433F4-DD13-4D8E-95B2-59B4FFE7D636}.Unicode Debug|Win32.ActiveCfg = Debug|Any CPU
		{7E5433F4-DD13-4D8E-95B2-59B4FFE7D636}.Unicode Debug|x64.ActiveCfg = Debug|Any CPU
		{7E5433F4-DD13-4D8E-95B2-59B4FFE7D636}.Unicode Debug|x86.ActiveCfg = Debug|Any CPU
		{7E5433F4-DD13-4D8E-95B2-59B4FFE7D636}.Unicode Release MinDependency|Any CPU.ActiveCfg = Release|Any CPU
		{7E5433F4-DD13-4D8E-95B2-59B4FFE7D636}.Unicode Release MinDependency|Any CPU.Build.0 = Release|Any CPU
		{7E5433F4-DD13-4D8E-95B2-59B4FFE7D636}.Unicode Release MinDependency|Mixed Platforms.ActiveCfg = Release|Any CPU
		{7E5433F4-DD13-4D8E-95B2-59B4FFE7D636}.Unicode Release MinDependency|Mixed Platforms.Build.0 = Release|Any CPU
		{7E5433F4-DD13-4D8E-95B2-59B4FFE7D636}.Unicode Release MinDependency|Win32.ActiveCfg = Release|Any CPU
		{7E5433F4-DD13-4D8E-95B2-59B4FFE7D636}.Unicode Release MinDependency|x64.ActiveCfg = Release|Any CPU
		{7E5433F4-DD13-4D8E-95B2-59B4FFE7D636}.Unicode Release MinDependency|x86.ActiveCfg = Release|Any CPU
		{7E5433F4-DD13-4D8E-95B2-59B4FFE7D636}.Unicode Release MinSize|Any CPU.ActiveCfg = Release|Any CPU
		{7E5433F4-DD13-4D8E-95B2-59B4FFE7D636}.Unicode Release MinSize|Any CPU.Build.0 = Release|Any CPU
		{7E5433F4-DD13-4D8E-95B2-59B4FFE7D636}.Unicode Release MinSize|Mixed Platforms.ActiveCfg = Release|Any CPU
		{7E5433F4-DD13-4D8E-95B2-59B4FFE7D636}.Unicode Release MinSize|Mixed Platforms.Build.0 = Release|Any CPU
		{7E5433F4-DD13-4D8E-95B2-59B4FFE7D636}.Unicode Release MinSize|Win32.ActiveCfg = Release|Any CPU
		{7E5433F4-DD13-4D8E-95B2-59B4FFE7D636}.Unicode Release MinSize|x64.ActiveCfg = Release|Any CPU
		{7E5433F4-DD13-4D8E-95B2-59B4FFE7D636}.Unicode Release MinSize|x86.ActiveCfg = Release|Any CPU
		{27559302-F35E-4B62-A6EC-11FF21A5FA6F}.Debug|Any CPU.ActiveCfg = Debug|Any CPU
		{27559302-F35E-4B62-A6EC-11FF21A5FA6F}.Debug|Any CPU.Build.0 = Debug|Any CPU
		{27559302-F35E-4B62-A6EC-11FF21A5FA6F}.Debug|Mixed Platforms.ActiveCfg = Debug|Any CPU
		{27559302-F35E-4B62-A6EC-11FF21A5FA6F}.Debug|Mixed Platforms.Build.0 = Debug|Any CPU
		{27559302-F35E-4B62-A6EC-11FF21A5FA6F}.Debug|Win32.ActiveCfg = Debug|Any CPU
		{27559302-F35E-4B62-A6EC-11FF21A5FA6F}.Debug|x64.ActiveCfg = Debug|Any CPU
		{27559302-F35E-4B62-A6EC-11FF21A5FA6F}.Debug|x86.ActiveCfg = Debug|Any CPU
		{27559302-F35E-4B62-A6EC-11FF21A5FA6F}.Release MinDependency|Any CPU.ActiveCfg = Release|Any CPU
		{27559302-F35E-4B62-A6EC-11FF21A5FA6F}.Release MinDependency|Any CPU.Build.0 = Release|Any CPU
		{27559302-F35E-4B62-A6EC-11FF21A5FA6F}.Release MinDependency|Mixed Platforms.ActiveCfg = Release|Any CPU
		{27559302-F35E-4B62-A6EC-11FF21A5FA6F}.Release MinDependency|Mixed Platforms.Build.0 = Release|Any CPU
		{27559302-F35E-4B62-A6EC-11FF21A5FA6F}.Release MinDependency|Win32.ActiveCfg = Release|Any CPU
		{27559302-F35E-4B62-A6EC-11FF21A5FA6F}.Release MinDependency|x64.ActiveCfg = Release|Any CPU
		{27559302-F35E-4B62-A6EC-11FF21A5FA6F}.Release MinDependency|x86.ActiveCfg = Release|Any CPU
		{27559302-F35E-4B62-A6EC-11FF21A5FA6F}.Release MinSize|Any CPU.ActiveCfg = Release|Any CPU
		{27559302-F35E-4B62-A6EC-11FF21A5FA6F}.Release MinSize|Any CPU.Build.0 = Release|Any CPU
		{27559302-F35E-4B62-A6EC-11FF21A5FA6F}.Release MinSize|Mixed Platforms.ActiveCfg = Release|Any CPU
		{27559302-F35E-4B62-A6EC-11FF21A5FA6F}.Release MinSize|Mixed Platforms.Build.0 = Release|Any CPU
		{27559302-F35E-4B62-A6EC-11FF21A5FA6F}.Release MinSize|Win32.ActiveCfg = Release|Any CPU
		{27559302-F35E-4B62-A6EC-11FF21A5FA6F}.Release MinSize|x64.ActiveCfg = Release|Any CPU
		{27559302-F35E-4B62-A6EC-11FF21A5FA6F}.Release MinSize|x86.ActiveCfg = Release|Any CPU
		{27559302-F35E-4B62-A6EC-11FF21A5FA6F}.Release|Any CPU.ActiveCfg = Release|Any CPU
		{27559302-F35E-4B62-A6EC-11FF21A5FA6F}.Release|Any CPU.Build.0 = Release|Any CPU
		{27559302-F35E-4B62-A6EC-11FF21A5FA6F}.Release|Mixed Platforms.ActiveCfg = Release|Any CPU
		{27559302-F35E-4B62-A6EC-11FF21A5FA6F}.Release|Mixed Platforms.Build.0 = Release|Any CPU
		{27559302-F35E-4B62-A6EC-11FF21A5FA6F}.Release|Win32.ActiveCfg = Release|Any CPU
		{27559302-F35E-4B62-A6EC-11FF21A5FA6F}.Release|x64.ActiveCfg = Release|Any CPU
		{27559302-F35E-4B62-A6EC-11FF21A5FA6F}.Release|x86.ActiveCfg = Release|Any CPU
		{27559302-F35E-4B62-A6EC-11FF21A5FA6F}.Unicode Debug|Any CPU.ActiveCfg = Debug|Any CPU
		{27559302-F35E-4B62-A6EC-11FF21A5FA6F}.Unicode Debug|Any CPU.Build.0 = Debug|Any CPU
		{27559302-F35E-4B62-A6EC-11FF21A5FA6F}.Unicode Debug|Mixed Platforms.ActiveCfg = Debug|Any CPU
		{27559302-F35E-4B62-A6EC-11FF21A5FA6F}.Unicode Debug|Mixed Platforms.Build.0 = Debug|Any CPU
		{27559302-F35E-4B62-A6EC-11FF21A5FA6F}.Unicode Debug|Win32.ActiveCfg = Debug|Any CPU
		{27559302-F35E-4B62-A6EC-11FF21A5FA6F}.Unicode Debug|x64.ActiveCfg = Debug|Any CPU
		{27559302-F35E-4B62-A6EC-11FF21A5FA6F}.Unicode Debug|x86.ActiveCfg = Debug|Any CPU
		{27559302-F35E-4B62-A6EC-11FF21A5FA6F}.Unicode Release MinDependency|Any CPU.ActiveCfg = Release|Any CPU
		{27559302-F35E-4B62-A6EC-11FF21A5FA6F}.Unicode Release MinDependency|Any CPU.Build.0 = Release|Any CPU
		{27559302-F35E-4B62-A6EC-11FF21A5FA6F}.Unicode Release MinDependency|Mixed Platforms.ActiveCfg = Release|Any CPU
		{27559302-F35E-4B62-A6EC-11FF21A5FA6F}.Unicode Release MinDependency|Mixed Platforms.Build.0 = Release|Any CPU
		{27559302-F35E-4B62-A6EC-11FF21A5FA6F}.Unicode Release MinDependency|Win32.ActiveCfg = Release|Any CPU
		{27559302-F35E-4B62-A6EC-11FF21A5FA6F}.Unicode Release MinDependency|x64.ActiveCfg = Release|Any CPU
		{27559302-F35E-4B62-A6EC-11FF21A5FA6F}.Unicode Release MinDependency|x86.ActiveCfg = Release|Any CPU
		{27559302-F35E-4B62-A6EC-11FF21A5FA6F}.Unicode Release MinSize|Any CPU.ActiveCfg = Release|Any CPU
		{27559302-F35E-4B62-A6EC-11FF21A5FA6F}.Unicode Release MinSize|Any CPU.Build.0 = Release|Any CPU
		{27559302-F35E-4B62-A6EC-11FF21A5FA6F}.Unicode Release MinSize|Mixed Platforms.ActiveCfg = Release|Any CPU
		{27559302-F35E-4B62-A6EC-11FF21A5FA6F}.Unicode Release MinSize|Mixed Platforms.Build.0 = Release|Any CPU
		{27559302-F35E-4B62-A6EC-11FF21A5FA6F}.Unicode Release MinSize|Win32.ActiveCfg = Release|Any CPU
		{27559302-F35E-4B62-A6EC-11FF21A5FA6F}.Unicode Release MinSize|x64.ActiveCfg = Release|Any CPU
		{27559302-F35E-4B62-A6EC-11FF21A5FA6F}.Unicode Release MinSize|x86.ActiveCfg = Release|Any CPU
		{330F1115-B3DE-47F1-8A7E-D181E59E96E0}.Debug|Any CPU.ActiveCfg = Debug|Any CPU
		{330F1115-B3DE-47F1-8A7E-D181E59E96E0}.Debug|Any CPU.Build.0 = Debug|Any CPU
		{330F1115-B3DE-47F1-8A7E-D181E59E96E0}.Debug|Mixed Platforms.ActiveCfg = Debug|Any CPU
		{330F1115-B3DE-47F1-8A7E-D181E59E96E0}.Debug|Mixed Platforms.Build.0 = Debug|Any CPU
		{330F1115-B3DE-47F1-8A7E-D181E59E96E0}.Debug|Win32.ActiveCfg = Debug|Any CPU
		{330F1115-B3DE-47F1-8A7E-D181E59E96E0}.Debug|x64.ActiveCfg = Debug|Any CPU
		{330F1115-B3DE-47F1-8A7E-D181E59E96E0}.Debug|x86.ActiveCfg = Debug|Any CPU
		{330F1115-B3DE-47F1-8A7E-D181E59E96E0}.Release MinDependency|Any CPU.ActiveCfg = Release|Any CPU
		{330F1115-B3DE-47F1-8A7E-D181E59E96E0}.Release MinDependency|Any CPU.Build.0 = Release|Any CPU
		{330F1115-B3DE-47F1-8A7E-D181E59E96E0}.Release MinDependency|Mixed Platforms.ActiveCfg = Release|Any CPU
		{330F1115-B3DE-47F1-8A7E-D181E59E96E0}.Release MinDependency|Mixed Platforms.Build.0 = Release|Any CPU
		{330F1115-B3DE-47F1-8A7E-D181E59E96E0}.Release MinDependency|Win32.ActiveCfg = Release|Any CPU
		{330F1115-B3DE-47F1-8A7E-D181E59E96E0}.Release MinDependency|x64.ActiveCfg = Release|Any CPU
		{330F1115-B3DE-47F1-8A7E-D181E59E96E0}.Release MinDependency|x86.ActiveCfg = Release|Any CPU
		{330F1115-B3DE-47F1-8A7E-D181E59E96E0}.Release MinSize|Any CPU.ActiveCfg = Release|Any CPU
		{330F1115-B3DE-47F1-8A7E-D181E59E96E0}.Release MinSize|Any CPU.Build.0 = Release|Any CPU
		{330F1115-B3DE-47F1-8A7E-D181E59E96E0}.Release MinSize|Mixed Platforms.ActiveCfg = Release|Any CPU
		{330F1115-B3DE-47F1-8A7E-D181E59E96E0}.Release MinSize|Mixed Platforms.Build.0 = Release|Any CPU
		{330F1115-B3DE-47F1-8A7E-D181E59E96E0}.Release MinSize|Win32.ActiveCfg = Release|Any CPU
		{330F1115-B3DE-47F1-8A7E-D181E59E96E0}.Release MinSize|x64.ActiveCfg = Release|Any CPU
		{330F1115-B3DE-47F1-8A7E-D181E59E96E0}.Release MinSize|x86.ActiveCfg = Release|Any CPU
		{330F1115-B3DE-47F1-8A7E-D181E59E96E0}.Release|Any CPU.ActiveCfg = Release|Any CPU
		{330F1115-B3DE-47F1-8A7E-D181E59E96E0}.Release|Any CPU.Build.0 = Release|Any CPU
		{330F1115-B3DE-47F1-8A7E-D181E59E96E0}.Release|Mixed Platforms.ActiveCfg = Release|Any CPU
		{330F1115-B3DE-47F1-8A7E-D181E59E96E0}.Release|Mixed Platforms.Build.0 = Release|Any CPU
		{330F1115-B3DE-47F1-8A7E-D181E59E96E0}.Release|Win32.ActiveCfg = Release|Any CPU
		{330F1115-B3DE-47F1-8A7E-D181E59E96E0}.Release|x64.ActiveCfg = Release|Any CPU
		{330F1115-B3DE-47F1-8A7E-D181E59E96E0}.Release|x86.ActiveCfg = Release|Any CPU
		{330F1115-B3DE-47F1-8A7E-D181E59E96E0}.Unicode Debug|Any CPU.ActiveCfg = Debug|Any CPU
		{330F1115-B3DE-47F1-8A7E-D181E59E96E0}.Unicode Debug|Any CPU.Build.0 = Debug|Any CPU
		{330F1115-B3DE-47F1-8A7E-D181E59E96E0}.Unicode Debug|Mixed Platforms.ActiveCfg = Debug|Any CPU
		{330F1115-B3DE-47F1-8A7E-D181E59E96E0}.Unicode Debug|Mixed Platforms.Build.0 = Debug|Any CPU
		{330F1115-B3DE-47F1-8A7E-D181E59E96E0}.Unicode Debug|Win32.ActiveCfg = Debug|Any CPU
		{330F1115-B3DE-47F1-8A7E-D181E59E96E0}.Unicode Debug|x64.ActiveCfg = Debug|Any CPU
		{330F1115-B3DE-47F1-8A7E-D181E59E96E0}.Unicode Debug|x86.ActiveCfg = Debug|Any CPU
		{330F1115-B3DE-47F1-8A7E-D181E59E96E0}.Unicode Release MinDependency|Any CPU.ActiveCfg = Release|Any CPU
		{330F1115-B3DE-47F1-8A7E-D181E59E96E0}.Unicode Release MinDependency|Any CPU.Build.0 = Release|Any CPU
		{330F1115-B3DE-47F1-8A7E-D181E59E96E0}.Unicode Release MinDependency|Mixed Platforms.ActiveCfg = Release|Any CPU
		{330F1115-B3DE-47F1-8A7E-D181E59E96E0}.Unicode Release MinDependency|Mixed Platforms.Build.0 = Release|Any CPU
		{330F1115-B3DE-47F1-8A7E-D181E59E96E0}.Unicode Release MinDependency|Win32.ActiveCfg = Release|Any CPU
		{330F1115-B3DE-47F1-8A7E-D181E59E96E0}.Unicode Release MinDependency|x64.ActiveCfg = Release|Any CPU
		{330F1115-B3DE-47F1-8A7E-D181E59E96E0}.Unicode Release MinDependency|x86.ActiveCfg = Release|Any CPU
		{330F1115-B3DE-47F1-8A7E-D181E59E96E0}.Unicode Release MinSize|Any CPU.ActiveCfg = Release|Any CPU
		{330F1115-B3DE-47F1-8A7E-D181E59E96E0}.Unicode Release MinSize|Any CPU.Build.0 = Release|Any CPU
		{330F1115-B3DE-47F1-8A7E-D181E59E96E0}.Unicode Release MinSize|Mixed Platforms.ActiveCfg = Release|Any CPU
		{330F1115-B3DE-47F1-8A7E-D181E59E96E0}.Unicode Release MinSize|Mixed Platforms.Build.0 = Release|Any CPU
		{330F1115-B3DE-47F1-8A7E-D181E59E96E0}.Unicode Release MinSize|Win32.ActiveCfg = Release|Any CPU
		{330F1115-B3DE-47F1-8A7E-D181E59E96E0}.Unicode Release MinSize|x64.ActiveCfg = Release|Any CPU
		{330F1115-B3DE-47F1-8A7E-D181E59E96E0}.Unicode Release MinSize|x86.ActiveCfg = Release|Any CPU
		{92B57383-233E-46AE-8A86-6E98BF349A72}.Debug|Any CPU.ActiveCfg = Debug|Any CPU
		{92B57383-233E-46AE-8A86-6E98BF349A72}.Debug|Any CPU.Build.0 = Debug|Any CPU
		{92B57383-233E-46AE-8A86-6E98BF349A72}.Debug|Mixed Platforms.ActiveCfg = Debug|Any CPU
		{92B57383-233E-46AE-8A86-6E98BF349A72}.Debug|Mixed Platforms.Build.0 = Debug|Any CPU
		{92B57383-233E-46AE-8A86-6E98BF349A72}.Debug|Win32.ActiveCfg = Debug|Any CPU
		{92B57383-233E-46AE-8A86-6E98BF349A72}.Debug|x64.ActiveCfg = Debug|Any CPU
		{92B57383-233E-46AE-8A86-6E98BF349A72}.Debug|x86.ActiveCfg = Debug|Any CPU
		{92B57383-233E-46AE-8A86-6E98BF349A72}.Release MinDependency|Any CPU.ActiveCfg = Release|Any CPU
		{92B57383-233E-46AE-8A86-6E98BF349A72}.Release MinDependency|Any CPU.Build.0 = Release|Any CPU
		{92B57383-233E-46AE-8A86-6E98BF349A72}.Release MinDependency|Mixed Platforms.ActiveCfg = Release|Any CPU
		{92B57383-233E-46AE-8A86-6E98BF349A72}.Release MinDependency|Mixed Platforms.Build.0 = Release|Any CPU
		{92B57383-233E-46AE-8A86-6E98BF349A72}.Release MinDependency|Win32.ActiveCfg = Release|Any CPU
		{92B57383-233E-46AE-8A86-6E98BF349A72}.Release MinDependency|x64.ActiveCfg = Release|Any CPU
		{92B57383-233E-46AE-8A86-6E98BF349A72}.Release MinDependency|x86.ActiveCfg = Release|Any CPU
		{92B57383-233E-46AE-8A86-6E98BF349A72}.Release MinSize|Any CPU.ActiveCfg = Release|Any CPU
		{92B57383-233E-46AE-8A86-6E98BF349A72}.Release MinSize|Any CPU.Build.0 = Release|Any CPU
		{92B57383-233E-46AE-8A86-6E98BF349A72}.Release MinSize|Mixed Platforms.ActiveCfg = Release|Any CPU
		{92B57383-233E-46AE-8A86-6E98BF349A72}.Release MinSize|Mixed Platforms.Build.0 = Release|Any CPU
		{92B57383-233E-46AE-8A86-6E98BF349A72}.Release MinSize|Win32.ActiveCfg = Release|Any CPU
		{92B57383-233E-46AE-8A86-6E98BF349A72}.Release MinSize|x64.ActiveCfg = Release|Any CPU
		{92B57383-233E-46AE-8A86-6E98BF349A72}.Release MinSize|x86.ActiveCfg = Release|Any CPU
		{92B57383-233E-46AE-8A86-6E98BF349A72}.Release|Any CPU.ActiveCfg = Release|Any CPU
		{92B57383-233E-46AE-8A86-6E98BF349A72}.Release|Any CPU.Build.0 = Release|Any CPU
		{92B57383-233E-46AE-8A86-6E98BF349A72}.Release|Mixed Platforms.ActiveCfg = Release|Any CPU
		{92B57383-233E-46AE-8A86-6E98BF349A72}.Release|Mixed Platforms.Build.0 = Release|Any CPU
		{92B57383-233E-46AE-8A86-6E98BF349A72}.Release|Win32.ActiveCfg = Release|Any CPU
		{92B57383-233E-46AE-8A86-6E98BF349A72}.Release|x64.ActiveCfg = Release|Any CPU
		{92B57383-233E-46AE-8A86-6E98BF349A72}.Release|x86.ActiveCfg = Release|Any CPU
		{92B57383-233E-46AE-8A86-6E98BF349A72}.Unicode Debug|Any CPU.ActiveCfg = Debug|Any CPU
		{92B57383-233E-46AE-8A86-6E98BF349A72}.Unicode Debug|Any CPU.Build.0 = Debug|Any CPU
		{92B57383-233E-46AE-8A86-6E98BF349A72}.Unicode Debug|Mixed Platforms.ActiveCfg = Debug|Any CPU
		{92B57383-233E-46AE-8A86-6E98BF349A72}.Unicode Debug|Mixed Platforms.Build.0 = Debug|Any CPU
		{92B57383-233E-46AE-8A86-6E98BF349A72}.Unicode Debug|Win32.ActiveCfg = Debug|Any CPU
		{92B57383-233E-46AE-8A86-6E98BF349A72}.Unicode Debug|x64.ActiveCfg = Debug|Any CPU
		{92B57383-233E-46AE-8A86-6E98BF349A72}.Unicode Debug|x86.ActiveCfg = Debug|Any CPU
		{92B57383-233E-46AE-8A86-6E98BF349A72}.Unicode Release MinDependency|Any CPU.ActiveCfg = Release|Any CPU
		{92B57383-233E-46AE-8A86-6E98BF349A72}.Unicode Release MinDependency|Any CPU.Build.0 = Release|Any CPU
		{92B57383-233E-46AE-8A86-6E98BF349A72}.Unicode Release MinDependency|Mixed Platforms.ActiveCfg = Release|Any CPU
		{92B57383-233E-46AE-8A86-6E98BF349A72}.Unicode Release MinDependency|Mixed Platforms.Build.0 = Release|Any CPU
		{92B57383-233E-46AE-8A86-6E98BF349A72}.Unicode Release MinDependency|Win32.ActiveCfg = Release|Any CPU
		{92B57383-233E-46AE-8A86-6E98BF349A72}.Unicode Release MinDependency|x64.ActiveCfg = Release|Any CPU
		{92B57383-233E-46AE-8A86-6E98BF349A72}.Unicode Release MinDependency|x86.ActiveCfg = Release|Any CPU
		{92B57383-233E-46AE-8A86-6E98BF349A72}.Unicode Release MinSize|Any CPU.ActiveCfg = Release|Any CPU
		{92B57383-233E-46AE-8A86-6E98BF349A72}.Unicode Release MinSize|Any CPU.Build.0 = Release|Any CPU
		{92B57383-233E-46AE-8A86-6E98BF349A72}.Unicode Release MinSize|Mixed Platforms.ActiveCfg = Release|Any CPU
		{92B57383-233E-46AE-8A86-6E98BF349A72}.Unicode Release MinSize|Mixed Platforms.Build.0 = Release|Any CPU
		{92B57383-233E-46AE-8A86-6E98BF349A72}.Unicode Release MinSize|Win32.ActiveCfg = Release|Any CPU
		{92B57383-233E-46AE-8A86-6E98BF349A72}.Unicode Release MinSize|x64.ActiveCfg = Release|Any CPU
		{92B57383-233E-46AE-8A86-6E98BF349A72}.Unicode Release MinSize|x86.ActiveCfg = Release|Any CPU
		{9380C29C-3C7F-47A8-A4C9-A5EE9D7B386A}.Debug|Any CPU.ActiveCfg = Debug|x86
		{9380C29C-3C7F-47A8-A4C9-A5EE9D7B386A}.Debug|Mixed Platforms.ActiveCfg = Debug|x86
		{9380C29C-3C7F-47A8-A4C9-A5EE9D7B386A}.Debug|Mixed Platforms.Build.0 = Debug|x86
		{9380C29C-3C7F-47A8-A4C9-A5EE9D7B386A}.Debug|Win32.ActiveCfg = Debug|x86
		{9380C29C-3C7F-47A8-A4C9-A5EE9D7B386A}.Debug|x64.ActiveCfg = Debug|x86
		{9380C29C-3C7F-47A8-A4C9-A5EE9D7B386A}.Debug|x86.ActiveCfg = Debug|x86
		{9380C29C-3C7F-47A8-A4C9-A5EE9D7B386A}.Debug|x86.Build.0 = Debug|x86
		{9380C29C-3C7F-47A8-A4C9-A5EE9D7B386A}.Release MinDependency|Any CPU.ActiveCfg = Release|x86
		{9380C29C-3C7F-47A8-A4C9-A5EE9D7B386A}.Release MinDependency|Mixed Platforms.ActiveCfg = Release|x86
		{9380C29C-3C7F-47A8-A4C9-A5EE9D7B386A}.Release MinDependency|Mixed Platforms.Build.0 = Release|x86
		{9380C29C-3C7F-47A8-A4C9-A5EE9D7B386A}.Release MinDependency|Win32.ActiveCfg = Release|x86
		{9380C29C-3C7F-47A8-A4C9-A5EE9D7B386A}.Release MinDependency|x64.ActiveCfg = Release|x86
		{9380C29C-3C7F-47A8-A4C9-A5EE9D7B386A}.Release MinDependency|x86.ActiveCfg = Release|x86
		{9380C29C-3C7F-47A8-A4C9-A5EE9D7B386A}.Release MinDependency|x86.Build.0 = Release|x86
		{9380C29C-3C7F-47A8-A4C9-A5EE9D7B386A}.Release MinSize|Any CPU.ActiveCfg = Release|x86
		{9380C29C-3C7F-47A8-A4C9-A5EE9D7B386A}.Release MinSize|Mixed Platforms.ActiveCfg = Release|x86
		{9380C29C-3C7F-47A8-A4C9-A5EE9D7B386A}.Release MinSize|Mixed Platforms.Build.0 = Release|x86
		{9380C29C-3C7F-47A8-A4C9-A5EE9D7B386A}.Release MinSize|Win32.ActiveCfg = Release|x86
		{9380C29C-3C7F-47A8-A4C9-A5EE9D7B386A}.Release MinSize|x64.ActiveCfg = Release|x86
		{9380C29C-3C7F-47A8-A4C9-A5EE9D7B386A}.Release MinSize|x86.ActiveCfg = Release|x86
		{9380C29C-3C7F-47A8-A4C9-A5EE9D7B386A}.Release MinSize|x86.Build.0 = Release|x86
		{9380C29C-3C7F-47A8-A4C9-A5EE9D7B386A}.Release|Any CPU.ActiveCfg = Release|x86
		{9380C29C-3C7F-47A8-A4C9-A5EE9D7B386A}.Release|Mixed Platforms.ActiveCfg = Release|x86
		{9380C29C-3C7F-47A8-A4C9-A5EE9D7B386A}.Release|Mixed Platforms.Build.0 = Release|x86
		{9380C29C-3C7F-47A8-A4C9-A5EE9D7B386A}.Release|Win32.ActiveCfg = Release|x86
		{9380C29C-3C7F-47A8-A4C9-A5EE9D7B386A}.Release|x64.ActiveCfg = Release|x86
		{9380C29C-3C7F-47A8-A4C9-A5EE9D7B386A}.Release|x86.ActiveCfg = Release|x86
		{9380C29C-3C7F-47A8-A4C9-A5EE9D7B386A}.Release|x86.Build.0 = Release|x86
		{9380C29C-3C7F-47A8-A4C9-A5EE9D7B386A}.Unicode Debug|Any CPU.ActiveCfg = Debug|x86
		{9380C29C-3C7F-47A8-A4C9-A5EE9D7B386A}.Unicode Debug|Mixed Platforms.ActiveCfg = Debug|x86
		{9380C29C-3C7F-47A8-A4C9-A5EE9D7B386A}.Unicode Debug|Mixed Platforms.Build.0 = Debug|x86
		{9380C29C-3C7F-47A8-A4C9-A5EE9D7B386A}.Unicode Debug|Win32.ActiveCfg = Debug|x86
		{9380C29C-3C7F-47A8-A4C9-A5EE9D7B386A}.Unicode Debug|x64.ActiveCfg = Debug|x86
		{9380C29C-3C7F-47A8-A4C9-A5EE9D7B386A}.Unicode Debug|x86.ActiveCfg = Debug|x86
		{9380C29C-3C7F-47A8-A4C9-A5EE9D7B386A}.Unicode Debug|x86.Build.0 = Debug|x86
		{9380C29C-3C7F-47A8-A4C9-A5EE9D7B386A}.Unicode Release MinDependency|Any CPU.ActiveCfg = Release|x86
		{9380C29C-3C7F-47A8-A4C9-A5EE9D7B386A}.Unicode Release MinDependency|Mixed Platforms.ActiveCfg = Release|x86
		{9380C29C-3C7F-47A8-A4C9-A5EE9D7B386A}.Unicode Release MinDependency|Mixed Platforms.Build.0 = Release|x86
		{9380C29C-3C7F-47A8-A4C9-A5EE9D7B386A}.Unicode Release MinDependency|Win32.ActiveCfg = Release|x86
		{9380C29C-3C7F-47A8-A4C9-A5EE9D7B386A}.Unicode Release MinDependency|x64.ActiveCfg = Release|x86
		{9380C29C-3C7F-47A8-A4C9-A5EE9D7B386A}.Unicode Release MinDependency|x86.ActiveCfg = Release|x86
		{9380C29C-3C7F-47A8-A4C9-A5EE9D7B386A}.Unicode Release MinDependency|x86.Build.0 = Release|x86
		{9380C29C-3C7F-47A8-A4C9-A5EE9D7B386A}.Unicode Release MinSize|Any CPU.ActiveCfg = Release|x86
		{9380C29C-3C7F-47A8-A4C9-A5EE9D7B386A}.Unicode Release MinSize|Mixed Platforms.ActiveCfg = Release|x86
		{9380C29C-3C7F-47A8-A4C9-A5EE9D7B386A}.Unicode Release MinSize|Mixed Platforms.Build.0 = Release|x86
		{9380C29C-3C7F-47A8-A4C9-A5EE9D7B386A}.Unicode Release MinSize|Win32.ActiveCfg = Release|x86
		{9380C29C-3C7F-47A8-A4C9-A5EE9D7B386A}.Unicode Release MinSize|x64.ActiveCfg = Release|x86
		{9380C29C-3C7F-47A8-A4C9-A5EE9D7B386A}.Unicode Release MinSize|x86.ActiveCfg = Release|x86
		{9380C29C-3C7F-47A8-A4C9-A5EE9D7B386A}.Unicode Release MinSize|x86.Build.0 = Release|x86
	EndGlobalSection
	GlobalSection(SolutionProperties) = preSolution
		HideSolutionNode = FALSE
	EndGlobalSection
	GlobalSection(NestedProjects) = preSolution
		{7E5433F4-DD13-4D8E-95B2-59B4FFE7D636} = {3D5CA0E0-EF51-4488-A8B7-86CC330D7AD8}
		{27559302-F35E-4B62-A6EC-11FF21A5FA6F} = {3D5CA0E0-EF51-4488-A8B7-86CC330D7AD8}
		{330F1115-B3DE-47F1-8A7E-D181E59E96E0} = {3D5CA0E0-EF51-4488-A8B7-86CC330D7AD8}
		{AF6D7B1B-FAF6-4793-AC05-00C63A5BC0F5} = {3D5CA0E0-EF51-4488-A8B7-86CC330D7AD8}
		{92B57383-233E-46AE-8A86-6E98BF349A72} = {AF6D7B1B-FAF6-4793-AC05-00C63A5BC0F5}
	EndGlobalSection
EndGlobal
