
Microsoft Visual Studio Solution File, Format Version 10.00
# Visual Studio 2008
Project("{FAE04EC0-301F-11D3-BF4B-00C04F79EFBC}") = "GitCommands", "GitCommands\GitCommands.csproj", "{BD6AA2A2-997D-4AFF-ACC7-B64F6E51D181}"
EndProject
Project("{2150E333-8FDC-42A3-9474-1A3956D46DE8}") = "Solution Items", "Solution Items", "{02E0326B-E1B3-46EA-9174-A2353AEC1C3E}"
	ProjectSection(SolutionItems) = preProject
		GitCommands.vsmdi = GitCommands.vsmdi
		LocalTestRun.testrunconfig = LocalTestRun.testrunconfig
	EndProjectSection
EndProject
Project("{FAE04EC0-301F-11D3-BF4B-00C04F79EFBC}") = "GitCommandTest", "..\GitCommandTest\GitCommandTest.csproj", "{3BFE697B-E25F-4068-95F9-DB9627F21236}"
EndProject
Project("{FAE04EC0-301F-11D3-BF4B-00C04F79EFBC}") = "GitPlugin", "..\GitPlugin\GitPlugin.csproj", "{E996BE2D-B07D-472D-9D74-3EA2D48EF269}"
EndProject
Project("{FAE04EC0-301F-11D3-BF4B-00C04F79EFBC}") = "GitUI", "..\GitUI\GitUI.csproj", "{CF5B22E7-230F-4E50-BE88-C4F7023CED2C}"
EndProject
Project("{54435603-DBB4-11D2-8724-00A0C9A8B90C}") = "GitExtensionsSetupSmall", "..\GitExtensionsSetup\GitExtensionsSetup.vdproj", "{AEBEC9EA-5D24-411E-B1AA-858EB0995A49}"
EndProject
Project("{FAE04EC0-301F-11D3-BF4B-00C04F79EFBC}") = "GitExtensions", "GitExtensions\GitExtensions.csproj", "{F15A69AF-7EBD-4F69-A026-5071FA3EC61B}"
EndProject
Project("{8BC9CEB8-8B4A-11D0-8D11-00A0C91BC942}") = "SimpleExt", "..\SimpleExt\SimpleExt.vcproj", "{BBE7B8AD-D175-4679-A614-38BFF28B0269}"
EndProject
Project("{54435603-DBB4-11D2-8724-00A0C9A8B90C}") = "GitExtensionsSetup", "..\GitExtensionsSetupComplete\GitExtensionsSetupComplete.vdproj", "{65BAE751-3722-4D9C-813F-114AC0EC0B56}"
EndProject
Global
	GlobalSection(TestCaseManagementSettings) = postSolution
		CategoryFile = GitCommands.vsmdi
	EndGlobalSection
	GlobalSection(SolutionConfigurationPlatforms) = preSolution
		Debug|Any CPU = Debug|Any CPU
		Debug|Mixed Platforms = Debug|Mixed Platforms
		Debug|Win32 = Debug|Win32
		Release MinDependency|Any CPU = Release MinDependency|Any CPU
		Release MinDependency|Mixed Platforms = Release MinDependency|Mixed Platforms
		Release MinDependency|Win32 = Release MinDependency|Win32
		Release MinSize|Any CPU = Release MinSize|Any CPU
		Release MinSize|Mixed Platforms = Release MinSize|Mixed Platforms
		Release MinSize|Win32 = Release MinSize|Win32
		Release|Any CPU = Release|Any CPU
		Release|Mixed Platforms = Release|Mixed Platforms
		Release|Win32 = Release|Win32
		Unicode Debug|Any CPU = Unicode Debug|Any CPU
		Unicode Debug|Mixed Platforms = Unicode Debug|Mixed Platforms
		Unicode Debug|Win32 = Unicode Debug|Win32
		Unicode Release MinDependency|Any CPU = Unicode Release MinDependency|Any CPU
		Unicode Release MinDependency|Mixed Platforms = Unicode Release MinDependency|Mixed Platforms
		Unicode Release MinDependency|Win32 = Unicode Release MinDependency|Win32
		Unicode Release MinSize|Any CPU = Unicode Release MinSize|Any CPU
		Unicode Release MinSize|Mixed Platforms = Unicode Release MinSize|Mixed Platforms
		Unicode Release MinSize|Win32 = Unicode Release MinSize|Win32
	EndGlobalSection
	GlobalSection(ProjectConfigurationPlatforms) = postSolution
		{BD6AA2A2-997D-4AFF-ACC7-B64F6E51D181}.Debug|Any CPU.ActiveCfg = Debug|Any CPU
		{BD6AA2A2-997D-4AFF-ACC7-B64F6E51D181}.Debug|Any CPU.Build.0 = Debug|Any CPU
		{BD6AA2A2-997D-4AFF-ACC7-B64F6E51D181}.Debug|Mixed Platforms.ActiveCfg = Debug|Any CPU
		{BD6AA2A2-997D-4AFF-ACC7-B64F6E51D181}.Debug|Mixed Platforms.Build.0 = Debug|Any CPU
		{BD6AA2A2-997D-4AFF-ACC7-B64F6E51D181}.Debug|Win32.ActiveCfg = Debug|Any CPU
		{BD6AA2A2-997D-4AFF-ACC7-B64F6E51D181}.Release MinDependency|Any CPU.ActiveCfg = Release|Any CPU
		{BD6AA2A2-997D-4AFF-ACC7-B64F6E51D181}.Release MinDependency|Any CPU.Build.0 = Release|Any CPU
		{BD6AA2A2-997D-4AFF-ACC7-B64F6E51D181}.Release MinDependency|Mixed Platforms.ActiveCfg = Release|Any CPU
		{BD6AA2A2-997D-4AFF-ACC7-B64F6E51D181}.Release MinDependency|Mixed Platforms.Build.0 = Release|Any CPU
		{BD6AA2A2-997D-4AFF-ACC7-B64F6E51D181}.Release MinDependency|Win32.ActiveCfg = Release|Any CPU
		{BD6AA2A2-997D-4AFF-ACC7-B64F6E51D181}.Release MinSize|Any CPU.ActiveCfg = Release|Any CPU
		{BD6AA2A2-997D-4AFF-ACC7-B64F6E51D181}.Release MinSize|Any CPU.Build.0 = Release|Any CPU
		{BD6AA2A2-997D-4AFF-ACC7-B64F6E51D181}.Release MinSize|Mixed Platforms.ActiveCfg = Release|Any CPU
		{BD6AA2A2-997D-4AFF-ACC7-B64F6E51D181}.Release MinSize|Mixed Platforms.Build.0 = Release|Any CPU
		{BD6AA2A2-997D-4AFF-ACC7-B64F6E51D181}.Release MinSize|Win32.ActiveCfg = Release|Any CPU
		{BD6AA2A2-997D-4AFF-ACC7-B64F6E51D181}.Release|Any CPU.ActiveCfg = Release|Any CPU
		{BD6AA2A2-997D-4AFF-ACC7-B64F6E51D181}.Release|Any CPU.Build.0 = Release|Any CPU
		{BD6AA2A2-997D-4AFF-ACC7-B64F6E51D181}.Release|Mixed Platforms.ActiveCfg = Release|Any CPU
		{BD6AA2A2-997D-4AFF-ACC7-B64F6E51D181}.Release|Mixed Platforms.Build.0 = Release|Any CPU
		{BD6AA2A2-997D-4AFF-ACC7-B64F6E51D181}.Release|Win32.ActiveCfg = Release|Any CPU
		{BD6AA2A2-997D-4AFF-ACC7-B64F6E51D181}.Unicode Debug|Any CPU.ActiveCfg = Debug|Any CPU
		{BD6AA2A2-997D-4AFF-ACC7-B64F6E51D181}.Unicode Debug|Any CPU.Build.0 = Debug|Any CPU
		{BD6AA2A2-997D-4AFF-ACC7-B64F6E51D181}.Unicode Debug|Mixed Platforms.ActiveCfg = Debug|Any CPU
		{BD6AA2A2-997D-4AFF-ACC7-B64F6E51D181}.Unicode Debug|Mixed Platforms.Build.0 = Debug|Any CPU
		{BD6AA2A2-997D-4AFF-ACC7-B64F6E51D181}.Unicode Debug|Win32.ActiveCfg = Debug|Any CPU
		{BD6AA2A2-997D-4AFF-ACC7-B64F6E51D181}.Unicode Release MinDependency|Any CPU.ActiveCfg = Release|Any CPU
		{BD6AA2A2-997D-4AFF-ACC7-B64F6E51D181}.Unicode Release MinDependency|Any CPU.Build.0 = Release|Any CPU
		{BD6AA2A2-997D-4AFF-ACC7-B64F6E51D181}.Unicode Release MinDependency|Mixed Platforms.ActiveCfg = Release|Any CPU
		{BD6AA2A2-997D-4AFF-ACC7-B64F6E51D181}.Unicode Release MinDependency|Mixed Platforms.Build.0 = Release|Any CPU
		{BD6AA2A2-997D-4AFF-ACC7-B64F6E51D181}.Unicode Release MinDependency|Win32.ActiveCfg = Release|Any CPU
		{BD6AA2A2-997D-4AFF-ACC7-B64F6E51D181}.Unicode Release MinSize|Any CPU.ActiveCfg = Release|Any CPU
		{BD6AA2A2-997D-4AFF-ACC7-B64F6E51D181}.Unicode Release MinSize|Any CPU.Build.0 = Release|Any CPU
		{BD6AA2A2-997D-4AFF-ACC7-B64F6E51D181}.Unicode Release MinSize|Mixed Platforms.ActiveCfg = Release|Any CPU
		{BD6AA2A2-997D-4AFF-ACC7-B64F6E51D181}.Unicode Release MinSize|Mixed Platforms.Build.0 = Release|Any CPU
		{BD6AA2A2-997D-4AFF-ACC7-B64F6E51D181}.Unicode Release MinSize|Win32.ActiveCfg = Release|Any CPU
		{3BFE697B-E25F-4068-95F9-DB9627F21236}.Debug|Any CPU.ActiveCfg = Debug|Any CPU
		{3BFE697B-E25F-4068-95F9-DB9627F21236}.Debug|Any CPU.Build.0 = Debug|Any CPU
		{3BFE697B-E25F-4068-95F9-DB9627F21236}.Debug|Mixed Platforms.ActiveCfg = Debug|Any CPU
		{3BFE697B-E25F-4068-95F9-DB9627F21236}.Debug|Mixed Platforms.Build.0 = Debug|Any CPU
		{3BFE697B-E25F-4068-95F9-DB9627F21236}.Debug|Win32.ActiveCfg = Debug|Any CPU
		{3BFE697B-E25F-4068-95F9-DB9627F21236}.Release MinDependency|Any CPU.ActiveCfg = Release|Any CPU
		{3BFE697B-E25F-4068-95F9-DB9627F21236}.Release MinDependency|Any CPU.Build.0 = Release|Any CPU
		{3BFE697B-E25F-4068-95F9-DB9627F21236}.Release MinDependency|Mixed Platforms.ActiveCfg = Release|Any CPU
		{3BFE697B-E25F-4068-95F9-DB9627F21236}.Release MinDependency|Mixed Platforms.Build.0 = Release|Any CPU
		{3BFE697B-E25F-4068-95F9-DB9627F21236}.Release MinDependency|Win32.ActiveCfg = Release|Any CPU
		{3BFE697B-E25F-4068-95F9-DB9627F21236}.Release MinSize|Any CPU.ActiveCfg = Release|Any CPU
		{3BFE697B-E25F-4068-95F9-DB9627F21236}.Release MinSize|Any CPU.Build.0 = Release|Any CPU
		{3BFE697B-E25F-4068-95F9-DB9627F21236}.Release MinSize|Mixed Platforms.ActiveCfg = Release|Any CPU
		{3BFE697B-E25F-4068-95F9-DB9627F21236}.Release MinSize|Mixed Platforms.Build.0 = Release|Any CPU
		{3BFE697B-E25F-4068-95F9-DB9627F21236}.Release MinSize|Win32.ActiveCfg = Release|Any CPU
		{3BFE697B-E25F-4068-95F9-DB9627F21236}.Release|Any CPU.ActiveCfg = Release|Any CPU
		{3BFE697B-E25F-4068-95F9-DB9627F21236}.Release|Any CPU.Build.0 = Release|Any CPU
		{3BFE697B-E25F-4068-95F9-DB9627F21236}.Release|Mixed Platforms.ActiveCfg = Release|Any CPU
		{3BFE697B-E25F-4068-95F9-DB9627F21236}.Release|Mixed Platforms.Build.0 = Release|Any CPU
		{3BFE697B-E25F-4068-95F9-DB9627F21236}.Release|Win32.ActiveCfg = Release|Any CPU
		{3BFE697B-E25F-4068-95F9-DB9627F21236}.Unicode Debug|Any CPU.ActiveCfg = Debug|Any CPU
		{3BFE697B-E25F-4068-95F9-DB9627F21236}.Unicode Debug|Any CPU.Build.0 = Debug|Any CPU
		{3BFE697B-E25F-4068-95F9-DB9627F21236}.Unicode Debug|Mixed Platforms.ActiveCfg = Debug|Any CPU
		{3BFE697B-E25F-4068-95F9-DB9627F21236}.Unicode Debug|Mixed Platforms.Build.0 = Debug|Any CPU
		{3BFE697B-E25F-4068-95F9-DB9627F21236}.Unicode Debug|Win32.ActiveCfg = Debug|Any CPU
		{3BFE697B-E25F-4068-95F9-DB9627F21236}.Unicode Release MinDependency|Any CPU.ActiveCfg = Release|Any CPU
		{3BFE697B-E25F-4068-95F9-DB9627F21236}.Unicode Release MinDependency|Any CPU.Build.0 = Release|Any CPU
		{3BFE697B-E25F-4068-95F9-DB9627F21236}.Unicode Release MinDependency|Mixed Platforms.ActiveCfg = Release|Any CPU
		{3BFE697B-E25F-4068-95F9-DB9627F21236}.Unicode Release MinDependency|Mixed Platforms.Build.0 = Release|Any CPU
		{3BFE697B-E25F-4068-95F9-DB9627F21236}.Unicode Release MinDependency|Win32.ActiveCfg = Release|Any CPU
		{3BFE697B-E25F-4068-95F9-DB9627F21236}.Unicode Release MinSize|Any CPU.ActiveCfg = Release|Any CPU
		{3BFE697B-E25F-4068-95F9-DB9627F21236}.Unicode Release MinSize|Any CPU.Build.0 = Release|Any CPU
		{3BFE697B-E25F-4068-95F9-DB9627F21236}.Unicode Release MinSize|Mixed Platforms.ActiveCfg = Release|Any CPU
		{3BFE697B-E25F-4068-95F9-DB9627F21236}.Unicode Release MinSize|Mixed Platforms.Build.0 = Release|Any CPU
		{3BFE697B-E25F-4068-95F9-DB9627F21236}.Unicode Release MinSize|Win32.ActiveCfg = Release|Any CPU
		{E996BE2D-B07D-472D-9D74-3EA2D48EF269}.Debug|Any CPU.ActiveCfg = Debug|Any CPU
		{E996BE2D-B07D-472D-9D74-3EA2D48EF269}.Debug|Any CPU.Build.0 = Debug|Any CPU
		{E996BE2D-B07D-472D-9D74-3EA2D48EF269}.Debug|Mixed Platforms.ActiveCfg = Debug|Any CPU
		{E996BE2D-B07D-472D-9D74-3EA2D48EF269}.Debug|Mixed Platforms.Build.0 = Debug|Any CPU
		{E996BE2D-B07D-472D-9D74-3EA2D48EF269}.Debug|Win32.ActiveCfg = Debug|Any CPU
		{E996BE2D-B07D-472D-9D74-3EA2D48EF269}.Release MinDependency|Any CPU.ActiveCfg = Release|Any CPU
		{E996BE2D-B07D-472D-9D74-3EA2D48EF269}.Release MinDependency|Any CPU.Build.0 = Release|Any CPU
		{E996BE2D-B07D-472D-9D74-3EA2D48EF269}.Release MinDependency|Mixed Platforms.ActiveCfg = Release|Any CPU
		{E996BE2D-B07D-472D-9D74-3EA2D48EF269}.Release MinDependency|Mixed Platforms.Build.0 = Release|Any CPU
		{E996BE2D-B07D-472D-9D74-3EA2D48EF269}.Release MinDependency|Win32.ActiveCfg = Release|Any CPU
		{E996BE2D-B07D-472D-9D74-3EA2D48EF269}.Release MinSize|Any CPU.ActiveCfg = Release|Any CPU
		{E996BE2D-B07D-472D-9D74-3EA2D48EF269}.Release MinSize|Any CPU.Build.0 = Release|Any CPU
		{E996BE2D-B07D-472D-9D74-3EA2D48EF269}.Release MinSize|Mixed Platforms.ActiveCfg = Release|Any CPU
		{E996BE2D-B07D-472D-9D74-3EA2D48EF269}.Release MinSize|Mixed Platforms.Build.0 = Release|Any CPU
		{E996BE2D-B07D-472D-9D74-3EA2D48EF269}.Release MinSize|Win32.ActiveCfg = Release|Any CPU
		{E996BE2D-B07D-472D-9D74-3EA2D48EF269}.Release|Any CPU.ActiveCfg = Release|Any CPU
		{E996BE2D-B07D-472D-9D74-3EA2D48EF269}.Release|Any CPU.Build.0 = Release|Any CPU
		{E996BE2D-B07D-472D-9D74-3EA2D48EF269}.Release|Mixed Platforms.ActiveCfg = Release|Any CPU
		{E996BE2D-B07D-472D-9D74-3EA2D48EF269}.Release|Mixed Platforms.Build.0 = Release|Any CPU
		{E996BE2D-B07D-472D-9D74-3EA2D48EF269}.Release|Win32.ActiveCfg = Release|Any CPU
		{E996BE2D-B07D-472D-9D74-3EA2D48EF269}.Unicode Debug|Any CPU.ActiveCfg = Debug|Any CPU
		{E996BE2D-B07D-472D-9D74-3EA2D48EF269}.Unicode Debug|Any CPU.Build.0 = Debug|Any CPU
		{E996BE2D-B07D-472D-9D74-3EA2D48EF269}.Unicode Debug|Mixed Platforms.ActiveCfg = Debug|Any CPU
		{E996BE2D-B07D-472D-9D74-3EA2D48EF269}.Unicode Debug|Mixed Platforms.Build.0 = Debug|Any CPU
		{E996BE2D-B07D-472D-9D74-3EA2D48EF269}.Unicode Debug|Win32.ActiveCfg = Debug|Any CPU
		{E996BE2D-B07D-472D-9D74-3EA2D48EF269}.Unicode Release MinDependency|Any CPU.ActiveCfg = Release|Any CPU
		{E996BE2D-B07D-472D-9D74-3EA2D48EF269}.Unicode Release MinDependency|Any CPU.Build.0 = Release|Any CPU
		{E996BE2D-B07D-472D-9D74-3EA2D48EF269}.Unicode Release MinDependency|Mixed Platforms.ActiveCfg = Release|Any CPU
		{E996BE2D-B07D-472D-9D74-3EA2D48EF269}.Unicode Release MinDependency|Mixed Platforms.Build.0 = Release|Any CPU
		{E996BE2D-B07D-472D-9D74-3EA2D48EF269}.Unicode Release MinDependency|Win32.ActiveCfg = Release|Any CPU
		{E996BE2D-B07D-472D-9D74-3EA2D48EF269}.Unicode Release MinSize|Any CPU.ActiveCfg = Release|Any CPU
		{E996BE2D-B07D-472D-9D74-3EA2D48EF269}.Unicode Release MinSize|Any CPU.Build.0 = Release|Any CPU
		{E996BE2D-B07D-472D-9D74-3EA2D48EF269}.Unicode Release MinSize|Mixed Platforms.ActiveCfg = Release|Any CPU
		{E996BE2D-B07D-472D-9D74-3EA2D48EF269}.Unicode Release MinSize|Mixed Platforms.Build.0 = Release|Any CPU
		{E996BE2D-B07D-472D-9D74-3EA2D48EF269}.Unicode Release MinSize|Win32.ActiveCfg = Release|Any CPU
		{CF5B22E7-230F-4E50-BE88-C4F7023CED2C}.Debug|Any CPU.ActiveCfg = Debug|Any CPU
		{CF5B22E7-230F-4E50-BE88-C4F7023CED2C}.Debug|Any CPU.Build.0 = Debug|Any CPU
		{CF5B22E7-230F-4E50-BE88-C4F7023CED2C}.Debug|Mixed Platforms.ActiveCfg = Debug|Any CPU
		{CF5B22E7-230F-4E50-BE88-C4F7023CED2C}.Debug|Mixed Platforms.Build.0 = Debug|Any CPU
		{CF5B22E7-230F-4E50-BE88-C4F7023CED2C}.Debug|Win32.ActiveCfg = Debug|Any CPU
		{CF5B22E7-230F-4E50-BE88-C4F7023CED2C}.Release MinDependency|Any CPU.ActiveCfg = Release|Any CPU
		{CF5B22E7-230F-4E50-BE88-C4F7023CED2C}.Release MinDependency|Any CPU.Build.0 = Release|Any CPU
		{CF5B22E7-230F-4E50-BE88-C4F7023CED2C}.Release MinDependency|Mixed Platforms.ActiveCfg = Release|Any CPU
		{CF5B22E7-230F-4E50-BE88-C4F7023CED2C}.Release MinDependency|Mixed Platforms.Build.0 = Release|Any CPU
		{CF5B22E7-230F-4E50-BE88-C4F7023CED2C}.Release MinDependency|Win32.ActiveCfg = Release|Any CPU
		{CF5B22E7-230F-4E50-BE88-C4F7023CED2C}.Release MinSize|Any CPU.ActiveCfg = Release|Any CPU
		{CF5B22E7-230F-4E50-BE88-C4F7023CED2C}.Release MinSize|Any CPU.Build.0 = Release|Any CPU
		{CF5B22E7-230F-4E50-BE88-C4F7023CED2C}.Release MinSize|Mixed Platforms.ActiveCfg = Release|Any CPU
		{CF5B22E7-230F-4E50-BE88-C4F7023CED2C}.Release MinSize|Mixed Platforms.Build.0 = Release|Any CPU
		{CF5B22E7-230F-4E50-BE88-C4F7023CED2C}.Release MinSize|Win32.ActiveCfg = Release|Any CPU
		{CF5B22E7-230F-4E50-BE88-C4F7023CED2C}.Release|Any CPU.ActiveCfg = Release|Any CPU
		{CF5B22E7-230F-4E50-BE88-C4F7023CED2C}.Release|Any CPU.Build.0 = Release|Any CPU
		{CF5B22E7-230F-4E50-BE88-C4F7023CED2C}.Release|Mixed Platforms.ActiveCfg = Release|Any CPU
		{CF5B22E7-230F-4E50-BE88-C4F7023CED2C}.Release|Mixed Platforms.Build.0 = Release|Any CPU
		{CF5B22E7-230F-4E50-BE88-C4F7023CED2C}.Release|Win32.ActiveCfg = Release|Any CPU
		{CF5B22E7-230F-4E50-BE88-C4F7023CED2C}.Unicode Debug|Any CPU.ActiveCfg = Debug|Any CPU
		{CF5B22E7-230F-4E50-BE88-C4F7023CED2C}.Unicode Debug|Any CPU.Build.0 = Debug|Any CPU
		{CF5B22E7-230F-4E50-BE88-C4F7023CED2C}.Unicode Debug|Mixed Platforms.ActiveCfg = Debug|Any CPU
		{CF5B22E7-230F-4E50-BE88-C4F7023CED2C}.Unicode Debug|Mixed Platforms.Build.0 = Debug|Any CPU
		{CF5B22E7-230F-4E50-BE88-C4F7023CED2C}.Unicode Debug|Win32.ActiveCfg = Debug|Any CPU
		{CF5B22E7-230F-4E50-BE88-C4F7023CED2C}.Unicode Release MinDependency|Any CPU.ActiveCfg = Release|Any CPU
		{CF5B22E7-230F-4E50-BE88-C4F7023CED2C}.Unicode Release MinDependency|Any CPU.Build.0 = Release|Any CPU
		{CF5B22E7-230F-4E50-BE88-C4F7023CED2C}.Unicode Release MinDependency|Mixed Platforms.ActiveCfg = Release|Any CPU
		{CF5B22E7-230F-4E50-BE88-C4F7023CED2C}.Unicode Release MinDependency|Mixed Platforms.Build.0 = Release|Any CPU
		{CF5B22E7-230F-4E50-BE88-C4F7023CED2C}.Unicode Release MinDependency|Win32.ActiveCfg = Release|Any CPU
		{CF5B22E7-230F-4E50-BE88-C4F7023CED2C}.Unicode Release MinSize|Any CPU.ActiveCfg = Release|Any CPU
		{CF5B22E7-230F-4E50-BE88-C4F7023CED2C}.Unicode Release MinSize|Any CPU.Build.0 = Release|Any CPU
		{CF5B22E7-230F-4E50-BE88-C4F7023CED2C}.Unicode Release MinSize|Mixed Platforms.ActiveCfg = Release|Any CPU
		{CF5B22E7-230F-4E50-BE88-C4F7023CED2C}.Unicode Release MinSize|Mixed Platforms.Build.0 = Release|Any CPU
		{CF5B22E7-230F-4E50-BE88-C4F7023CED2C}.Unicode Release MinSize|Win32.ActiveCfg = Release|Any CPU
		{AEBEC9EA-5D24-411E-B1AA-858EB0995A49}.Debug|Any CPU.ActiveCfg = Debug
		{AEBEC9EA-5D24-411E-B1AA-858EB0995A49}.Debug|Mixed Platforms.ActiveCfg = Debug
		{AEBEC9EA-5D24-411E-B1AA-858EB0995A49}.Debug|Mixed Platforms.Build.0 = Debug
		{AEBEC9EA-5D24-411E-B1AA-858EB0995A49}.Debug|Win32.ActiveCfg = Debug
		{AEBEC9EA-5D24-411E-B1AA-858EB0995A49}.Debug|Win32.Build.0 = Debug
		{AEBEC9EA-5D24-411E-B1AA-858EB0995A49}.Release MinDependency|Any CPU.ActiveCfg = Release
		{AEBEC9EA-5D24-411E-B1AA-858EB0995A49}.Release MinDependency|Any CPU.Build.0 = Release
		{AEBEC9EA-5D24-411E-B1AA-858EB0995A49}.Release MinDependency|Mixed Platforms.ActiveCfg = Release
		{AEBEC9EA-5D24-411E-B1AA-858EB0995A49}.Release MinDependency|Mixed Platforms.Build.0 = Release
		{AEBEC9EA-5D24-411E-B1AA-858EB0995A49}.Release MinDependency|Win32.ActiveCfg = Release
		{AEBEC9EA-5D24-411E-B1AA-858EB0995A49}.Release MinDependency|Win32.Build.0 = Release
		{AEBEC9EA-5D24-411E-B1AA-858EB0995A49}.Release MinSize|Any CPU.ActiveCfg = Release
		{AEBEC9EA-5D24-411E-B1AA-858EB0995A49}.Release MinSize|Any CPU.Build.0 = Release
		{AEBEC9EA-5D24-411E-B1AA-858EB0995A49}.Release MinSize|Mixed Platforms.ActiveCfg = Release
		{AEBEC9EA-5D24-411E-B1AA-858EB0995A49}.Release MinSize|Mixed Platforms.Build.0 = Release
		{AEBEC9EA-5D24-411E-B1AA-858EB0995A49}.Release MinSize|Win32.ActiveCfg = Release
		{AEBEC9EA-5D24-411E-B1AA-858EB0995A49}.Release MinSize|Win32.Build.0 = Release
		{AEBEC9EA-5D24-411E-B1AA-858EB0995A49}.Release|Any CPU.ActiveCfg = Release
		{AEBEC9EA-5D24-411E-B1AA-858EB0995A49}.Release|Mixed Platforms.ActiveCfg = Release
		{AEBEC9EA-5D24-411E-B1AA-858EB0995A49}.Release|Mixed Platforms.Build.0 = Release
		{AEBEC9EA-5D24-411E-B1AA-858EB0995A49}.Release|Win32.ActiveCfg = Release
		{AEBEC9EA-5D24-411E-B1AA-858EB0995A49}.Release|Win32.Build.0 = Release
		{AEBEC9EA-5D24-411E-B1AA-858EB0995A49}.Unicode Debug|Any CPU.ActiveCfg = Debug
		{AEBEC9EA-5D24-411E-B1AA-858EB0995A49}.Unicode Debug|Any CPU.Build.0 = Debug
		{AEBEC9EA-5D24-411E-B1AA-858EB0995A49}.Unicode Debug|Mixed Platforms.ActiveCfg = Debug
		{AEBEC9EA-5D24-411E-B1AA-858EB0995A49}.Unicode Debug|Mixed Platforms.Build.0 = Debug
		{AEBEC9EA-5D24-411E-B1AA-858EB0995A49}.Unicode Debug|Win32.ActiveCfg = Debug
		{AEBEC9EA-5D24-411E-B1AA-858EB0995A49}.Unicode Debug|Win32.Build.0 = Debug
		{AEBEC9EA-5D24-411E-B1AA-858EB0995A49}.Unicode Release MinDependency|Any CPU.ActiveCfg = Release
		{AEBEC9EA-5D24-411E-B1AA-858EB0995A49}.Unicode Release MinDependency|Any CPU.Build.0 = Release
		{AEBEC9EA-5D24-411E-B1AA-858EB0995A49}.Unicode Release MinDependency|Mixed Platforms.ActiveCfg = Release
		{AEBEC9EA-5D24-411E-B1AA-858EB0995A49}.Unicode Release MinDependency|Mixed Platforms.Build.0 = Release
		{AEBEC9EA-5D24-411E-B1AA-858EB0995A49}.Unicode Release MinDependency|Win32.ActiveCfg = Release
		{AEBEC9EA-5D24-411E-B1AA-858EB0995A49}.Unicode Release MinDependency|Win32.Build.0 = Release
		{AEBEC9EA-5D24-411E-B1AA-858EB0995A49}.Unicode Release MinSize|Any CPU.ActiveCfg = Release
		{AEBEC9EA-5D24-411E-B1AA-858EB0995A49}.Unicode Release MinSize|Any CPU.Build.0 = Release
		{AEBEC9EA-5D24-411E-B1AA-858EB0995A49}.Unicode Release MinSize|Mixed Platforms.ActiveCfg = Release
		{AEBEC9EA-5D24-411E-B1AA-858EB0995A49}.Unicode Release MinSize|Mixed Platforms.Build.0 = Release
		{AEBEC9EA-5D24-411E-B1AA-858EB0995A49}.Unicode Release MinSize|Win32.ActiveCfg = Release
		{AEBEC9EA-5D24-411E-B1AA-858EB0995A49}.Unicode Release MinSize|Win32.Build.0 = Release
		{F15A69AF-7EBD-4F69-A026-5071FA3EC61B}.Debug|Any CPU.ActiveCfg = Debug|Any CPU
		{F15A69AF-7EBD-4F69-A026-5071FA3EC61B}.Debug|Any CPU.Build.0 = Debug|Any CPU
		{F15A69AF-7EBD-4F69-A026-5071FA3EC61B}.Debug|Mixed Platforms.ActiveCfg = Debug|Any CPU
		{F15A69AF-7EBD-4F69-A026-5071FA3EC61B}.Debug|Mixed Platforms.Build.0 = Debug|Any CPU
		{F15A69AF-7EBD-4F69-A026-5071FA3EC61B}.Debug|Win32.ActiveCfg = Debug|Any CPU
		{F15A69AF-7EBD-4F69-A026-5071FA3EC61B}.Release MinDependency|Any CPU.ActiveCfg = Release|Any CPU
		{F15A69AF-7EBD-4F69-A026-5071FA3EC61B}.Release MinDependency|Any CPU.Build.0 = Release|Any CPU
		{F15A69AF-7EBD-4F69-A026-5071FA3EC61B}.Release MinDependency|Mixed Platforms.ActiveCfg = Release|Any CPU
		{F15A69AF-7EBD-4F69-A026-5071FA3EC61B}.Release MinDependency|Mixed Platforms.Build.0 = Release|Any CPU
		{F15A69AF-7EBD-4F69-A026-5071FA3EC61B}.Release MinDependency|Win32.ActiveCfg = Release|Any CPU
		{F15A69AF-7EBD-4F69-A026-5071FA3EC61B}.Release MinSize|Any CPU.ActiveCfg = Release|Any CPU
		{F15A69AF-7EBD-4F69-A026-5071FA3EC61B}.Release MinSize|Any CPU.Build.0 = Release|Any CPU
		{F15A69AF-7EBD-4F69-A026-5071FA3EC61B}.Release MinSize|Mixed Platforms.ActiveCfg = Release|Any CPU
		{F15A69AF-7EBD-4F69-A026-5071FA3EC61B}.Release MinSize|Mixed Platforms.Build.0 = Release|Any CPU
		{F15A69AF-7EBD-4F69-A026-5071FA3EC61B}.Release MinSize|Win32.ActiveCfg = Release|Any CPU
		{F15A69AF-7EBD-4F69-A026-5071FA3EC61B}.Release|Any CPU.ActiveCfg = Release|Any CPU
		{F15A69AF-7EBD-4F69-A026-5071FA3EC61B}.Release|Any CPU.Build.0 = Release|Any CPU
		{F15A69AF-7EBD-4F69-A026-5071FA3EC61B}.Release|Mixed Platforms.ActiveCfg = Release|Any CPU
		{F15A69AF-7EBD-4F69-A026-5071FA3EC61B}.Release|Mixed Platforms.Build.0 = Release|Any CPU
		{F15A69AF-7EBD-4F69-A026-5071FA3EC61B}.Release|Win32.ActiveCfg = Release|Any CPU
		{F15A69AF-7EBD-4F69-A026-5071FA3EC61B}.Unicode Debug|Any CPU.ActiveCfg = Debug|Any CPU
		{F15A69AF-7EBD-4F69-A026-5071FA3EC61B}.Unicode Debug|Any CPU.Build.0 = Debug|Any CPU
		{F15A69AF-7EBD-4F69-A026-5071FA3EC61B}.Unicode Debug|Mixed Platforms.ActiveCfg = Debug|Any CPU
		{F15A69AF-7EBD-4F69-A026-5071FA3EC61B}.Unicode Debug|Mixed Platforms.Build.0 = Debug|Any CPU
		{F15A69AF-7EBD-4F69-A026-5071FA3EC61B}.Unicode Debug|Win32.ActiveCfg = Debug|Any CPU
		{F15A69AF-7EBD-4F69-A026-5071FA3EC61B}.Unicode Release MinDependency|Any CPU.ActiveCfg = Release|Any CPU
		{F15A69AF-7EBD-4F69-A026-5071FA3EC61B}.Unicode Release MinDependency|Any CPU.Build.0 = Release|Any CPU
		{F15A69AF-7EBD-4F69-A026-5071FA3EC61B}.Unicode Release MinDependency|Mixed Platforms.ActiveCfg = Release|Any CPU
		{F15A69AF-7EBD-4F69-A026-5071FA3EC61B}.Unicode Release MinDependency|Mixed Platforms.Build.0 = Release|Any CPU
		{F15A69AF-7EBD-4F69-A026-5071FA3EC61B}.Unicode Release MinDependency|Win32.ActiveCfg = Release|Any CPU
		{F15A69AF-7EBD-4F69-A026-5071FA3EC61B}.Unicode Release MinSize|Any CPU.ActiveCfg = Release|Any CPU
		{F15A69AF-7EBD-4F69-A026-5071FA3EC61B}.Unicode Release MinSize|Any CPU.Build.0 = Release|Any CPU
		{F15A69AF-7EBD-4F69-A026-5071FA3EC61B}.Unicode Release MinSize|Mixed Platforms.ActiveCfg = Release|Any CPU
		{F15A69AF-7EBD-4F69-A026-5071FA3EC61B}.Unicode Release MinSize|Mixed Platforms.Build.0 = Release|Any CPU
		{F15A69AF-7EBD-4F69-A026-5071FA3EC61B}.Unicode Release MinSize|Win32.ActiveCfg = Release|Any CPU
		{BBE7B8AD-D175-4679-A614-38BFF28B0269}.Debug|Any CPU.ActiveCfg = Debug|Win32
		{BBE7B8AD-D175-4679-A614-38BFF28B0269}.Debug|Mixed Platforms.ActiveCfg = Debug|Win32
		{BBE7B8AD-D175-4679-A614-38BFF28B0269}.Debug|Mixed Platforms.Build.0 = Debug|Win32
		{BBE7B8AD-D175-4679-A614-38BFF28B0269}.Debug|Win32.ActiveCfg = Debug|Win32
		{BBE7B8AD-D175-4679-A614-38BFF28B0269}.Debug|Win32.Build.0 = Debug|Win32
		{BBE7B8AD-D175-4679-A614-38BFF28B0269}.Release MinDependency|Any CPU.ActiveCfg = Release MinDependency|Win32
		{BBE7B8AD-D175-4679-A614-38BFF28B0269}.Release MinDependency|Mixed Platforms.ActiveCfg = Release MinDependency|Win32
		{BBE7B8AD-D175-4679-A614-38BFF28B0269}.Release MinDependency|Mixed Platforms.Build.0 = Release MinDependency|Win32
		{BBE7B8AD-D175-4679-A614-38BFF28B0269}.Release MinDependency|Win32.ActiveCfg = Release MinDependency|Win32
		{BBE7B8AD-D175-4679-A614-38BFF28B0269}.Release MinDependency|Win32.Build.0 = Release MinDependency|Win32
		{BBE7B8AD-D175-4679-A614-38BFF28B0269}.Release MinSize|Any CPU.ActiveCfg = Release MinSize|Win32
		{BBE7B8AD-D175-4679-A614-38BFF28B0269}.Release MinSize|Mixed Platforms.ActiveCfg = Release MinSize|Win32
		{BBE7B8AD-D175-4679-A614-38BFF28B0269}.Release MinSize|Mixed Platforms.Build.0 = Release MinSize|Win32
		{BBE7B8AD-D175-4679-A614-38BFF28B0269}.Release MinSize|Win32.ActiveCfg = Release MinSize|Win32
		{BBE7B8AD-D175-4679-A614-38BFF28B0269}.Release MinSize|Win32.Build.0 = Release MinSize|Win32
		{BBE7B8AD-D175-4679-A614-38BFF28B0269}.Release|Any CPU.ActiveCfg = Release MinDependency|Win32
		{BBE7B8AD-D175-4679-A614-38BFF28B0269}.Release|Mixed Platforms.ActiveCfg = Release MinDependency|Win32
		{BBE7B8AD-D175-4679-A614-38BFF28B0269}.Release|Mixed Platforms.Build.0 = Release MinDependency|Win32
		{BBE7B8AD-D175-4679-A614-38BFF28B0269}.Release|Win32.ActiveCfg = Release MinDependency|Win32
		{BBE7B8AD-D175-4679-A614-38BFF28B0269}.Release|Win32.Build.0 = Release MinDependency|Win32
		{BBE7B8AD-D175-4679-A614-38BFF28B0269}.Unicode Debug|Any CPU.ActiveCfg = Unicode Debug|Win32
		{BBE7B8AD-D175-4679-A614-38BFF28B0269}.Unicode Debug|Mixed Platforms.ActiveCfg = Unicode Debug|Win32
		{BBE7B8AD-D175-4679-A614-38BFF28B0269}.Unicode Debug|Mixed Platforms.Build.0 = Unicode Debug|Win32
		{BBE7B8AD-D175-4679-A614-38BFF28B0269}.Unicode Debug|Win32.ActiveCfg = Unicode Debug|Win32
		{BBE7B8AD-D175-4679-A614-38BFF28B0269}.Unicode Debug|Win32.Build.0 = Unicode Debug|Win32
		{BBE7B8AD-D175-4679-A614-38BFF28B0269}.Unicode Release MinDependency|Any CPU.ActiveCfg = Unicode Release MinDependency|Win32
		{BBE7B8AD-D175-4679-A614-38BFF28B0269}.Unicode Release MinDependency|Mixed Platforms.ActiveCfg = Unicode Release MinDependency|Win32
		{BBE7B8AD-D175-4679-A614-38BFF28B0269}.Unicode Release MinDependency|Mixed Platforms.Build.0 = Unicode Release MinDependency|Win32
		{BBE7B8AD-D175-4679-A614-38BFF28B0269}.Unicode Release MinDependency|Win32.ActiveCfg = Unicode Release MinDependency|Win32
		{BBE7B8AD-D175-4679-A614-38BFF28B0269}.Unicode Release MinDependency|Win32.Build.0 = Unicode Release MinDependency|Win32
		{BBE7B8AD-D175-4679-A614-38BFF28B0269}.Unicode Release MinSize|Any CPU.ActiveCfg = Unicode Release MinSize|Win32
		{BBE7B8AD-D175-4679-A614-38BFF28B0269}.Unicode Release MinSize|Mixed Platforms.ActiveCfg = Unicode Release MinSize|Win32
		{BBE7B8AD-D175-4679-A614-38BFF28B0269}.Unicode Release MinSize|Mixed Platforms.Build.0 = Unicode Release MinSize|Win32
		{BBE7B8AD-D175-4679-A614-38BFF28B0269}.Unicode Release MinSize|Win32.ActiveCfg = Unicode Release MinSize|Win32
		{BBE7B8AD-D175-4679-A614-38BFF28B0269}.Unicode Release MinSize|Win32.Build.0 = Unicode Release MinSize|Win32
		{65BAE751-3722-4D9C-813F-114AC0EC0B56}.Debug|Any CPU.ActiveCfg = Debug
		{65BAE751-3722-4D9C-813F-114AC0EC0B56}.Debug|Any CPU.Build.0 = Debug
		{65BAE751-3722-4D9C-813F-114AC0EC0B56}.Debug|Mixed Platforms.ActiveCfg = Debug
		{65BAE751-3722-4D9C-813F-114AC0EC0B56}.Debug|Mixed Platforms.Build.0 = Debug
		{65BAE751-3722-4D9C-813F-114AC0EC0B56}.Debug|Win32.ActiveCfg = Debug
		{65BAE751-3722-4D9C-813F-114AC0EC0B56}.Debug|Win32.Build.0 = Debug
		{65BAE751-3722-4D9C-813F-114AC0EC0B56}.Release MinDependency|Any CPU.ActiveCfg = Release
		{65BAE751-3722-4D9C-813F-114AC0EC0B56}.Release MinDependency|Any CPU.Build.0 = Release
		{65BAE751-3722-4D9C-813F-114AC0EC0B56}.Release MinDependency|Mixed Platforms.ActiveCfg = Release
		{65BAE751-3722-4D9C-813F-114AC0EC0B56}.Release MinDependency|Mixed Platforms.Build.0 = Release
		{65BAE751-3722-4D9C-813F-114AC0EC0B56}.Release MinDependency|Win32.ActiveCfg = Release
		{65BAE751-3722-4D9C-813F-114AC0EC0B56}.Release MinDependency|Win32.Build.0 = Release
		{65BAE751-3722-4D9C-813F-114AC0EC0B56}.Release MinSize|Any CPU.ActiveCfg = Release
		{65BAE751-3722-4D9C-813F-114AC0EC0B56}.Release MinSize|Any CPU.Build.0 = Release
		{65BAE751-3722-4D9C-813F-114AC0EC0B56}.Release MinSize|Mixed Platforms.ActiveCfg = Release
		{65BAE751-3722-4D9C-813F-114AC0EC0B56}.Release MinSize|Mixed Platforms.Build.0 = Release
		{65BAE751-3722-4D9C-813F-114AC0EC0B56}.Release MinSize|Win32.ActiveCfg = Release
		{65BAE751-3722-4D9C-813F-114AC0EC0B56}.Release MinSize|Win32.Build.0 = Release
		{65BAE751-3722-4D9C-813F-114AC0EC0B56}.Release|Any CPU.ActiveCfg = Release
		{65BAE751-3722-4D9C-813F-114AC0EC0B56}.Release|Any CPU.Build.0 = Release
		{65BAE751-3722-4D9C-813F-114AC0EC0B56}.Release|Mixed Platforms.ActiveCfg = Release
		{65BAE751-3722-4D9C-813F-114AC0EC0B56}.Release|Mixed Platforms.Build.0 = Release
		{65BAE751-3722-4D9C-813F-114AC0EC0B56}.Release|Win32.ActiveCfg = Release
		{65BAE751-3722-4D9C-813F-114AC0EC0B56}.Release|Win32.Build.0 = Release
		{65BAE751-3722-4D9C-813F-114AC0EC0B56}.Unicode Debug|Any CPU.ActiveCfg = Debug
		{65BAE751-3722-4D9C-813F-114AC0EC0B56}.Unicode Debug|Any CPU.Build.0 = Debug
		{65BAE751-3722-4D9C-813F-114AC0EC0B56}.Unicode Debug|Mixed Platforms.ActiveCfg = Debug
		{65BAE751-3722-4D9C-813F-114AC0EC0B56}.Unicode Debug|Mixed Platforms.Build.0 = Debug
		{65BAE751-3722-4D9C-813F-114AC0EC0B56}.Unicode Debug|Win32.ActiveCfg = Debug
		{65BAE751-3722-4D9C-813F-114AC0EC0B56}.Unicode Debug|Win32.Build.0 = Debug
		{65BAE751-3722-4D9C-813F-114AC0EC0B56}.Unicode Release MinDependency|Any CPU.ActiveCfg = Release
		{65BAE751-3722-4D9C-813F-114AC0EC0B56}.Unicode Release MinDependency|Any CPU.Build.0 = Release
		{65BAE751-3722-4D9C-813F-114AC0EC0B56}.Unicode Release MinDependency|Mixed Platforms.ActiveCfg = Release
		{65BAE751-3722-4D9C-813F-114AC0EC0B56}.Unicode Release MinDependency|Mixed Platforms.Build.0 = Release
		{65BAE751-3722-4D9C-813F-114AC0EC0B56}.Unicode Release MinDependency|Win32.ActiveCfg = Release
		{65BAE751-3722-4D9C-813F-114AC0EC0B56}.Unicode Release MinDependency|Win32.Build.0 = Release
		{65BAE751-3722-4D9C-813F-114AC0EC0B56}.Unicode Release MinSize|Any CPU.ActiveCfg = Release
		{65BAE751-3722-4D9C-813F-114AC0EC0B56}.Unicode Release MinSize|Any CPU.Build.0 = Release
		{65BAE751-3722-4D9C-813F-114AC0EC0B56}.Unicode Release MinSize|Mixed Platforms.ActiveCfg = Release
		{65BAE751-3722-4D9C-813F-114AC0EC0B56}.Unicode Release MinSize|Mixed Platforms.Build.0 = Release
		{65BAE751-3722-4D9C-813F-114AC0EC0B56}.Unicode Release MinSize|Win32.ActiveCfg = Release
		{65BAE751-3722-4D9C-813F-114AC0EC0B56}.Unicode Release MinSize|Win32.Build.0 = Release
	EndGlobalSection
	GlobalSection(SolutionProperties) = preSolution
		HideSolutionNode = FALSE
	EndGlobalSection
EndGlobal
